// !$*UTF8*$!
{
	archiveVersion = 1;
	classes = {
	};
	objectVersion = 54;
	objects = {

/* Begin PBXBuildFile section */
		13B07FBF1A68108700A75B9A /* Images.xcassets in Resources */ = {isa = PBXBuildFile; fileRef = 13B07FB51A68108700A75B9A /* Images.xcassets */; };
		1AC2455DCAC74330A2F5958D /* dreameaters.ttf in Resources */ = {isa = PBXBuildFile; fileRef = 89B30B453127408A8D0B4D0E /* dreameaters.ttf */; };
		1D782664A7304969AF6288DF /* GoogleService-Info.plist in Resources */ = {isa = PBXBuildFile; fileRef = 737E6285596945F5BE6B2A73 /* GoogleService-Info.plist */; };
		1E59D3B6B280446AB4D8803F /* Alegreya-Regular.ttf in Resources */ = {isa = PBXBuildFile; fileRef = C5D9E04BA4A9415FBD02A1E5 /* Alegreya-Regular.ttf */; };
		270AA55FEE1C4F7CA784941B /* Alegreya-Bold.ttf in Resources */ = {isa = PBXBuildFile; fileRef = 2F9CED5D6AE9416095A4ED19 /* Alegreya-Bold.ttf */; };
		2AE005189E3642049A10E063 /* standalone.ttf in Resources */ = {isa = PBXBuildFile; fileRef = 22EDEDE418264D6E93F4D8FF /* standalone.ttf */; };
		352CFA96B54A4DF0808B3910 /* circle.ttf in Resources */ = {isa = PBXBuildFile; fileRef = 763EBD687DA8456991E9A489 /* circle.ttf */; };
		36285F705A8148158EA79333 /* alice.ttf in Resources */ = {isa = PBXBuildFile; fileRef = B5A954944B77458EB5777335 /* alice.ttf */; };
		38FD34D81D9947C692442A22 /* DMSerifDisplay-Italic.ttf in Resources */ = {isa = PBXBuildFile; fileRef = 5606CF99511A46898901EDAF /* DMSerifDisplay-Italic.ttf */; };
		3A53B528B59744BCA9234197 /* oz.ttf in Resources */ = {isa = PBXBuildFile; fileRef = 50951D0DDB7A4C2FB0204CF3 /* oz.ttf */; };
		3AC0AB0B7F554B2796A5AD3C /* TT2020StyleE-Regular.ttf in Resources */ = {isa = PBXBuildFile; fileRef = CAAA3BEE6CC24AE980B90702 /* TT2020StyleE-Regular.ttf */; };
		3C860A5586154095A3124CAC /* carcosa.ttf in Resources */ = {isa = PBXBuildFile; fileRef = F8BE350B28F548579FB6EA8C /* carcosa.ttf */; };
		3E461D99554A48A4959DE609 /* SplashScreen.storyboard in Resources */ = {isa = PBXBuildFile; fileRef = AA286B85B6C04FC6940260E9 /* SplashScreen.storyboard */; };
		41C354DE2BAB45989FDFF453 /* hemlock.ttf in Resources */ = {isa = PBXBuildFile; fileRef = 87012A0ED3C3469891200C0B /* hemlock.ttf */; };
		46E10712FD5B4E4EA5F60C9F /* Alegreya-ExtraBold.ttf in Resources */ = {isa = PBXBuildFile; fileRef = 5E8B1E90AA684375896974F4 /* Alegreya-ExtraBold.ttf */; };
		4986C3500FB847C6A1D58D17 /* Alegreya-ExtraBoldItalic.ttf in Resources */ = {isa = PBXBuildFile; fileRef = E6C36A036E09463F8F2463F5 /* Alegreya-ExtraBoldItalic.ttf */; };
		49BA3DA754734228820A46EF /* cost.ttf in Resources */ = {isa = PBXBuildFile; fileRef = BE8C9F4E063F4C84B4B41055 /* cost.ttf */; };
		4C43A97929554E2A9671BE9E /* cardicons.ttf in Resources */ = {isa = PBXBuildFile; fileRef = 01829B01BF0F4A4DBF7805AC /* cardicons.ttf */; };
		5017E2CFD93348A39E25FFB7 /* Alegreya-Medium.ttf in Resources */ = {isa = PBXBuildFile; fileRef = 8FFC8D7238D54339B8FEF0A5 /* Alegreya-Medium.ttf */; };
		53B6215D10364470A7BB06A8 /* Arkhamic.ttf in Resources */ = {isa = PBXBuildFile; fileRef = 6107F06DE5ED486184B5FCE3 /* Arkhamic.ttf */; };
		5952DB0793CA4E4AADCBB8AF /* circusexmortis.ttf in Resources */ = {isa = PBXBuildFile; fileRef = 72C13CB502174F838A34D929 /* circusexmortis.ttf */; };
		59578D81821F401FA62E6CE1 /* dark_matter.ttf in Resources */ = {isa = PBXBuildFile; fileRef = 839A4F7FEF5B48008B9966AC /* dark_matter.ttf */; };
		5B815D0712C546A4A4853D88 /* scarlet.ttf in Resources */ = {isa = PBXBuildFile; fileRef = 644A3E21A9E74118AFEE8E06 /* scarlet.ttf */; };
		5E7A14230C8140D08C17A5FC /* arkhamicons.ttf in Resources */ = {isa = PBXBuildFile; fileRef = 868C9E6A135D4DD59B004E7C /* arkhamicons.ttf */; };
		6F7B375376D84BD19A858A0B /* tokens.ttf in Resources */ = {isa = PBXBuildFile; fileRef = 38EDC89F47B346F0BD7C3FA4 /* tokens.ttf */; };
		70CC33305A984CA2B0D21DED /* ages.ttf in Resources */ = {isa = PBXBuildFile; fileRef = 89241E4B7C764223B9353F29 /* ages.ttf */; };
		81F73434EBEF403BA0626C4D /* edge.ttf in Resources */ = {isa = PBXBuildFile; fileRef = BC48C0968525490297DCCE15 /* edge.ttf */; };
		8F9BE029D5934F3A9BB21B40 /* arkhamslim.ttf in Resources */ = {isa = PBXBuildFile; fileRef = F9DA0B86218E4957A73D6ABD /* arkhamslim.ttf */; };
		942470BDB7AC463795B7C02F /* forgotten.ttf in Resources */ = {isa = PBXBuildFile; fileRef = AC7BE3C676834308B5C662BC /* forgotten.ttf */; };
		99F589ACF6254512A309D74E /* coreset.ttf in Resources */ = {isa = PBXBuildFile; fileRef = 443E00D9EF9D4A30A370AD43 /* coreset.ttf */; };
		9EA11059486943789377C139 /* innsmouth.ttf in Resources */ = {isa = PBXBuildFile; fileRef = 6593AAB7A9064ACBAB4BBB5B /* innsmouth.ttf */; };
		A07E11FAF6AF968145B93D77 /* Pods_ArkhamCards.framework in Frameworks */ = {isa = PBXBuildFile; fileRef = 435D95259A6B8E788BE97D3F /* Pods_ArkhamCards.framework */; };
		A1DD35DE8C6540BB9199D797 /* Teutonic.ttf in Resources */ = {isa = PBXBuildFile; fileRef = 5EBF8C9AC93D4D68966FBA9A /* Teutonic.ttf */; };
		AB2B00AADD7F465BA84128D7 /* app.ttf in Resources */ = {isa = PBXBuildFile; fileRef = 14678E874B8043F280B39716 /* app.ttf */; };
		AF28A61D782E4C78AAEBD4D3 /* cyclopean.ttf in Resources */ = {isa = PBXBuildFile; fileRef = 6F80DCCD9CD94899ACE46E5B /* cyclopean.ttf */; };
		B0362AFF56484D20B7F6A17B /* DMSerifDisplay-Regular.ttf in Resources */ = {isa = PBXBuildFile; fileRef = 09C71A3B7CF14DB4A64DBDC6 /* DMSerifDisplay-Regular.ttf */; };
		B4DE3F0EE7E047EB99112AAA /* Conkordia.ttf in Resources */ = {isa = PBXBuildFile; fileRef = 9542009F553D4952BA396205 /* Conkordia.ttf */; };
		BAAB4E6320E4473DA8AB99CE /* AboutDead.ttf in Resources */ = {isa = PBXBuildFile; fileRef = 54B0017605BD4A39829B5D57 /* AboutDead.ttf */; };
		BB2F792D24A3F905000567C9 /* Expo.plist in Resources */ = {isa = PBXBuildFile; fileRef = BB2F792C24A3F905000567C9 /* Expo.plist */; };
		C05BF49E9B9B4483B5E582BA /* Alegreya-MediumItalic.ttf in Resources */ = {isa = PBXBuildFile; fileRef = BDF5A235A3084C7FB016FD0E /* Alegreya-MediumItalic.ttf */; };
		CA0A2B415BAE43E2B23C6CB9 /* AnkeCalligraphicFG.ttf in Resources */ = {isa = PBXBuildFile; fileRef = E74CC6D1DA00415091DC7690 /* AnkeCalligraphicFG.ttf */; };
		D5D0EBD2048C41ECB0D666C9 /* Alegreya-Italic.ttf in Resources */ = {isa = PBXBuildFile; fileRef = D47161D885D640FAAE143B74 /* Alegreya-Italic.ttf */; };
		D605DFC44E3C47A9BA14CB48 /* dunwich.ttf in Resources */ = {isa = PBXBuildFile; fileRef = 8BC4D3AC57B645F0B2C8B63C /* dunwich.ttf */; };
		D7C5295B9C10415F9335ECF6 /* Teutonic RU.ttf in Resources */ = {isa = PBXBuildFile; fileRef = D429DD5A23E94869B1AD6C59 /* Teutonic RU.ttf */; };
		D831ECD1AC539C853B633BF7 /* ExpoModulesProvider.swift in Sources */ = {isa = PBXBuildFile; fileRef = DA39A8EF49B18399B21097C9 /* ExpoModulesProvider.swift */; };
		E45B1BE1B3E344139231F423 /* Caveat.ttf in Resources */ = {isa = PBXBuildFile; fileRef = 2C6AC978203942DD82C367AC /* Caveat.ttf */; };
		E50B0B64F0C848608A2E971E /* drowned.ttf in Resources */ = {isa = PBXBuildFile; fileRef = 870390BB108A427380D52220 /* drowned.ttf */; };
		E63179BE9B1546979FDEC431 /* Alegreya-BoldItalic.ttf in Resources */ = {isa = PBXBuildFile; fileRef = CD5A6825B8B74964BCA1FBD9 /* Alegreya-BoldItalic.ttf */; };
		E6C00165B631EA0DFC5897D3 /* PrivacyInfo.xcprivacy in Resources */ = {isa = PBXBuildFile; fileRef = 261E72B7823D617937E6AE8D /* PrivacyInfo.xcprivacy */; };
		EE1EE1DAB5274E169A6ACBCB /* AlegreyaSC-Medium.ttf in Resources */ = {isa = PBXBuildFile; fileRef = 492B830C16C845169BC63578 /* AlegreyaSC-Medium.ttf */; };
		F11748422D0307B40044C1D9 /* AppDelegate.swift in Sources */ = {isa = PBXBuildFile; fileRef = F11748412D0307B40044C1D9 /* AppDelegate.swift */; };
/* End PBXBuildFile section */

/* Begin PBXFileReference section */
		01829B01BF0F4A4DBF7805AC /* cardicons.ttf */ = {isa = PBXFileReference; explicitFileType = undefined; fileEncoding = undefined; includeInIndex = 0; lastKnownFileType = unknown; name = cardicons.ttf; path = ../assets/cardicons.ttf; sourceTree = "<group>"; };
		09C71A3B7CF14DB4A64DBDC6 /* DMSerifDisplay-Regular.ttf */ = {isa = PBXFileReference; explicitFileType = undefined; fileEncoding = undefined; includeInIndex = 0; lastKnownFileType = unknown; name = "DMSerifDisplay-Regular.ttf"; path = "../assets/DMSerifDisplay-Regular.ttf"; sourceTree = "<group>"; };
		13B07F961A680F5B00A75B9A /* ArkhamCards.app */ = {isa = PBXFileReference; explicitFileType = wrapper.application; includeInIndex = 0; path = ArkhamCards.app; sourceTree = BUILT_PRODUCTS_DIR; };
		13B07FB51A68108700A75B9A /* Images.xcassets */ = {isa = PBXFileReference; lastKnownFileType = folder.assetcatalog; name = Images.xcassets; path = ArkhamCards/Images.xcassets; sourceTree = "<group>"; };
		13B07FB61A68108700A75B9A /* Info.plist */ = {isa = PBXFileReference; fileEncoding = 4; lastKnownFileType = text.plist.xml; name = Info.plist; path = ArkhamCards/Info.plist; sourceTree = "<group>"; };
		14678E874B8043F280B39716 /* app.ttf */ = {isa = PBXFileReference; explicitFileType = undefined; fileEncoding = undefined; includeInIndex = 0; lastKnownFileType = unknown; name = app.ttf; path = ../assets/app.ttf; sourceTree = "<group>"; };
		22EDEDE418264D6E93F4D8FF /* standalone.ttf */ = {isa = PBXFileReference; explicitFileType = undefined; fileEncoding = undefined; includeInIndex = 0; lastKnownFileType = unknown; name = standalone.ttf; path = ../assets/standalone.ttf; sourceTree = "<group>"; };
		261E72B7823D617937E6AE8D /* PrivacyInfo.xcprivacy */ = {isa = PBXFileReference; includeInIndex = 1; name = PrivacyInfo.xcprivacy; path = ArkhamCards/PrivacyInfo.xcprivacy; sourceTree = "<group>"; };
		2C6AC978203942DD82C367AC /* Caveat.ttf */ = {isa = PBXFileReference; explicitFileType = undefined; fileEncoding = undefined; includeInIndex = 0; lastKnownFileType = unknown; name = Caveat.ttf; path = ../assets/Caveat.ttf; sourceTree = "<group>"; };
		2F9CED5D6AE9416095A4ED19 /* Alegreya-Bold.ttf */ = {isa = PBXFileReference; explicitFileType = undefined; fileEncoding = undefined; includeInIndex = 0; lastKnownFileType = unknown; name = "Alegreya-Bold.ttf"; path = "../assets/Alegreya-Bold.ttf"; sourceTree = "<group>"; };
		38EDC89F47B346F0BD7C3FA4 /* tokens.ttf */ = {isa = PBXFileReference; explicitFileType = undefined; fileEncoding = undefined; includeInIndex = 0; lastKnownFileType = unknown; name = tokens.ttf; path = ../assets/tokens.ttf; sourceTree = "<group>"; };
		435D95259A6B8E788BE97D3F /* Pods_ArkhamCards.framework */ = {isa = PBXFileReference; explicitFileType = wrapper.framework; includeInIndex = 0; path = Pods_ArkhamCards.framework; sourceTree = BUILT_PRODUCTS_DIR; };
		443E00D9EF9D4A30A370AD43 /* coreset.ttf */ = {isa = PBXFileReference; explicitFileType = undefined; fileEncoding = undefined; includeInIndex = 0; lastKnownFileType = unknown; name = coreset.ttf; path = ../assets/coreset.ttf; sourceTree = "<group>"; };
		492B830C16C845169BC63578 /* AlegreyaSC-Medium.ttf */ = {isa = PBXFileReference; explicitFileType = undefined; fileEncoding = undefined; includeInIndex = 0; lastKnownFileType = unknown; name = "AlegreyaSC-Medium.ttf"; path = "../assets/AlegreyaSC-Medium.ttf"; sourceTree = "<group>"; };
		50951D0DDB7A4C2FB0204CF3 /* oz.ttf */ = {isa = PBXFileReference; explicitFileType = undefined; fileEncoding = undefined; includeInIndex = 0; lastKnownFileType = unknown; name = oz.ttf; path = ../assets/oz.ttf; sourceTree = "<group>"; };
		54B0017605BD4A39829B5D57 /* AboutDead.ttf */ = {isa = PBXFileReference; explicitFileType = undefined; fileEncoding = undefined; includeInIndex = 0; lastKnownFileType = unknown; name = AboutDead.ttf; path = ../assets/AboutDead.ttf; sourceTree = "<group>"; };
		5606CF99511A46898901EDAF /* DMSerifDisplay-Italic.ttf */ = {isa = PBXFileReference; explicitFileType = undefined; fileEncoding = undefined; includeInIndex = 0; lastKnownFileType = unknown; name = "DMSerifDisplay-Italic.ttf"; path = "../assets/DMSerifDisplay-Italic.ttf"; sourceTree = "<group>"; };
		5E8B1E90AA684375896974F4 /* Alegreya-ExtraBold.ttf */ = {isa = PBXFileReference; explicitFileType = undefined; fileEncoding = undefined; includeInIndex = 0; lastKnownFileType = unknown; name = "Alegreya-ExtraBold.ttf"; path = "../assets/Alegreya-ExtraBold.ttf"; sourceTree = "<group>"; };
		5EBF8C9AC93D4D68966FBA9A /* Teutonic.ttf */ = {isa = PBXFileReference; explicitFileType = undefined; fileEncoding = undefined; includeInIndex = 0; lastKnownFileType = unknown; name = Teutonic.ttf; path = ../assets/Teutonic.ttf; sourceTree = "<group>"; };
		6107F06DE5ED486184B5FCE3 /* Arkhamic.ttf */ = {isa = PBXFileReference; explicitFileType = undefined; fileEncoding = undefined; includeInIndex = 0; lastKnownFileType = unknown; name = Arkhamic.ttf; path = ../assets/Arkhamic.ttf; sourceTree = "<group>"; };
		644A3E21A9E74118AFEE8E06 /* scarlet.ttf */ = {isa = PBXFileReference; explicitFileType = undefined; fileEncoding = undefined; includeInIndex = 0; lastKnownFileType = unknown; name = scarlet.ttf; path = ../assets/scarlet.ttf; sourceTree = "<group>"; };
		6593AAB7A9064ACBAB4BBB5B /* innsmouth.ttf */ = {isa = PBXFileReference; explicitFileType = undefined; fileEncoding = undefined; includeInIndex = 0; lastKnownFileType = unknown; name = innsmouth.ttf; path = ../assets/innsmouth.ttf; sourceTree = "<group>"; };
		6F80DCCD9CD94899ACE46E5B /* cyclopean.ttf */ = {isa = PBXFileReference; explicitFileType = undefined; fileEncoding = undefined; includeInIndex = 0; lastKnownFileType = unknown; name = cyclopean.ttf; path = ../assets/cyclopean.ttf; sourceTree = "<group>"; };
		72C13CB502174F838A34D929 /* circusexmortis.ttf */ = {isa = PBXFileReference; explicitFileType = undefined; fileEncoding = undefined; includeInIndex = 0; lastKnownFileType = unknown; name = circusexmortis.ttf; path = ../assets/circusexmortis.ttf; sourceTree = "<group>"; };
		737E6285596945F5BE6B2A73 /* GoogleService-Info.plist */ = {isa = PBXFileReference; explicitFileType = undefined; fileEncoding = 4; includeInIndex = 0; lastKnownFileType = text.plist.xml; name = "GoogleService-Info.plist"; path = "ArkhamCards/GoogleService-Info.plist"; sourceTree = "<group>"; };
		763EBD687DA8456991E9A489 /* circle.ttf */ = {isa = PBXFileReference; explicitFileType = undefined; fileEncoding = undefined; includeInIndex = 0; lastKnownFileType = unknown; name = circle.ttf; path = ../assets/circle.ttf; sourceTree = "<group>"; };
		816869DB2428A3C8C0755070 /* Pods-ArkhamCards.release.xcconfig */ = {isa = PBXFileReference; includeInIndex = 1; lastKnownFileType = text.xcconfig; name = "Pods-ArkhamCards.release.xcconfig"; path = "Target Support Files/Pods-ArkhamCards/Pods-ArkhamCards.release.xcconfig"; sourceTree = "<group>"; };
		839A4F7FEF5B48008B9966AC /* dark_matter.ttf */ = {isa = PBXFileReference; explicitFileType = undefined; fileEncoding = undefined; includeInIndex = 0; lastKnownFileType = unknown; name = dark_matter.ttf; path = ../assets/dark_matter.ttf; sourceTree = "<group>"; };
		868C9E6A135D4DD59B004E7C /* arkhamicons.ttf */ = {isa = PBXFileReference; explicitFileType = undefined; fileEncoding = undefined; includeInIndex = 0; lastKnownFileType = unknown; name = arkhamicons.ttf; path = ../assets/arkhamicons.ttf; sourceTree = "<group>"; };
		87012A0ED3C3469891200C0B /* hemlock.ttf */ = {isa = PBXFileReference; explicitFileType = undefined; fileEncoding = undefined; includeInIndex = 0; lastKnownFileType = unknown; name = hemlock.ttf; path = ../assets/hemlock.ttf; sourceTree = "<group>"; };
		870390BB108A427380D52220 /* drowned.ttf */ = {isa = PBXFileReference; explicitFileType = undefined; fileEncoding = undefined; includeInIndex = 0; lastKnownFileType = unknown; name = drowned.ttf; path = ../assets/drowned.ttf; sourceTree = "<group>"; };
		89241E4B7C764223B9353F29 /* ages.ttf */ = {isa = PBXFileReference; explicitFileType = undefined; fileEncoding = undefined; includeInIndex = 0; lastKnownFileType = unknown; name = ages.ttf; path = ../assets/ages.ttf; sourceTree = "<group>"; };
		89B30B453127408A8D0B4D0E /* dreameaters.ttf */ = {isa = PBXFileReference; explicitFileType = undefined; fileEncoding = undefined; includeInIndex = 0; lastKnownFileType = unknown; name = dreameaters.ttf; path = ../assets/dreameaters.ttf; sourceTree = "<group>"; };
		8BC4D3AC57B645F0B2C8B63C /* dunwich.ttf */ = {isa = PBXFileReference; explicitFileType = undefined; fileEncoding = undefined; includeInIndex = 0; lastKnownFileType = unknown; name = dunwich.ttf; path = ../assets/dunwich.ttf; sourceTree = "<group>"; };
		8FFC8D7238D54339B8FEF0A5 /* Alegreya-Medium.ttf */ = {isa = PBXFileReference; explicitFileType = undefined; fileEncoding = undefined; includeInIndex = 0; lastKnownFileType = unknown; name = "Alegreya-Medium.ttf"; path = "../assets/Alegreya-Medium.ttf"; sourceTree = "<group>"; };
		9542009F553D4952BA396205 /* Conkordia.ttf */ = {isa = PBXFileReference; explicitFileType = undefined; fileEncoding = undefined; includeInIndex = 0; lastKnownFileType = unknown; name = Conkordia.ttf; path = ../assets/Conkordia.ttf; sourceTree = "<group>"; };
		AA286B85B6C04FC6940260E9 /* SplashScreen.storyboard */ = {isa = PBXFileReference; fileEncoding = 4; lastKnownFileType = file.storyboard; name = SplashScreen.storyboard; path = ArkhamCards/SplashScreen.storyboard; sourceTree = "<group>"; };
		AC7BE3C676834308B5C662BC /* forgotten.ttf */ = {isa = PBXFileReference; explicitFileType = undefined; fileEncoding = undefined; includeInIndex = 0; lastKnownFileType = unknown; name = forgotten.ttf; path = ../assets/forgotten.ttf; sourceTree = "<group>"; };
		B5A954944B77458EB5777335 /* alice.ttf */ = {isa = PBXFileReference; explicitFileType = undefined; fileEncoding = undefined; includeInIndex = 0; lastKnownFileType = unknown; name = alice.ttf; path = ../assets/alice.ttf; sourceTree = "<group>"; };
		B8320A1275BB952A0A842F6E /* Pods-ArkhamCards.debug.xcconfig */ = {isa = PBXFileReference; includeInIndex = 1; lastKnownFileType = text.xcconfig; name = "Pods-ArkhamCards.debug.xcconfig"; path = "Target Support Files/Pods-ArkhamCards/Pods-ArkhamCards.debug.xcconfig"; sourceTree = "<group>"; };
		BB2F792C24A3F905000567C9 /* Expo.plist */ = {isa = PBXFileReference; fileEncoding = 4; lastKnownFileType = text.plist.xml; path = Expo.plist; sourceTree = "<group>"; };
		BC48C0968525490297DCCE15 /* edge.ttf */ = {isa = PBXFileReference; explicitFileType = undefined; fileEncoding = undefined; includeInIndex = 0; lastKnownFileType = unknown; name = edge.ttf; path = ../assets/edge.ttf; sourceTree = "<group>"; };
		BDF5A235A3084C7FB016FD0E /* Alegreya-MediumItalic.ttf */ = {isa = PBXFileReference; explicitFileType = undefined; fileEncoding = undefined; includeInIndex = 0; lastKnownFileType = unknown; name = "Alegreya-MediumItalic.ttf"; path = "../assets/Alegreya-MediumItalic.ttf"; sourceTree = "<group>"; };
		BE8C9F4E063F4C84B4B41055 /* cost.ttf */ = {isa = PBXFileReference; explicitFileType = undefined; fileEncoding = undefined; includeInIndex = 0; lastKnownFileType = unknown; name = cost.ttf; path = ../assets/cost.ttf; sourceTree = "<group>"; };
		C5D9E04BA4A9415FBD02A1E5 /* Alegreya-Regular.ttf */ = {isa = PBXFileReference; explicitFileType = undefined; fileEncoding = undefined; includeInIndex = 0; lastKnownFileType = unknown; name = "Alegreya-Regular.ttf"; path = "../assets/Alegreya-Regular.ttf"; sourceTree = "<group>"; };
		CAAA3BEE6CC24AE980B90702 /* TT2020StyleE-Regular.ttf */ = {isa = PBXFileReference; explicitFileType = undefined; fileEncoding = undefined; includeInIndex = 0; lastKnownFileType = unknown; name = "TT2020StyleE-Regular.ttf"; path = "../assets/TT2020StyleE-Regular.ttf"; sourceTree = "<group>"; };
		CD5A6825B8B74964BCA1FBD9 /* Alegreya-BoldItalic.ttf */ = {isa = PBXFileReference; explicitFileType = undefined; fileEncoding = undefined; includeInIndex = 0; lastKnownFileType = unknown; name = "Alegreya-BoldItalic.ttf"; path = "../assets/Alegreya-BoldItalic.ttf"; sourceTree = "<group>"; };
		D429DD5A23E94869B1AD6C59 /* Teutonic RU.ttf */ = {isa = PBXFileReference; explicitFileType = undefined; fileEncoding = undefined; includeInIndex = 0; lastKnownFileType = unknown; name = "Teutonic RU.ttf"; path = "../assets/Teutonic RU.ttf"; sourceTree = "<group>"; };
		D47161D885D640FAAE143B74 /* Alegreya-Italic.ttf */ = {isa = PBXFileReference; explicitFileType = undefined; fileEncoding = undefined; includeInIndex = 0; lastKnownFileType = unknown; name = "Alegreya-Italic.ttf"; path = "../assets/Alegreya-Italic.ttf"; sourceTree = "<group>"; };
		DA39A8EF49B18399B21097C9 /* ExpoModulesProvider.swift */ = {isa = PBXFileReference; includeInIndex = 1; lastKnownFileType = sourcecode.swift; name = ExpoModulesProvider.swift; path = "Pods/Target Support Files/Pods-ArkhamCards/ExpoModulesProvider.swift"; sourceTree = "<group>"; };
		E6C36A036E09463F8F2463F5 /* Alegreya-ExtraBoldItalic.ttf */ = {isa = PBXFileReference; explicitFileType = undefined; fileEncoding = undefined; includeInIndex = 0; lastKnownFileType = unknown; name = "Alegreya-ExtraBoldItalic.ttf"; path = "../assets/Alegreya-ExtraBoldItalic.ttf"; sourceTree = "<group>"; };
		E74CC6D1DA00415091DC7690 /* AnkeCalligraphicFG.ttf */ = {isa = PBXFileReference; explicitFileType = undefined; fileEncoding = undefined; includeInIndex = 0; lastKnownFileType = unknown; name = AnkeCalligraphicFG.ttf; path = ../assets/AnkeCalligraphicFG.ttf; sourceTree = "<group>"; };
		ED297162215061F000B7C4FE /* JavaScriptCore.framework */ = {isa = PBXFileReference; lastKnownFileType = wrapper.framework; name = JavaScriptCore.framework; path = System/Library/Frameworks/JavaScriptCore.framework; sourceTree = SDKROOT; };
		F11748412D0307B40044C1D9 /* AppDelegate.swift */ = {isa = PBXFileReference; lastKnownFileType = sourcecode.swift; name = AppDelegate.swift; path = ArkhamCards/AppDelegate.swift; sourceTree = "<group>"; };
		F11748442D0722820044C1D9 /* ArkhamCards-Bridging-Header.h */ = {isa = PBXFileReference; lastKnownFileType = sourcecode.c.h; name = "ArkhamCards-Bridging-Header.h"; path = "ArkhamCards/ArkhamCards-Bridging-Header.h"; sourceTree = "<group>"; };
		F8BE350B28F548579FB6EA8C /* carcosa.ttf */ = {isa = PBXFileReference; explicitFileType = undefined; fileEncoding = undefined; includeInIndex = 0; lastKnownFileType = unknown; name = carcosa.ttf; path = ../assets/carcosa.ttf; sourceTree = "<group>"; };
		F9DA0B86218E4957A73D6ABD /* arkhamslim.ttf */ = {isa = PBXFileReference; explicitFileType = undefined; fileEncoding = undefined; includeInIndex = 0; lastKnownFileType = unknown; name = arkhamslim.ttf; path = ../assets/arkhamslim.ttf; sourceTree = "<group>"; };
/* End PBXFileReference section */

/* Begin PBXFrameworksBuildPhase section */
		13B07F8C1A680F5B00A75B9A /* Frameworks */ = {
			isa = PBXFrameworksBuildPhase;
			buildActionMask = 2147483647;
			files = (
				A07E11FAF6AF968145B93D77 /* Pods_ArkhamCards.framework in Frameworks */,
			);
			runOnlyForDeploymentPostprocessing = 0;
		};
/* End PBXFrameworksBuildPhase section */

/* Begin PBXGroup section */
		13B07FAE1A68108700A75B9A /* ArkhamCards */ = {
			isa = PBXGroup;
			children = (
				F11748412D0307B40044C1D9 /* AppDelegate.swift */,
				F11748442D0722820044C1D9 /* ArkhamCards-Bridging-Header.h */,
				BB2F792B24A3F905000567C9 /* Supporting */,
				13B07FB51A68108700A75B9A /* Images.xcassets */,
				13B07FB61A68108700A75B9A /* Info.plist */,
				AA286B85B6C04FC6940260E9 /* SplashScreen.storyboard */,
				737E6285596945F5BE6B2A73 /* GoogleService-Info.plist */,
				261E72B7823D617937E6AE8D /* PrivacyInfo.xcprivacy */,
			);
			name = ArkhamCards;
			sourceTree = "<group>";
		};
		2D16E6871FA4F8E400B85C8A /* Frameworks */ = {
			isa = PBXGroup;
			children = (
				ED297162215061F000B7C4FE /* JavaScriptCore.framework */,
				435D95259A6B8E788BE97D3F /* Pods_ArkhamCards.framework */,
			);
			name = Frameworks;
			sourceTree = "<group>";
		};
		4E766C629B3CA75AFD833A93 /* ArkhamCards */ = {
			isa = PBXGroup;
			children = (
				DA39A8EF49B18399B21097C9 /* ExpoModulesProvider.swift */,
			);
			name = ArkhamCards;
			sourceTree = "<group>";
		};
		572102685419413BB894A35D /* Resources */ = {
			isa = PBXGroup;
			children = (
				54B0017605BD4A39829B5D57 /* AboutDead.ttf */,
				89241E4B7C764223B9353F29 /* ages.ttf */,
				2F9CED5D6AE9416095A4ED19 /* Alegreya-Bold.ttf */,
				CD5A6825B8B74964BCA1FBD9 /* Alegreya-BoldItalic.ttf */,
				5E8B1E90AA684375896974F4 /* Alegreya-ExtraBold.ttf */,
				E6C36A036E09463F8F2463F5 /* Alegreya-ExtraBoldItalic.ttf */,
				D47161D885D640FAAE143B74 /* Alegreya-Italic.ttf */,
				8FFC8D7238D54339B8FEF0A5 /* Alegreya-Medium.ttf */,
				BDF5A235A3084C7FB016FD0E /* Alegreya-MediumItalic.ttf */,
				C5D9E04BA4A9415FBD02A1E5 /* Alegreya-Regular.ttf */,
				492B830C16C845169BC63578 /* AlegreyaSC-Medium.ttf */,
				B5A954944B77458EB5777335 /* alice.ttf */,
				E74CC6D1DA00415091DC7690 /* AnkeCalligraphicFG.ttf */,
				14678E874B8043F280B39716 /* app.ttf */,
				6107F06DE5ED486184B5FCE3 /* Arkhamic.ttf */,
				868C9E6A135D4DD59B004E7C /* arkhamicons.ttf */,
				F9DA0B86218E4957A73D6ABD /* arkhamslim.ttf */,
				F8BE350B28F548579FB6EA8C /* carcosa.ttf */,
				01829B01BF0F4A4DBF7805AC /* cardicons.ttf */,
				2C6AC978203942DD82C367AC /* Caveat.ttf */,
				763EBD687DA8456991E9A489 /* circle.ttf */,
				72C13CB502174F838A34D929 /* circusexmortis.ttf */,
				9542009F553D4952BA396205 /* Conkordia.ttf */,
				443E00D9EF9D4A30A370AD43 /* coreset.ttf */,
				BE8C9F4E063F4C84B4B41055 /* cost.ttf */,
				6F80DCCD9CD94899ACE46E5B /* cyclopean.ttf */,
				839A4F7FEF5B48008B9966AC /* dark_matter.ttf */,
				5606CF99511A46898901EDAF /* DMSerifDisplay-Italic.ttf */,
				09C71A3B7CF14DB4A64DBDC6 /* DMSerifDisplay-Regular.ttf */,
				89B30B453127408A8D0B4D0E /* dreameaters.ttf */,
				870390BB108A427380D52220 /* drowned.ttf */,
				8BC4D3AC57B645F0B2C8B63C /* dunwich.ttf */,
				BC48C0968525490297DCCE15 /* edge.ttf */,
				AC7BE3C676834308B5C662BC /* forgotten.ttf */,
				87012A0ED3C3469891200C0B /* hemlock.ttf */,
				6593AAB7A9064ACBAB4BBB5B /* innsmouth.ttf */,
				50951D0DDB7A4C2FB0204CF3 /* oz.ttf */,
				644A3E21A9E74118AFEE8E06 /* scarlet.ttf */,
				22EDEDE418264D6E93F4D8FF /* standalone.ttf */,
				D429DD5A23E94869B1AD6C59 /* Teutonic RU.ttf */,
				5EBF8C9AC93D4D68966FBA9A /* Teutonic.ttf */,
				38EDC89F47B346F0BD7C3FA4 /* tokens.ttf */,
				CAAA3BEE6CC24AE980B90702 /* TT2020StyleE-Regular.ttf */,
			);
			name = Resources;
			path = "";
			sourceTree = "<group>";
		};
		5773FE5D871E26095B1ED786 /* Pods */ = {
			isa = PBXGroup;
			children = (
				B8320A1275BB952A0A842F6E /* Pods-ArkhamCards.debug.xcconfig */,
				816869DB2428A3C8C0755070 /* Pods-ArkhamCards.release.xcconfig */,
			);
			name = Pods;
			path = Pods;
			sourceTree = "<group>";
		};
		832341AE1AAA6A7D00B99B32 /* Libraries */ = {
			isa = PBXGroup;
			children = (
			);
			name = Libraries;
			sourceTree = "<group>";
		};
		83CBB9F61A601CBA00E9B192 = {
			isa = PBXGroup;
			children = (
				13B07FAE1A68108700A75B9A /* ArkhamCards */,
				832341AE1AAA6A7D00B99B32 /* Libraries */,
				83CBBA001A601CBA00E9B192 /* Products */,
				2D16E6871FA4F8E400B85C8A /* Frameworks */,
				572102685419413BB894A35D /* Resources */,
				5773FE5D871E26095B1ED786 /* Pods */,
				ADB0ACE2A296C7244D4AEE10 /* ExpoModulesProviders */,
			);
			indentWidth = 2;
			sourceTree = "<group>";
			tabWidth = 2;
			usesTabs = 0;
		};
		83CBBA001A601CBA00E9B192 /* Products */ = {
			isa = PBXGroup;
			children = (
				13B07F961A680F5B00A75B9A /* ArkhamCards.app */,
			);
			name = Products;
			sourceTree = "<group>";
		};
		ADB0ACE2A296C7244D4AEE10 /* ExpoModulesProviders */ = {
			isa = PBXGroup;
			children = (
				4E766C629B3CA75AFD833A93 /* ArkhamCards */,
			);
			name = ExpoModulesProviders;
			sourceTree = "<group>";
		};
		BB2F792B24A3F905000567C9 /* Supporting */ = {
			isa = PBXGroup;
			children = (
				BB2F792C24A3F905000567C9 /* Expo.plist */,
			);
			name = Supporting;
			path = ArkhamCards/Supporting;
			sourceTree = "<group>";
		};
/* End PBXGroup section */

/* Begin PBXNativeTarget section */
		13B07F861A680F5B00A75B9A /* ArkhamCards */ = {
			isa = PBXNativeTarget;
			buildConfigurationList = 13B07F931A680F5B00A75B9A /* Build configuration list for PBXNativeTarget "ArkhamCards" */;
			buildPhases = (
				08A4A3CD28434E44B6B9DE2E /* [CP] Check Pods Manifest.lock */,
				7484B455EF31E1B2FC140A97 /* [Expo] Configure project */,
				13B07F871A680F5B00A75B9A /* Sources */,
				13B07F8C1A680F5B00A75B9A /* Frameworks */,
				13B07F8E1A680F5B00A75B9A /* Resources */,
				00DD1BFF1BD5951E006B06BC /* Bundle React Native code and images */,
				800E24972A6A228C8D4807E9 /* [CP] Copy Pods Resources */,
				4E5D09722AE641D0A44C63D8 /* Upload Debug Symbols to Sentry */,
				08C3EBC44687A451BC54E8A4 /* [CP] Embed Pods Frameworks */,
				F07443AB473E805D91589098 /* [CP-User] [RNFB] Core Configuration */,
			);
			buildRules = (
			);
			dependencies = (
			);
			name = ArkhamCards;
			productName = ArkhamCards;
			productReference = 13B07F961A680F5B00A75B9A /* ArkhamCards.app */;
			productType = "com.apple.product-type.application";
		};
/* End PBXNativeTarget section */

/* Begin PBXProject section */
		83CBB9F71A601CBA00E9B192 /* Project object */ = {
			isa = PBXProject;
			attributes = {
				LastUpgradeCheck = 1130;
				TargetAttributes = {
					13B07F861A680F5B00A75B9A = {
						LastSwiftMigration = 1250;
					};
				};
			};
			buildConfigurationList = 83CBB9FA1A601CBA00E9B192 /* Build configuration list for PBXProject "ArkhamCards" */;
			compatibilityVersion = "Xcode 3.2";
			developmentRegion = en;
			hasScannedForEncodings = 0;
			knownRegions = (
				en,
				Base,
			);
			mainGroup = 83CBB9F61A601CBA00E9B192;
			productRefGroup = 83CBBA001A601CBA00E9B192 /* Products */;
			projectDirPath = "";
			projectRoot = "";
			targets = (
				13B07F861A680F5B00A75B9A /* ArkhamCards */,
			);
		};
/* End PBXProject section */

/* Begin PBXResourcesBuildPhase section */
		13B07F8E1A680F5B00A75B9A /* Resources */ = {
			isa = PBXResourcesBuildPhase;
			buildActionMask = 2147483647;
			files = (
				BB2F792D24A3F905000567C9 /* Expo.plist in Resources */,
				13B07FBF1A68108700A75B9A /* Images.xcassets in Resources */,
				3E461D99554A48A4959DE609 /* SplashScreen.storyboard in Resources */,
				1D782664A7304969AF6288DF /* GoogleService-Info.plist in Resources */,
				BAAB4E6320E4473DA8AB99CE /* AboutDead.ttf in Resources */,
				70CC33305A984CA2B0D21DED /* ages.ttf in Resources */,
				270AA55FEE1C4F7CA784941B /* Alegreya-Bold.ttf in Resources */,
				E63179BE9B1546979FDEC431 /* Alegreya-BoldItalic.ttf in Resources */,
				46E10712FD5B4E4EA5F60C9F /* Alegreya-ExtraBold.ttf in Resources */,
				4986C3500FB847C6A1D58D17 /* Alegreya-ExtraBoldItalic.ttf in Resources */,
				D5D0EBD2048C41ECB0D666C9 /* Alegreya-Italic.ttf in Resources */,
				5017E2CFD93348A39E25FFB7 /* Alegreya-Medium.ttf in Resources */,
				C05BF49E9B9B4483B5E582BA /* Alegreya-MediumItalic.ttf in Resources */,
				1E59D3B6B280446AB4D8803F /* Alegreya-Regular.ttf in Resources */,
				EE1EE1DAB5274E169A6ACBCB /* AlegreyaSC-Medium.ttf in Resources */,
				36285F705A8148158EA79333 /* alice.ttf in Resources */,
				CA0A2B415BAE43E2B23C6CB9 /* AnkeCalligraphicFG.ttf in Resources */,
				AB2B00AADD7F465BA84128D7 /* app.ttf in Resources */,
				53B6215D10364470A7BB06A8 /* Arkhamic.ttf in Resources */,
				5E7A14230C8140D08C17A5FC /* arkhamicons.ttf in Resources */,
				8F9BE029D5934F3A9BB21B40 /* arkhamslim.ttf in Resources */,
				3C860A5586154095A3124CAC /* carcosa.ttf in Resources */,
				4C43A97929554E2A9671BE9E /* cardicons.ttf in Resources */,
				E45B1BE1B3E344139231F423 /* Caveat.ttf in Resources */,
				352CFA96B54A4DF0808B3910 /* circle.ttf in Resources */,
				5952DB0793CA4E4AADCBB8AF /* circusexmortis.ttf in Resources */,
				B4DE3F0EE7E047EB99112AAA /* Conkordia.ttf in Resources */,
				99F589ACF6254512A309D74E /* coreset.ttf in Resources */,
				49BA3DA754734228820A46EF /* cost.ttf in Resources */,
				AF28A61D782E4C78AAEBD4D3 /* cyclopean.ttf in Resources */,
				59578D81821F401FA62E6CE1 /* dark_matter.ttf in Resources */,
				38FD34D81D9947C692442A22 /* DMSerifDisplay-Italic.ttf in Resources */,
				B0362AFF56484D20B7F6A17B /* DMSerifDisplay-Regular.ttf in Resources */,
				1AC2455DCAC74330A2F5958D /* dreameaters.ttf in Resources */,
				E50B0B64F0C848608A2E971E /* drowned.ttf in Resources */,
				D605DFC44E3C47A9BA14CB48 /* dunwich.ttf in Resources */,
				81F73434EBEF403BA0626C4D /* edge.ttf in Resources */,
				942470BDB7AC463795B7C02F /* forgotten.ttf in Resources */,
				41C354DE2BAB45989FDFF453 /* hemlock.ttf in Resources */,
				9EA11059486943789377C139 /* innsmouth.ttf in Resources */,
				3A53B528B59744BCA9234197 /* oz.ttf in Resources */,
				5B815D0712C546A4A4853D88 /* scarlet.ttf in Resources */,
				2AE005189E3642049A10E063 /* standalone.ttf in Resources */,
				D7C5295B9C10415F9335ECF6 /* Teutonic RU.ttf in Resources */,
				A1DD35DE8C6540BB9199D797 /* Teutonic.ttf in Resources */,
				6F7B375376D84BD19A858A0B /* tokens.ttf in Resources */,
				3AC0AB0B7F554B2796A5AD3C /* TT2020StyleE-Regular.ttf in Resources */,
				E6C00165B631EA0DFC5897D3 /* PrivacyInfo.xcprivacy in Resources */,
			);
			runOnlyForDeploymentPostprocessing = 0;
		};
/* End PBXResourcesBuildPhase section */

/* Begin PBXShellScriptBuildPhase section */
		00DD1BFF1BD5951E006B06BC /* Bundle React Native code and images */ = {
			isa = PBXShellScriptBuildPhase;
			alwaysOutOfDate = 1;
			buildActionMask = 2147483647;
			files = (
			);
			inputPaths = (
			);
			name = "Bundle React Native code and images";
			outputPaths = (
			);
			runOnlyForDeploymentPostprocessing = 0;
			shellPath = /bin/sh;
			shellScript = "if [[ -f \"$PODS_ROOT/../.xcode.env\" ]]; then\n  source \"$PODS_ROOT/../.xcode.env\"\nfi\nif [[ -f \"$PODS_ROOT/../.xcode.env.local\" ]]; then\n  source \"$PODS_ROOT/../.xcode.env.local\"\nfi\n\n# The project root by default is one level up from the ios directory\nexport PROJECT_ROOT=\"$PROJECT_DIR\"/..\n\nif [[ \"$CONFIGURATION\" = *Debug* ]]; then\n  export SKIP_BUNDLING=1\nfi\nif [[ -z \"$ENTRY_FILE\" ]]; then\n  # Set the entry JS file using the bundler's entry resolution.\n  export ENTRY_FILE=\"$(\"$NODE_BINARY\" -e \"require('expo/scripts/resolveAppEntry')\" \"$PROJECT_ROOT\" ios absolute | tail -n 1)\"\nfi\n\nif [[ -z \"$CLI_PATH\" ]]; then\n  # Use Expo CLI\n  export CLI_PATH=\"$(\"$NODE_BINARY\" --print \"require.resolve('@expo/cli', { paths: [require.resolve('expo/package.json')] })\")\"\nfi\nif [[ -z \"$BUNDLE_COMMAND\" ]]; then\n  # Default Expo CLI command for bundling\n  export BUNDLE_COMMAND=\"export:embed\"\nfi\n\n# Source .xcode.env.updates if it exists to allow\n# SKIP_BUNDLING to be unset if needed\nif [[ -f \"$PODS_ROOT/../.xcode.env.updates\" ]]; then\n  source \"$PODS_ROOT/../.xcode.env.updates\"\nfi\n# Source local changes to allow overrides\n# if needed\nif [[ -f \"$PODS_ROOT/../.xcode.env.local\" ]]; then\n  source \"$PODS_ROOT/../.xcode.env.local\"\nfi\n\n/bin/sh `\"$NODE_BINARY\" --print \"require('path').dirname(require.resolve('@sentry/react-native/package.json')) + '/scripts/sentry-xcode.sh'\"` `\"$NODE_BINARY\" --print \"require('path').dirname(require.resolve('react-native/package.json')) + '/scripts/react-native-xcode.sh'\"`\n\n";
		};
		08A4A3CD28434E44B6B9DE2E /* [CP] Check Pods Manifest.lock */ = {
			isa = PBXShellScriptBuildPhase;
			buildActionMask = 2147483647;
			files = (
			);
			inputFileListPaths = (
			);
			inputPaths = (
				"${PODS_PODFILE_DIR_PATH}/Podfile.lock",
				"${PODS_ROOT}/Manifest.lock",
			);
			name = "[CP] Check Pods Manifest.lock";
			outputFileListPaths = (
			);
			outputPaths = (
				"$(DERIVED_FILE_DIR)/Pods-ArkhamCards-checkManifestLockResult.txt",
			);
			runOnlyForDeploymentPostprocessing = 0;
			shellPath = /bin/sh;
			shellScript = "diff \"${PODS_PODFILE_DIR_PATH}/Podfile.lock\" \"${PODS_ROOT}/Manifest.lock\" > /dev/null\nif [ $? != 0 ] ; then\n    # print error to STDERR\n    echo \"error: The sandbox is not in sync with the Podfile.lock. Run 'pod install' or update your CocoaPods installation.\" >&2\n    exit 1\nfi\n# This output is used by Xcode 'outputs' to avoid re-running this script phase.\necho \"SUCCESS\" > \"${SCRIPT_OUTPUT_FILE_0}\"\n";
			showEnvVarsInLog = 0;
		};
		08C3EBC44687A451BC54E8A4 /* [CP] Embed Pods Frameworks */ = {
			isa = PBXShellScriptBuildPhase;
			buildActionMask = 2147483647;
			files = (
			);
			inputPaths = (
				"${PODS_ROOT}/Target Support Files/Pods-ArkhamCards/Pods-ArkhamCards-frameworks.sh",
				"${PODS_XCFRAMEWORKS_BUILD_DIR}/hermes-engine/Pre-built/hermes.framework/hermes",
			);
			name = "[CP] Embed Pods Frameworks";
			outputPaths = (
				"${TARGET_BUILD_DIR}/${FRAMEWORKS_FOLDER_PATH}/hermes.framework",
			);
			runOnlyForDeploymentPostprocessing = 0;
			shellPath = /bin/sh;
			shellScript = "\"${PODS_ROOT}/Target Support Files/Pods-ArkhamCards/Pods-ArkhamCards-frameworks.sh\"\n";
			showEnvVarsInLog = 0;
		};
		4E5D09722AE641D0A44C63D8 /* Upload Debug Symbols to Sentry */ = {
			isa = PBXShellScriptBuildPhase;
			buildActionMask = 2147483647;
			files = (
			);
			inputPaths = (
			);
			name = "Upload Debug Symbols to Sentry";
			outputPaths = (
			);
			runOnlyForDeploymentPostprocessing = 0;
			shellPath = /bin/sh;
			shellScript = "/bin/sh `${NODE_BINARY:-node} --print \"require('path').dirname(require.resolve('@sentry/react-native/package.json')) + '/scripts/sentry-xcode-debug-files.sh'\"`";
		};
		7484B455EF31E1B2FC140A97 /* [Expo] Configure project */ = {
			isa = PBXShellScriptBuildPhase;
			alwaysOutOfDate = 1;
			buildActionMask = 2147483647;
			files = (
			);
			inputFileListPaths = (
			);
			inputPaths = (
			);
			name = "[Expo] Configure project";
			outputFileListPaths = (
			);
			outputPaths = (
			);
			runOnlyForDeploymentPostprocessing = 0;
			shellPath = /bin/sh;
			shellScript = "# This script configures Expo modules and generates the modules provider file.\nbash -l -c \"./Pods/Target\\ Support\\ Files/Pods-ArkhamCards/expo-configure-project.sh\"\n";
		};
		800E24972A6A228C8D4807E9 /* [CP] Copy Pods Resources */ = {
			isa = PBXShellScriptBuildPhase;
			buildActionMask = 2147483647;
			files = (
			);
			inputPaths = (
				"${PODS_ROOT}/Target Support Files/Pods-ArkhamCards/Pods-ArkhamCards-resources.sh",
				"${PODS_CONFIGURATION_BUILD_DIR}/AppAuth/AppAuthCore_Privacy.bundle",
				"${PODS_CONFIGURATION_BUILD_DIR}/EXApplication/ExpoApplication_privacy.bundle",
				"${PODS_CONFIGURATION_BUILD_DIR}/EXConstants/EXConstants.bundle",
				"${PODS_CONFIGURATION_BUILD_DIR}/EXConstants/ExpoConstants_privacy.bundle",
				"${PODS_CONFIGURATION_BUILD_DIR}/ExpoFileSystem/ExpoFileSystem_privacy.bundle",
				"${PODS_CONFIGURATION_BUILD_DIR}/FirebaseAuth/FirebaseAuth_Privacy.bundle",
				"${PODS_CONFIGURATION_BUILD_DIR}/FirebaseCore/FirebaseCore_Privacy.bundle",
				"${PODS_CONFIGURATION_BUILD_DIR}/FirebaseCoreExtension/FirebaseCoreExtension_Privacy.bundle",
				"${PODS_CONFIGURATION_BUILD_DIR}/FirebaseCoreInternal/FirebaseCoreInternal_Privacy.bundle",
				"${PODS_CONFIGURATION_BUILD_DIR}/GTMAppAuth/GTMAppAuth_Privacy.bundle",
				"${PODS_CONFIGURATION_BUILD_DIR}/GTMSessionFetcher/GTMSessionFetcher_Core_Privacy.bundle",
				"${PODS_CONFIGURATION_BUILD_DIR}/GoogleSignIn/GoogleSignIn.bundle",
				"${PODS_CONFIGURATION_BUILD_DIR}/GoogleUtilities/GoogleUtilities_Privacy.bundle",
				"${PODS_CONFIGURATION_BUILD_DIR}/RCT-Folly/RCT-Folly_privacy.bundle",
				"${PODS_CONFIGURATION_BUILD_DIR}/RNCAsyncStorage/RNCAsyncStorage_resources.bundle",
				"${PODS_CONFIGURATION_BUILD_DIR}/RNDeviceInfo/RNDeviceInfoPrivacyInfo.bundle",
				"${PODS_CONFIGURATION_BUILD_DIR}/RNSVG/RNSVGFilters.bundle",
				"${PODS_ROOT}/../../node_modules/react-native-vector-icons/Fonts/AntDesign.ttf",
				"${PODS_ROOT}/../../node_modules/react-native-vector-icons/Fonts/Entypo.ttf",
				"${PODS_ROOT}/../../node_modules/react-native-vector-icons/Fonts/EvilIcons.ttf",
				"${PODS_ROOT}/../../node_modules/react-native-vector-icons/Fonts/Feather.ttf",
				"${PODS_ROOT}/../../node_modules/react-native-vector-icons/Fonts/FontAwesome.ttf",
				"${PODS_ROOT}/../../node_modules/react-native-vector-icons/Fonts/FontAwesome5_Brands.ttf",
				"${PODS_ROOT}/../../node_modules/react-native-vector-icons/Fonts/FontAwesome5_Regular.ttf",
				"${PODS_ROOT}/../../node_modules/react-native-vector-icons/Fonts/FontAwesome5_Solid.ttf",
				"${PODS_ROOT}/../../node_modules/react-native-vector-icons/Fonts/FontAwesome6_Brands.ttf",
				"${PODS_ROOT}/../../node_modules/react-native-vector-icons/Fonts/FontAwesome6_Regular.ttf",
				"${PODS_ROOT}/../../node_modules/react-native-vector-icons/Fonts/FontAwesome6_Solid.ttf",
				"${PODS_ROOT}/../../node_modules/react-native-vector-icons/Fonts/Fontisto.ttf",
				"${PODS_ROOT}/../../node_modules/react-native-vector-icons/Fonts/Foundation.ttf",
				"${PODS_ROOT}/../../node_modules/react-native-vector-icons/Fonts/Ionicons.ttf",
				"${PODS_ROOT}/../../node_modules/react-native-vector-icons/Fonts/MaterialCommunityIcons.ttf",
				"${PODS_ROOT}/../../node_modules/react-native-vector-icons/Fonts/MaterialIcons.ttf",
				"${PODS_ROOT}/../../node_modules/react-native-vector-icons/Fonts/Octicons.ttf",
				"${PODS_ROOT}/../../node_modules/react-native-vector-icons/Fonts/SimpleLineIcons.ttf",
				"${PODS_ROOT}/../../node_modules/react-native-vector-icons/Fonts/Zocial.ttf",
				"${PODS_CONFIGURATION_BUILD_DIR}/React-Core/React-Core_privacy.bundle",
				"${PODS_CONFIGURATION_BUILD_DIR}/React-cxxreact/React-cxxreact_privacy.bundle",
				"${PODS_CONFIGURATION_BUILD_DIR}/SDWebImage/SDWebImage.bundle",
				"${PODS_CONFIGURATION_BUILD_DIR}/Sentry/Sentry.bundle",
				"${PODS_CONFIGURATION_BUILD_DIR}/boost/boost_privacy.bundle",
				"${PODS_CONFIGURATION_BUILD_DIR}/expo-dev-launcher/EXDevLauncher.bundle",
				"${PODS_CONFIGURATION_BUILD_DIR}/expo-dev-menu/EXDevMenu.bundle",
				"${PODS_CONFIGURATION_BUILD_DIR}/glog/glog_privacy.bundle",
				"${PODS_CONFIGURATION_BUILD_DIR}/leveldb-library/leveldb_Privacy.bundle",
				"${PODS_CONFIGURATION_BUILD_DIR}/lottie-ios/LottiePrivacyInfo.bundle",
				"${PODS_CONFIGURATION_BUILD_DIR}/lottie-react-native/Lottie_React_Native_Privacy.bundle",
			);
			name = "[CP] Copy Pods Resources";
			outputPaths = (
				"${TARGET_BUILD_DIR}/${UNLOCALIZED_RESOURCES_FOLDER_PATH}/AppAuthCore_Privacy.bundle",
				"${TARGET_BUILD_DIR}/${UNLOCALIZED_RESOURCES_FOLDER_PATH}/ExpoApplication_privacy.bundle",
				"${TARGET_BUILD_DIR}/${UNLOCALIZED_RESOURCES_FOLDER_PATH}/EXConstants.bundle",
				"${TARGET_BUILD_DIR}/${UNLOCALIZED_RESOURCES_FOLDER_PATH}/ExpoConstants_privacy.bundle",
				"${TARGET_BUILD_DIR}/${UNLOCALIZED_RESOURCES_FOLDER_PATH}/ExpoFileSystem_privacy.bundle",
				"${TARGET_BUILD_DIR}/${UNLOCALIZED_RESOURCES_FOLDER_PATH}/FirebaseAuth_Privacy.bundle",
				"${TARGET_BUILD_DIR}/${UNLOCALIZED_RESOURCES_FOLDER_PATH}/FirebaseCore_Privacy.bundle",
				"${TARGET_BUILD_DIR}/${UNLOCALIZED_RESOURCES_FOLDER_PATH}/FirebaseCoreExtension_Privacy.bundle",
				"${TARGET_BUILD_DIR}/${UNLOCALIZED_RESOURCES_FOLDER_PATH}/FirebaseCoreInternal_Privacy.bundle",
				"${TARGET_BUILD_DIR}/${UNLOCALIZED_RESOURCES_FOLDER_PATH}/GTMAppAuth_Privacy.bundle",
				"${TARGET_BUILD_DIR}/${UNLOCALIZED_RESOURCES_FOLDER_PATH}/GTMSessionFetcher_Core_Privacy.bundle",
				"${TARGET_BUILD_DIR}/${UNLOCALIZED_RESOURCES_FOLDER_PATH}/GoogleSignIn.bundle",
				"${TARGET_BUILD_DIR}/${UNLOCALIZED_RESOURCES_FOLDER_PATH}/GoogleUtilities_Privacy.bundle",
				"${TARGET_BUILD_DIR}/${UNLOCALIZED_RESOURCES_FOLDER_PATH}/RCT-Folly_privacy.bundle",
				"${TARGET_BUILD_DIR}/${UNLOCALIZED_RESOURCES_FOLDER_PATH}/RNCAsyncStorage_resources.bundle",
				"${TARGET_BUILD_DIR}/${UNLOCALIZED_RESOURCES_FOLDER_PATH}/RNDeviceInfoPrivacyInfo.bundle",
				"${TARGET_BUILD_DIR}/${UNLOCALIZED_RESOURCES_FOLDER_PATH}/RNSVGFilters.bundle",
				"${TARGET_BUILD_DIR}/${UNLOCALIZED_RESOURCES_FOLDER_PATH}/AntDesign.ttf",
				"${TARGET_BUILD_DIR}/${UNLOCALIZED_RESOURCES_FOLDER_PATH}/Entypo.ttf",
				"${TARGET_BUILD_DIR}/${UNLOCALIZED_RESOURCES_FOLDER_PATH}/EvilIcons.ttf",
				"${TARGET_BUILD_DIR}/${UNLOCALIZED_RESOURCES_FOLDER_PATH}/Feather.ttf",
				"${TARGET_BUILD_DIR}/${UNLOCALIZED_RESOURCES_FOLDER_PATH}/FontAwesome.ttf",
				"${TARGET_BUILD_DIR}/${UNLOCALIZED_RESOURCES_FOLDER_PATH}/FontAwesome5_Brands.ttf",
				"${TARGET_BUILD_DIR}/${UNLOCALIZED_RESOURCES_FOLDER_PATH}/FontAwesome5_Regular.ttf",
				"${TARGET_BUILD_DIR}/${UNLOCALIZED_RESOURCES_FOLDER_PATH}/FontAwesome5_Solid.ttf",
				"${TARGET_BUILD_DIR}/${UNLOCALIZED_RESOURCES_FOLDER_PATH}/FontAwesome6_Brands.ttf",
				"${TARGET_BUILD_DIR}/${UNLOCALIZED_RESOURCES_FOLDER_PATH}/FontAwesome6_Regular.ttf",
				"${TARGET_BUILD_DIR}/${UNLOCALIZED_RESOURCES_FOLDER_PATH}/FontAwesome6_Solid.ttf",
				"${TARGET_BUILD_DIR}/${UNLOCALIZED_RESOURCES_FOLDER_PATH}/Fontisto.ttf",
				"${TARGET_BUILD_DIR}/${UNLOCALIZED_RESOURCES_FOLDER_PATH}/Foundation.ttf",
				"${TARGET_BUILD_DIR}/${UNLOCALIZED_RESOURCES_FOLDER_PATH}/Ionicons.ttf",
				"${TARGET_BUILD_DIR}/${UNLOCALIZED_RESOURCES_FOLDER_PATH}/MaterialCommunityIcons.ttf",
				"${TARGET_BUILD_DIR}/${UNLOCALIZED_RESOURCES_FOLDER_PATH}/MaterialIcons.ttf",
				"${TARGET_BUILD_DIR}/${UNLOCALIZED_RESOURCES_FOLDER_PATH}/Octicons.ttf",
				"${TARGET_BUILD_DIR}/${UNLOCALIZED_RESOURCES_FOLDER_PATH}/SimpleLineIcons.ttf",
				"${TARGET_BUILD_DIR}/${UNLOCALIZED_RESOURCES_FOLDER_PATH}/Zocial.ttf",
				"${TARGET_BUILD_DIR}/${UNLOCALIZED_RESOURCES_FOLDER_PATH}/React-Core_privacy.bundle",
				"${TARGET_BUILD_DIR}/${UNLOCALIZED_RESOURCES_FOLDER_PATH}/React-cxxreact_privacy.bundle",
				"${TARGET_BUILD_DIR}/${UNLOCALIZED_RESOURCES_FOLDER_PATH}/SDWebImage.bundle",
				"${TARGET_BUILD_DIR}/${UNLOCALIZED_RESOURCES_FOLDER_PATH}/Sentry.bundle",
				"${TARGET_BUILD_DIR}/${UNLOCALIZED_RESOURCES_FOLDER_PATH}/boost_privacy.bundle",
				"${TARGET_BUILD_DIR}/${UNLOCALIZED_RESOURCES_FOLDER_PATH}/EXDevLauncher.bundle",
				"${TARGET_BUILD_DIR}/${UNLOCALIZED_RESOURCES_FOLDER_PATH}/EXDevMenu.bundle",
				"${TARGET_BUILD_DIR}/${UNLOCALIZED_RESOURCES_FOLDER_PATH}/glog_privacy.bundle",
				"${TARGET_BUILD_DIR}/${UNLOCALIZED_RESOURCES_FOLDER_PATH}/leveldb_Privacy.bundle",
				"${TARGET_BUILD_DIR}/${UNLOCALIZED_RESOURCES_FOLDER_PATH}/LottiePrivacyInfo.bundle",
				"${TARGET_BUILD_DIR}/${UNLOCALIZED_RESOURCES_FOLDER_PATH}/Lottie_React_Native_Privacy.bundle",
			);
			runOnlyForDeploymentPostprocessing = 0;
			shellPath = /bin/sh;
			shellScript = "\"${PODS_ROOT}/Target Support Files/Pods-ArkhamCards/Pods-ArkhamCards-resources.sh\"\n";
			showEnvVarsInLog = 0;
		};
		F07443AB473E805D91589098 /* [CP-User] [RNFB] Core Configuration */ = {
			isa = PBXShellScriptBuildPhase;
			buildActionMask = 2147483647;
			files = (
			);
			inputPaths = (
				"$(BUILT_PRODUCTS_DIR)/$(INFOPLIST_PATH)",
			);
			name = "[CP-User] [RNFB] Core Configuration";
			runOnlyForDeploymentPostprocessing = 0;
			shellPath = /bin/sh;
			shellScript = "#!/usr/bin/env bash\n#\n# Copyright (c) 2016-present Invertase Limited & Contributors\n#\n# Licensed under the Apache License, Version 2.0 (the \"License\");\n# you may not use this library except in compliance with the License.\n# You may obtain a copy of the License at\n#\n#   http://www.apache.org/licenses/LICENSE-2.0\n#\n# Unless required by applicable law or agreed to in writing, software\n# distributed under the License is distributed on an \"AS IS\" BASIS,\n# WITHOUT WARRANTIES OR CONDITIONS OF ANY KIND, either express or implied.\n# See the License for the specific language governing permissions and\n# limitations under the License.\n#\n\n##########################################################################\n##########################################################################\n#\n#  NOTE THAT IF YOU CHANGE THIS FILE YOU MUST RUN pod install AFTERWARDS\n#\n#  This file is installed as an Xcode build script in the project file\n#  by cocoapods, and you will not see your changes until you pod install\n#\n##########################################################################\n##########################################################################\n\nset -e\n\n_MAX_LOOKUPS=2;\n_SEARCH_RESULT=''\n_RN_ROOT_EXISTS=''\n_CURRENT_LOOKUPS=1\n_JSON_ROOT=\"'react-native'\"\n_JSON_FILE_NAME='firebase.json'\n_JSON_OUTPUT_BASE64='e30=' # { }\n_CURRENT_SEARCH_DIR=${PROJECT_DIR}\n_PLIST_BUDDY=/usr/libexec/PlistBuddy\n_TARGET_PLIST=\"${BUILT_PRODUCTS_DIR}/${INFOPLIST_PATH}\"\n_DSYM_PLIST=\"${DWARF_DSYM_FOLDER_PATH}/${DWARF_DSYM_FILE_NAME}/Contents/Info.plist\"\n\n# plist arrays\n_PLIST_ENTRY_KEYS=()\n_PLIST_ENTRY_TYPES=()\n_PLIST_ENTRY_VALUES=()\n\nfunction setPlistValue {\n  echo \"info:      setting plist entry '$1' of type '$2' in file '$4'\"\n  ${_PLIST_BUDDY} -c \"Add :$1 $2 '$3'\" $4 || echo \"info:      '$1' already exists\"\n}\n\nfunction getFirebaseJsonKeyValue () {\n  if [[ ${_RN_ROOT_EXISTS} ]]; then\n    ruby -Ku -e \"require 'rubygems';require 'json'; output=JSON.parse('$1'); puts output[$_JSON_ROOT]['$2']\"\n  else\n    echo \"\"\n  fi;\n}\n\nfunction jsonBoolToYesNo () {\n  if [[ $1 == \"false\" ]]; then\n    echo \"NO\"\n  elif [[ $1 == \"true\" ]]; then\n    echo \"YES\"\n  else echo \"NO\"\n  fi\n}\n\necho \"info: -> RNFB build script started\"\necho \"info: 1) Locating ${_JSON_FILE_NAME} file:\"\n\nif [[ -z ${_CURRENT_SEARCH_DIR} ]]; then\n  _CURRENT_SEARCH_DIR=$(pwd)\nfi;\n\nwhile true; do\n  _CURRENT_SEARCH_DIR=$(dirname \"$_CURRENT_SEARCH_DIR\")\n  if [[ \"$_CURRENT_SEARCH_DIR\" == \"/\" ]] || [[ ${_CURRENT_LOOKUPS} -gt ${_MAX_LOOKUPS} ]]; then break; fi;\n  echo \"info:      ($_CURRENT_LOOKUPS of $_MAX_LOOKUPS) Searching in '$_CURRENT_SEARCH_DIR' for a ${_JSON_FILE_NAME} file.\"\n  _SEARCH_RESULT=$(find \"$_CURRENT_SEARCH_DIR\" -maxdepth 2 -name ${_JSON_FILE_NAME} -print | /usr/bin/head -n 1)\n  if [[ ${_SEARCH_RESULT} ]]; then\n    echo \"info:      ${_JSON_FILE_NAME} found at $_SEARCH_RESULT\"\n    break;\n  fi;\n  _CURRENT_LOOKUPS=$((_CURRENT_LOOKUPS+1))\ndone\n\nif [[ ${_SEARCH_RESULT} ]]; then\n  _JSON_OUTPUT_RAW=$(cat \"${_SEARCH_RESULT}\")\n  if ! _RN_ROOT_EXISTS=$(ruby -Ku -e \"require 'json'; output=JSON.parse('$_JSON_OUTPUT_RAW'); puts output[$_JSON_ROOT]\"); then\n    echo \"error: Failed to parse firebase.json, check for syntax errors.\"\n    exit 1\n  fi\n\n  if [[ ${_RN_ROOT_EXISTS} ]]; then\n    if ! python3 --version >/dev/null 2>&1; then echo \"python3 not found, firebase.json file processing error.\" && exit 1; fi\n    _JSON_OUTPUT_BASE64=$(python3 -c 'import json,sys,base64;print(base64.b64encode(bytes(json.dumps(json.loads(open('\"'${_SEARCH_RESULT}'\"', '\"'rb'\"').read())['${_JSON_ROOT}']), '\"'utf-8'\"')).decode())' || echo \"e30=\")\n  fi\n\n  _PLIST_ENTRY_KEYS+=(\"firebase_json_raw\")\n  _PLIST_ENTRY_TYPES+=(\"string\")\n  _PLIST_ENTRY_VALUES+=(\"$_JSON_OUTPUT_BASE64\")\n\n  # config.app_data_collection_default_enabled\n  _APP_DATA_COLLECTION_ENABLED=$(getFirebaseJsonKeyValue \"$_JSON_OUTPUT_RAW\" \"app_data_collection_default_enabled\")\n  if [[ $_APP_DATA_COLLECTION_ENABLED ]]; then\n    _PLIST_ENTRY_KEYS+=(\"FirebaseDataCollectionDefaultEnabled\")\n    _PLIST_ENTRY_TYPES+=(\"bool\")\n    _PLIST_ENTRY_VALUES+=(\"$(jsonBoolToYesNo \"$_APP_DATA_COLLECTION_ENABLED\")\")\n  fi\n\n  # config.analytics_auto_collection_enabled\n  _ANALYTICS_AUTO_COLLECTION=$(getFirebaseJsonKeyValue \"$_JSON_OUTPUT_RAW\" \"analytics_auto_collection_enabled\")\n  if [[ $_ANALYTICS_AUTO_COLLECTION ]]; then\n    _PLIST_ENTRY_KEYS+=(\"FIREBASE_ANALYTICS_COLLECTION_ENABLED\")\n    _PLIST_ENTRY_TYPES+=(\"bool\")\n    _PLIST_ENTRY_VALUES+=(\"$(jsonBoolToYesNo \"$_ANALYTICS_AUTO_COLLECTION\")\")\n  fi\n\n  # config.analytics_collection_deactivated\n  _ANALYTICS_DEACTIVATED=$(getFirebaseJsonKeyValue \"$_JSON_OUTPUT_RAW\" \"analytics_collection_deactivated\")\n  if [[ $_ANALYTICS_DEACTIVATED ]]; then\n    _PLIST_ENTRY_KEYS+=(\"FIREBASE_ANALYTICS_COLLECTION_DEACTIVATED\")\n    _PLIST_ENTRY_TYPES+=(\"bool\")\n    _PLIST_ENTRY_VALUES+=(\"$(jsonBoolToYesNo \"$_ANALYTICS_DEACTIVATED\")\")\n  fi\n\n  # config.analytics_idfv_collection_enabled\n  _ANALYTICS_IDFV_COLLECTION=$(getFirebaseJsonKeyValue \"$_JSON_OUTPUT_RAW\" \"analytics_idfv_collection_enabled\")\n  if [[ $_ANALYTICS_IDFV_COLLECTION ]]; then\n    _PLIST_ENTRY_KEYS+=(\"GOOGLE_ANALYTICS_IDFV_COLLECTION_ENABLED\")\n    _PLIST_ENTRY_TYPES+=(\"bool\")\n    _PLIST_ENTRY_VALUES+=(\"$(jsonBoolToYesNo \"$_ANALYTICS_IDFV_COLLECTION\")\")\n  fi\n\n  # config.analytics_default_allow_analytics_storage\n  _ANALYTICS_STORAGE=$(getFirebaseJsonKeyValue \"$_JSON_OUTPUT_RAW\" \"analytics_default_allow_analytics_storage\")\n  if [[ $_ANALYTICS_STORAGE ]]; then\n    _PLIST_ENTRY_KEYS+=(\"GOOGLE_ANALYTICS_DEFAULT_ALLOW_ANALYTICS_STORAGE\")\n    _PLIST_ENTRY_TYPES+=(\"bool\")\n    _PLIST_ENTRY_VALUES+=(\"$(jsonBoolToYesNo \"$_ANALYTICS_STORAGE\")\")\n  fi\n\n  # config.analytics_default_allow_ad_storage\n  _ANALYTICS_AD_STORAGE=$(getFirebaseJsonKeyValue \"$_JSON_OUTPUT_RAW\" \"analytics_default_allow_ad_storage\")\n  if [[ $_ANALYTICS_AD_STORAGE ]]; then\n    _PLIST_ENTRY_KEYS+=(\"GOOGLE_ANALYTICS_DEFAULT_ALLOW_AD_STORAGE\")\n    _PLIST_ENTRY_TYPES+=(\"bool\")\n    _PLIST_ENTRY_VALUES+=(\"$(jsonBoolToYesNo \"$_ANALYTICS_AD_STORAGE\")\")\n  fi\n\n  # config.analytics_default_allow_ad_user_data\n  _ANALYTICS_AD_USER_DATA=$(getFirebaseJsonKeyValue \"$_JSON_OUTPUT_RAW\" \"analytics_default_allow_ad_user_data\")\n  if [[ $_ANALYTICS_AD_USER_DATA ]]; then\n    _PLIST_ENTRY_KEYS+=(\"GOOGLE_ANALYTICS_DEFAULT_ALLOW_AD_USER_DATA\")\n    _PLIST_ENTRY_TYPES+=(\"bool\")\n    _PLIST_ENTRY_VALUES+=(\"$(jsonBoolToYesNo \"$_ANALYTICS_AD_USER_DATA\")\")\n  fi\n\n  # config.analytics_default_allow_ad_personalization_signals\n  _ANALYTICS_PERSONALIZATION=$(getFirebaseJsonKeyValue \"$_JSON_OUTPUT_RAW\" \"analytics_default_allow_ad_personalization_signals\")\n  if [[ $_ANALYTICS_PERSONALIZATION ]]; then\n    _PLIST_ENTRY_KEYS+=(\"GOOGLE_ANALYTICS_DEFAULT_ALLOW_AD_PERSONALIZATION_SIGNALS\")\n    _PLIST_ENTRY_TYPES+=(\"bool\")\n    _PLIST_ENTRY_VALUES+=(\"$(jsonBoolToYesNo \"$_ANALYTICS_PERSONALIZATION\")\")\n  fi\n\n  # config.analytics_registration_with_ad_network_enabled\n  _ANALYTICS_REGISTRATION_WITH_AD_NETWORK=$(getFirebaseJsonKeyValue \"$_JSON_OUTPUT_RAW\" \"google_analytics_registration_with_ad_network_enabled\")\n  if [[ $_ANALYTICS_REGISTRATION_WITH_AD_NETWORK ]]; then\n    _PLIST_ENTRY_KEYS+=(\"GOOGLE_ANALYTICS_REGISTRATION_WITH_AD_NETWORK_ENABLED\")\n    _PLIST_ENTRY_TYPES+=(\"bool\")\n    _PLIST_ENTRY_VALUES+=(\"$(jsonBoolToYesNo \"$_ANALYTICS_REGISTRATION_WITH_AD_NETWORK\")\")\n  fi\n\n  # config.google_analytics_automatic_screen_reporting_enabled\n  _ANALYTICS_AUTO_SCREEN_REPORTING=$(getFirebaseJsonKeyValue \"$_JSON_OUTPUT_RAW\" \"google_analytics_automatic_screen_reporting_enabled\")\n  if [[ $_ANALYTICS_AUTO_SCREEN_REPORTING ]]; then\n    _PLIST_ENTRY_KEYS+=(\"FirebaseAutomaticScreenReportingEnabled\")\n    _PLIST_ENTRY_TYPES+=(\"bool\")\n    _PLIST_ENTRY_VALUES+=(\"$(jsonBoolToYesNo \"$_ANALYTICS_AUTO_SCREEN_REPORTING\")\")\n  fi\n\n  # config.perf_auto_collection_enabled\n  _PERF_AUTO_COLLECTION=$(getFirebaseJsonKeyValue \"$_JSON_OUTPUT_RAW\" \"perf_auto_collection_enabled\")\n  if [[ $_PERF_AUTO_COLLECTION ]]; then\n    _PLIST_ENTRY_KEYS+=(\"firebase_performance_collection_enabled\")\n    _PLIST_ENTRY_TYPES+=(\"bool\")\n    _PLIST_ENTRY_VALUES+=(\"$(jsonBoolToYesNo \"$_PERF_AUTO_COLLECTION\")\")\n  fi\n\n  # config.perf_collection_deactivated\n  _PERF_DEACTIVATED=$(getFirebaseJsonKeyValue \"$_JSON_OUTPUT_RAW\" \"perf_collection_deactivated\")\n  if [[ $_PERF_DEACTIVATED ]]; then\n    _PLIST_ENTRY_KEYS+=(\"firebase_performance_collection_deactivated\")\n    _PLIST_ENTRY_TYPES+=(\"bool\")\n    _PLIST_ENTRY_VALUES+=(\"$(jsonBoolToYesNo \"$_PERF_DEACTIVATED\")\")\n  fi\n\n  # config.messaging_auto_init_enabled\n  _MESSAGING_AUTO_INIT=$(getFirebaseJsonKeyValue \"$_JSON_OUTPUT_RAW\" \"messaging_auto_init_enabled\")\n  if [[ $_MESSAGING_AUTO_INIT ]]; then\n    _PLIST_ENTRY_KEYS+=(\"FirebaseMessagingAutoInitEnabled\")\n    _PLIST_ENTRY_TYPES+=(\"bool\")\n    _PLIST_ENTRY_VALUES+=(\"$(jsonBoolToYesNo \"$_MESSAGING_AUTO_INIT\")\")\n  fi\n\n  # config.in_app_messaging_auto_colllection_enabled\n  _FIAM_AUTO_INIT=$(getFirebaseJsonKeyValue \"$_JSON_OUTPUT_RAW\" \"in_app_messaging_auto_collection_enabled\")\n  if [[ $_FIAM_AUTO_INIT ]]; then\n    _PLIST_ENTRY_KEYS+=(\"FirebaseInAppMessagingAutomaticDataCollectionEnabled\")\n    _PLIST_ENTRY_TYPES+=(\"bool\")\n    _PLIST_ENTRY_VALUES+=(\"$(jsonBoolToYesNo \"$_FIAM_AUTO_INIT\")\")\n  fi\n\n  # config.app_check_token_auto_refresh\n  _APP_CHECK_TOKEN_AUTO_REFRESH=$(getFirebaseJsonKeyValue \"$_JSON_OUTPUT_RAW\" \"app_check_token_auto_refresh\")\n  if [[ $_APP_CHECK_TOKEN_AUTO_REFRESH ]]; then\n    _PLIST_ENTRY_KEYS+=(\"FirebaseAppCheckTokenAutoRefreshEnabled\")\n    _PLIST_ENTRY_TYPES+=(\"bool\")\n    _PLIST_ENTRY_VALUES+=(\"$(jsonBoolToYesNo \"$_APP_CHECK_TOKEN_AUTO_REFRESH\")\")\n  fi\n\n  # config.crashlytics_disable_auto_disabler - undocumented for now - mainly for debugging, document if becomes useful\n  _CRASHLYTICS_AUTO_DISABLE_ENABLED=$(getFirebaseJsonKeyValue \"$_JSON_OUTPUT_RAW\" \"crashlytics_disable_auto_disabler\")\n  if [[ $_CRASHLYTICS_AUTO_DISABLE_ENABLED == \"true\" ]]; then\n    echo \"Disabled Crashlytics auto disabler.\" # do nothing\n  else\n    _PLIST_ENTRY_KEYS+=(\"FirebaseCrashlyticsCollectionEnabled\")\n    _PLIST_ENTRY_TYPES+=(\"bool\")\n    _PLIST_ENTRY_VALUES+=(\"NO\")\n  fi\nelse\n  _PLIST_ENTRY_KEYS+=(\"firebase_json_raw\")\n  _PLIST_ENTRY_TYPES+=(\"string\")\n  _PLIST_ENTRY_VALUES+=(\"$_JSON_OUTPUT_BASE64\")\n  echo \"warning:   A firebase.json file was not found, whilst this file is optional it is recommended to include it to configure firebase services in React Native Firebase.\"\nfi;\n\necho \"info: 2) Injecting Info.plist entries: \"\n\n# Log out the keys we're adding\nfor i in \"${!_PLIST_ENTRY_KEYS[@]}\"; do\n  echo \"    ->  $i) ${_PLIST_ENTRY_KEYS[$i]}\" \"${_PLIST_ENTRY_TYPES[$i]}\" \"${_PLIST_ENTRY_VALUES[$i]}\"\ndone\n\nfor plist in \"${_TARGET_PLIST}\" \"${_DSYM_PLIST}\" ; do\n  if [[ -f \"${plist}\" ]]; then\n\n    # paths with spaces break the call to setPlistValue. temporarily modify\n    # the shell internal field separator variable (IFS), which normally\n    # includes spaces, to consist only of line breaks\n    oldifs=$IFS\n    IFS=\"\n\"\n\n    for i in \"${!_PLIST_ENTRY_KEYS[@]}\"; do\n      setPlistValue \"${_PLIST_ENTRY_KEYS[$i]}\" \"${_PLIST_ENTRY_TYPES[$i]}\" \"${_PLIST_ENTRY_VALUES[$i]}\" \"${plist}\"\n    done\n\n    # restore the original internal field separator value\n    IFS=$oldifs\n  else\n    echo \"warning:   A Info.plist build output file was not found (${plist})\"\n  fi\ndone\n\necho \"info: <- RNFB build script finished\"\n";
		};
/* End PBXShellScriptBuildPhase section */

/* Begin PBXSourcesBuildPhase section */
		13B07F871A680F5B00A75B9A /* Sources */ = {
			isa = PBXSourcesBuildPhase;
			buildActionMask = 2147483647;
			files = (
				F11748422D0307B40044C1D9 /* AppDelegate.swift in Sources */,
				D831ECD1AC539C853B633BF7 /* ExpoModulesProvider.swift in Sources */,
			);
			runOnlyForDeploymentPostprocessing = 0;
		};
/* End PBXSourcesBuildPhase section */

/* Begin XCBuildConfiguration section */
		13B07F941A680F5B00A75B9A /* Debug */ = {
			isa = XCBuildConfiguration;
			baseConfigurationReference = B8320A1275BB952A0A842F6E /* Pods-ArkhamCards.debug.xcconfig */;
			buildSettings = {
				ASSETCATALOG_COMPILER_APPICON_NAME = AppIcon;
				CLANG_ENABLE_MODULES = YES;
				CODE_SIGN_ENTITLEMENTS = ArkhamCards/ArkhamCards.entitlements;
				CURRENT_PROJECT_VERSION = 1;
				ENABLE_BITCODE = NO;
				GCC_PREPROCESSOR_DEFINITIONS = (
					"$(inherited)",
					"FB_SONARKIT_ENABLED=1",
				);
				INFOPLIST_FILE = ArkhamCards/Info.plist;
				IPHONEOS_DEPLOYMENT_TARGET = 15.1;
				LD_RUNPATH_SEARCH_PATHS = (
					"$(inherited)",
					"@executable_path/Frameworks",
				);
				MARKETING_VERSION = 1.0;
				OTHER_LDFLAGS = (
					"$(inherited)",
					"-ObjC",
					"-lc++",
				);
				OTHER_SWIFT_FLAGS = "$(inherited) -D EXPO_CONFIGURATION_DEBUG";
				PRODUCT_BUNDLE_IDENTIFIER = com.arkhamcards.ArkhamCards;
				PRODUCT_NAME = ArkhamCards;
				SWIFT_OBJC_BRIDGING_HEADER = "ArkhamCards/ArkhamCards-Bridging-Header.h";
				SWIFT_OPTIMIZATION_LEVEL = "-Onone";
				SWIFT_VERSION = 5.0;
				TARGETED_DEVICE_FAMILY = "1,2";
				VERSIONING_SYSTEM = "apple-generic";
			};
			name = Debug;
		};
		13B07F951A680F5B00A75B9A /* Release */ = {
			isa = XCBuildConfiguration;
			baseConfigurationReference = 816869DB2428A3C8C0755070 /* Pods-ArkhamCards.release.xcconfig */;
			buildSettings = {
				ASSETCATALOG_COMPILER_APPICON_NAME = AppIcon;
				CLANG_ENABLE_MODULES = YES;
				CODE_SIGN_ENTITLEMENTS = ArkhamCards/ArkhamCards.entitlements;
				CURRENT_PROJECT_VERSION = 1;
				INFOPLIST_FILE = ArkhamCards/Info.plist;
				IPHONEOS_DEPLOYMENT_TARGET = 15.1;
				LD_RUNPATH_SEARCH_PATHS = (
					"$(inherited)",
					"@executable_path/Frameworks",
				);
				MARKETING_VERSION = 1.0;
				OTHER_LDFLAGS = (
					"$(inherited)",
					"-ObjC",
					"-lc++",
				);
				OTHER_SWIFT_FLAGS = "$(inherited) -D EXPO_CONFIGURATION_RELEASE";
				PRODUCT_BUNDLE_IDENTIFIER = com.arkhamcards.ArkhamCards;
				PRODUCT_NAME = ArkhamCards;
				SWIFT_OBJC_BRIDGING_HEADER = "ArkhamCards/ArkhamCards-Bridging-Header.h";
				SWIFT_VERSION = 5.0;
				TARGETED_DEVICE_FAMILY = "1,2";
				VERSIONING_SYSTEM = "apple-generic";
			};
			name = Release;
		};
		83CBBA201A601CBA00E9B192 /* Debug */ = {
			isa = XCBuildConfiguration;
			buildSettings = {
				ALWAYS_SEARCH_USER_PATHS = NO;
				CLANG_ANALYZER_LOCALIZABILITY_NONLOCALIZED = YES;
				CLANG_CXX_LANGUAGE_STANDARD = "c++20";
				CLANG_CXX_LIBRARY = "libc++";
				CLANG_ENABLE_MODULES = YES;
				CLANG_ENABLE_OBJC_ARC = YES;
				CLANG_WARN_BLOCK_CAPTURE_AUTORELEASING = YES;
				CLANG_WARN_BOOL_CONVERSION = YES;
				CLANG_WARN_COMMA = YES;
				CLANG_WARN_CONSTANT_CONVERSION = YES;
				CLANG_WARN_DEPRECATED_OBJC_IMPLEMENTATIONS = YES;
				CLANG_WARN_DIRECT_OBJC_ISA_USAGE = YES_ERROR;
				CLANG_WARN_EMPTY_BODY = YES;
				CLANG_WARN_ENUM_CONVERSION = YES;
				CLANG_WARN_INFINITE_RECURSION = YES;
				CLANG_WARN_INT_CONVERSION = YES;
				CLANG_WARN_NON_LITERAL_NULL_CONVERSION = YES;
				CLANG_WARN_OBJC_IMPLICIT_RETAIN_SELF = YES;
				CLANG_WARN_OBJC_LITERAL_CONVERSION = YES;
				CLANG_WARN_OBJC_ROOT_CLASS = YES_ERROR;
				CLANG_WARN_RANGE_LOOP_ANALYSIS = YES;
				CLANG_WARN_STRICT_PROTOTYPES = YES;
				CLANG_WARN_SUSPICIOUS_MOVE = YES;
				CLANG_WARN_UNREACHABLE_CODE = YES;
				CLANG_WARN__DUPLICATE_METHOD_MATCH = YES;
				"CODE_SIGN_IDENTITY[sdk=iphoneos*]" = "iPhone Developer";
				COPY_PHASE_STRIP = NO;
				ENABLE_STRICT_OBJC_MSGSEND = YES;
				ENABLE_TESTABILITY = YES;
				GCC_C_LANGUAGE_STANDARD = gnu99;
				GCC_DYNAMIC_NO_PIC = NO;
				GCC_NO_COMMON_BLOCKS = YES;
				GCC_OPTIMIZATION_LEVEL = 0;
				GCC_PREPROCESSOR_DEFINITIONS = (
					"DEBUG=1",
					"$(inherited)",
				);
				GCC_SYMBOLS_PRIVATE_EXTERN = NO;
				GCC_WARN_64_TO_32_BIT_CONVERSION = YES;
				GCC_WARN_ABOUT_RETURN_TYPE = YES_ERROR;
				GCC_WARN_UNDECLARED_SELECTOR = YES;
				GCC_WARN_UNINITIALIZED_AUTOS = YES_AGGRESSIVE;
				GCC_WARN_UNUSED_FUNCTION = YES;
				GCC_WARN_UNUSED_VARIABLE = YES;
				HEADER_SEARCH_PATHS = (
					"$(inherited)",
					"${PODS_CONFIGURATION_BUILD_DIR}/ReactCommon/ReactCommon.framework/Headers",
					"${PODS_CONFIGURATION_BUILD_DIR}/ReactCommon/ReactCommon.framework/Headers/react/nativemodule/core",
					"${PODS_CONFIGURATION_BUILD_DIR}/ReactCommon-Samples/ReactCommon_Samples.framework/Headers",
					"${PODS_CONFIGURATION_BUILD_DIR}/ReactCommon-Samples/ReactCommon_Samples.framework/Headers/platform/ios",
					"${PODS_CONFIGURATION_BUILD_DIR}/React-Fabric/React_Fabric.framework/Headers/react/renderer/components/view/platform/cxx",
					"${PODS_CONFIGURATION_BUILD_DIR}/React-NativeModulesApple/React_NativeModulesApple.framework/Headers",
					"${PODS_CONFIGURATION_BUILD_DIR}/React-graphics/React_graphics.framework/Headers",
					"${PODS_CONFIGURATION_BUILD_DIR}/React-graphics/React_graphics.framework/Headers/react/renderer/graphics/platform/ios",
				);
				IPHONEOS_DEPLOYMENT_TARGET = 15.1;
				LD_RUNPATH_SEARCH_PATHS = (
					/usr/lib/swift,
					"$(inherited)",
				);
				LIBRARY_SEARCH_PATHS = "$(SDKROOT)/usr/lib/swift\"$(inherited)\"";
				MTL_ENABLE_DEBUG_INFO = YES;
				ONLY_ACTIVE_ARCH = YES;
				OTHER_LDFLAGS = (
					"$(inherited)",
					" ",
				);
				REACT_NATIVE_PATH = "${PODS_ROOT}/../../node_modules/react-native";
				SDKROOT = iphoneos;
				SWIFT_ACTIVE_COMPILATION_CONDITIONS = "$(inherited) DEBUG";
				USE_HERMES = true;
			};
			name = Debug;
		};
		83CBBA211A601CBA00E9B192 /* Release */ = {
			isa = XCBuildConfiguration;
			buildSettings = {
				ALWAYS_SEARCH_USER_PATHS = NO;
				CLANG_ANALYZER_LOCALIZABILITY_NONLOCALIZED = YES;
				CLANG_CXX_LANGUAGE_STANDARD = "c++20";
				CLANG_CXX_LIBRARY = "libc++";
				CLANG_ENABLE_MODULES = YES;
				CLANG_ENABLE_OBJC_ARC = YES;
				CLANG_WARN_BLOCK_CAPTURE_AUTORELEASING = YES;
				CLANG_WARN_BOOL_CONVERSION = YES;
				CLANG_WARN_COMMA = YES;
				CLANG_WARN_CONSTANT_CONVERSION = YES;
				CLANG_WARN_DEPRECATED_OBJC_IMPLEMENTATIONS = YES;
				CLANG_WARN_DIRECT_OBJC_ISA_USAGE = YES_ERROR;
				CLANG_WARN_EMPTY_BODY = YES;
				CLANG_WARN_ENUM_CONVERSION = YES;
				CLANG_WARN_INFINITE_RECURSION = YES;
				CLANG_WARN_INT_CONVERSION = YES;
				CLANG_WARN_NON_LITERAL_NULL_CONVERSION = YES;
				CLANG_WARN_OBJC_IMPLICIT_RETAIN_SELF = YES;
				CLANG_WARN_OBJC_LITERAL_CONVERSION = YES;
				CLANG_WARN_OBJC_ROOT_CLASS = YES_ERROR;
				CLANG_WARN_RANGE_LOOP_ANALYSIS = YES;
				CLANG_WARN_STRICT_PROTOTYPES = YES;
				CLANG_WARN_SUSPICIOUS_MOVE = YES;
				CLANG_WARN_UNREACHABLE_CODE = YES;
				CLANG_WARN__DUPLICATE_METHOD_MATCH = YES;
				"CODE_SIGN_IDENTITY[sdk=iphoneos*]" = "iPhone Developer";
				COPY_PHASE_STRIP = YES;
				ENABLE_NS_ASSERTIONS = NO;
				ENABLE_STRICT_OBJC_MSGSEND = YES;
				GCC_C_LANGUAGE_STANDARD = gnu99;
				GCC_NO_COMMON_BLOCKS = YES;
				GCC_WARN_64_TO_32_BIT_CONVERSION = YES;
				GCC_WARN_ABOUT_RETURN_TYPE = YES_ERROR;
				GCC_WARN_UNDECLARED_SELECTOR = YES;
				GCC_WARN_UNINITIALIZED_AUTOS = YES_AGGRESSIVE;
				GCC_WARN_UNUSED_FUNCTION = YES;
				GCC_WARN_UNUSED_VARIABLE = YES;
				HEADER_SEARCH_PATHS = (
					"$(inherited)",
					"${PODS_CONFIGURATION_BUILD_DIR}/ReactCommon/ReactCommon.framework/Headers",
					"${PODS_CONFIGURATION_BUILD_DIR}/ReactCommon/ReactCommon.framework/Headers/react/nativemodule/core",
					"${PODS_CONFIGURATION_BUILD_DIR}/ReactCommon-Samples/ReactCommon_Samples.framework/Headers",
					"${PODS_CONFIGURATION_BUILD_DIR}/ReactCommon-Samples/ReactCommon_Samples.framework/Headers/platform/ios",
					"${PODS_CONFIGURATION_BUILD_DIR}/React-Fabric/React_Fabric.framework/Headers/react/renderer/components/view/platform/cxx",
					"${PODS_CONFIGURATION_BUILD_DIR}/React-NativeModulesApple/React_NativeModulesApple.framework/Headers",
					"${PODS_CONFIGURATION_BUILD_DIR}/React-graphics/React_graphics.framework/Headers",
					"${PODS_CONFIGURATION_BUILD_DIR}/React-graphics/React_graphics.framework/Headers/react/renderer/graphics/platform/ios",
				);
				IPHONEOS_DEPLOYMENT_TARGET = 15.1;
				LD_RUNPATH_SEARCH_PATHS = (
					/usr/lib/swift,
					"$(inherited)",
				);
				LIBRARY_SEARCH_PATHS = "$(SDKROOT)/usr/lib/swift\"$(inherited)\"";
				MTL_ENABLE_DEBUG_INFO = NO;
				OTHER_LDFLAGS = (
					"$(inherited)",
					" ",
				);
				REACT_NATIVE_PATH = "${PODS_ROOT}/../../node_modules/react-native";
				SDKROOT = iphoneos;
				USE_HERMES = true;
				VALIDATE_PRODUCT = YES;
			};
			name = Release;
		};
/* End XCBuildConfiguration section */

/* Begin XCConfigurationList section */
		13B07F931A680F5B00A75B9A /* Build configuration list for PBXNativeTarget "ArkhamCards" */ = {
			isa = XCConfigurationList;
			buildConfigurations = (
				13B07F941A680F5B00A75B9A /* Debug */,
				13B07F951A680F5B00A75B9A /* Release */,
			);
			defaultConfigurationIsVisible = 0;
			defaultConfigurationName = Release;
		};
		83CBB9FA1A601CBA00E9B192 /* Build configuration list for PBXProject "ArkhamCards" */ = {
			isa = XCConfigurationList;
			buildConfigurations = (
				83CBBA201A601CBA00E9B192 /* Debug */,
				83CBBA211A601CBA00E9B192 /* Release */,
			);
			defaultConfigurationIsVisible = 0;
			defaultConfigurationName = Release;
		};
/* End XCConfigurationList section */
	};
	rootObject = 83CBB9F71A601CBA00E9B192 /* Project object */;
}
