// !$*UTF8*$!
{
	archiveVersion = 1;
	classes = {
	};
	objectVersion = 46;
	objects = {

/* Begin PBXBuildFile section */
		01015A0A270197D2D241B585 /* Pods_ArkhamCards.framework in Frameworks */ = {isa = PBXBuildFile; fileRef = DFF31ECF76E9509BC1230822 /* Pods_ArkhamCards.framework */; };
		02D002FD495C486485296EE5 /* AppCenter-Config.plist in Resources */ = {isa = PBXBuildFile; fileRef = EA9558AF96C7453B9D642AC9 /* AppCenter-Config.plist */; };
		13B07FBD1A68108700A75B9A /* LaunchScreen.xib in Resources */ = {isa = PBXBuildFile; fileRef = 13B07FB11A68108700A75B9A /* LaunchScreen.xib */; };
		13B07FBF1A68108700A75B9A /* Images.xcassets in Resources */ = {isa = PBXBuildFile; fileRef = 13B07FB51A68108700A75B9A /* Images.xcassets */; };
		13B07FC11A68108700A75B9A /* main.m in Sources */ = {isa = PBXBuildFile; fileRef = 13B07FB71A68108700A75B9A /* main.m */; };
		6506962425D05D5300B134B0 /* tokens.ttf in Resources */ = {isa = PBXBuildFile; fileRef = 6506962325D05D5300B134B0 /* tokens.ttf */; };
		650DBD8426EFA507006170CC /* edge.ttf in Resources */ = {isa = PBXBuildFile; fileRef = 650DBD8326EFA507006170CC /* edge.ttf */; };
		651B383B251ACF8900D9D054 /* AboutDead.ttf in Resources */ = {isa = PBXBuildFile; fileRef = 651B383A251ACF8900D9D054 /* AboutDead.ttf */; };
		651E8AC92911A8B600A48E56 /* AlegreyaSC-Medium.ttf in Resources */ = {isa = PBXBuildFile; fileRef = 651E8AC82911A8B600A48E56 /* AlegreyaSC-Medium.ttf */; };
		651E8ACC2912FE6600A48E56 /* DMSerifDisplay-Italic.ttf in Resources */ = {isa = PBXBuildFile; fileRef = 651E8ACA2912FE6600A48E56 /* DMSerifDisplay-Italic.ttf */; };
		651E8ACD2912FE6600A48E56 /* DMSerifDisplay-Regular.ttf in Resources */ = {isa = PBXBuildFile; fileRef = 651E8ACB2912FE6600A48E56 /* DMSerifDisplay-Regular.ttf */; };
		652421212054950E00FF6DB9 /* carcosa.ttf in Resources */ = {isa = PBXBuildFile; fileRef = 652420F42054950D00FF6DB9 /* carcosa.ttf */; };
		652421232054951A00FF6DB9 /* coreset.ttf in Resources */ = {isa = PBXBuildFile; fileRef = 652421222054951A00FF6DB9 /* coreset.ttf */; };
		652421252054954F00FF6DB9 /* dunwich.ttf in Resources */ = {isa = PBXBuildFile; fileRef = 652421242054954F00FF6DB9 /* dunwich.ttf */; };
		652EB73A226BAF7800F6D790 /* de.po.json in Resources */ = {isa = PBXBuildFile; fileRef = 652EB6FA226BAF7800F6D790 /* de.po.json */; };
		652EB73C226BAF8400F6D790 /* en.po.json in Resources */ = {isa = PBXBuildFile; fileRef = 652EB73B226BAF8400F6D790 /* en.po.json */; };
		652EB73E226BAF9300F6D790 /* es.po.json in Resources */ = {isa = PBXBuildFile; fileRef = 652EB73D226BAF9200F6D790 /* es.po.json */; };
		652EB740226BAF9C00F6D790 /* fr.po.json in Resources */ = {isa = PBXBuildFile; fileRef = 652EB73F226BAF9C00F6D790 /* fr.po.json */; };
		652EB742226BAFA800F6D790 /* it.po.json in Resources */ = {isa = PBXBuildFile; fileRef = 652EB741226BAFA800F6D790 /* it.po.json */; };
		655226B5205D68D70065A1F7 /* standalone.ttf in Resources */ = {isa = PBXBuildFile; fileRef = 65522688205D68D70065A1F7 /* standalone.ttf */; };
		655226F4205EEAF10065A1F7 /* app.ttf in Resources */ = {isa = PBXBuildFile; fileRef = 655226C7205EEAF00065A1F7 /* app.ttf */; };
		655E70E728A0144500DBB0DF /* TT2020StyleE-Regular.ttf in Resources */ = {isa = PBXBuildFile; fileRef = 655E70E628A0144500DBB0DF /* TT2020StyleE-Regular.ttf */; };
		655E70E928A55C7500DBB0DF /* cyclopean.ttf in Resources */ = {isa = PBXBuildFile; fileRef = 655E70E828A55C7400DBB0DF /* cyclopean.ttf */; };
		6560EBDD25A012700076B227 /* GoogleService-Info.plist in Resources */ = {isa = PBXBuildFile; fileRef = 6560EBDC25A012700076B227 /* GoogleService-Info.plist */; };
		656D83DB25AA4AB90010E4CA /* cost.ttf in Resources */ = {isa = PBXBuildFile; fileRef = 656D83DA25AA4AB80010E4CA /* cost.ttf */; };
		656FD53128B2A79A006FBD85 /* AppDelegate.mm in Sources */ = {isa = PBXBuildFile; fileRef = 656FD53028B2A79A006FBD85 /* AppDelegate.mm */; };
		657276692644DE1B00157DE3 /* dark_matter.ttf in Resources */ = {isa = PBXBuildFile; fileRef = 657276682644DE1B00157DE3 /* dark_matter.ttf */; };
		657276D0265984A200157DE3 /* alice.ttf in Resources */ = {isa = PBXBuildFile; fileRef = 657276CF265984A200157DE3 /* alice.ttf */; };
		657276D32659850A00157DE3 /* Caveat.ttf in Resources */ = {isa = PBXBuildFile; fileRef = 657276D22659850A00157DE3 /* Caveat.ttf */; };
		6585116F250D6C0500DCB842 /* Alegreya-Regular.ttf in Resources */ = {isa = PBXBuildFile; fileRef = 6585116D250D6C0500DCB842 /* Alegreya-Regular.ttf */; };
		65851170250D6C0500DCB842 /* Alegreya-Italic.ttf in Resources */ = {isa = PBXBuildFile; fileRef = 6585116E250D6C0500DCB842 /* Alegreya-Italic.ttf */; };
		65851172250D6DB200DCB842 /* Alegreya-Medium.ttf in Resources */ = {isa = PBXBuildFile; fileRef = 65851171250D6DB200DCB842 /* Alegreya-Medium.ttf */; };
		65851174250F047800DCB842 /* Alegreya-Bold.ttf in Resources */ = {isa = PBXBuildFile; fileRef = 65851173250F047800DCB842 /* Alegreya-Bold.ttf */; };
		65862DA125F17A3D00BDD228 /* Teutonic RU.ttf in Resources */ = {isa = PBXBuildFile; fileRef = 65862DA025F17A3D00BDD228 /* Teutonic RU.ttf */; };
		658AF45424FAAD4E00874CA7 /* Conkordia.ttf in Resources */ = {isa = PBXBuildFile; fileRef = 658AF45324FAAD4D00874CA7 /* Conkordia.ttf */; };
		6592B6D128876A3F00F61AB6 /* scarlet.ttf in Resources */ = {isa = PBXBuildFile; fileRef = 6592B6D028876A3F00F61AB6 /* scarlet.ttf */; };
		659EB1BD25118C55007E69E0 /* Alegreya-MediumItalic.ttf in Resources */ = {isa = PBXBuildFile; fileRef = 659EB1BC25118C55007E69E0 /* Alegreya-MediumItalic.ttf */; };
		659EB1BF25118D77007E69E0 /* Alegreya-BoldItalic.ttf in Resources */ = {isa = PBXBuildFile; fileRef = 659EB1BE25118D77007E69E0 /* Alegreya-BoldItalic.ttf */; };
		659EB1C225118E2F007E69E0 /* Alegreya-ExtraBold.ttf in Resources */ = {isa = PBXBuildFile; fileRef = 659EB1C025118E2F007E69E0 /* Alegreya-ExtraBold.ttf */; };
		659EB1C325118E2F007E69E0 /* Alegreya-ExtraBoldItalic.ttf in Resources */ = {isa = PBXBuildFile; fileRef = 659EB1C125118E2F007E69E0 /* Alegreya-ExtraBoldItalic.ttf */; };
		659EB1C525146636007E69E0 /* innsmouth.ttf in Resources */ = {isa = PBXBuildFile; fileRef = 659EB1C425146635007E69E0 /* innsmouth.ttf */; };
		65A43C66233EE33F00A79EA3 /* dreameaters.ttf in Resources */ = {isa = PBXBuildFile; fileRef = 65A43C65233EE33F00A79EA3 /* dreameaters.ttf */; };
		65B74401272B19A800602ACD /* cardicons.ttf in Resources */ = {isa = PBXBuildFile; fileRef = 65B74400272B19A700602ACD /* cardicons.ttf */; };
		65BC36EE20BA1F1100CBA56B /* forgotten.ttf in Resources */ = {isa = PBXBuildFile; fileRef = 6556782820BA144600C18EC4 /* forgotten.ttf */; };
		65C3FAC7242037850014ED97 /* AnkeCalligraphicFG.ttf in Resources */ = {isa = PBXBuildFile; fileRef = 65C3FAC6242037840014ED97 /* AnkeCalligraphicFG.ttf */; };
		65CF51E0220386F400A1D2FA /* circle.ttf in Resources */ = {isa = PBXBuildFile; fileRef = 65CF51DF220386F400A1D2FA /* circle.ttf */; };
		65D3FA06210FF315000F8B9D /* Teutonic.ttf in Resources */ = {isa = PBXBuildFile; fileRef = 65D3FA05210FF315000F8B9D /* Teutonic.ttf */; };
		65EB59152047B67600CC5820 /* arkhamicons.ttf in Resources */ = {isa = PBXBuildFile; fileRef = 65EB59142047B67600CC5820 /* arkhamicons.ttf */; };
		65F8DB9E247EE0B500286F16 /* ko.po.json in Resources */ = {isa = PBXBuildFile; fileRef = 65F8DB9B247EE0B500286F16 /* ko.po.json */; };
		65F8DB9F247EE0B500286F16 /* pl.po.json in Resources */ = {isa = PBXBuildFile; fileRef = 65F8DB9C247EE0B500286F16 /* pl.po.json */; };
		65F8DBA0247EE0B500286F16 /* uk.po.json in Resources */ = {isa = PBXBuildFile; fileRef = 65F8DB9D247EE0B500286F16 /* uk.po.json */; };
		65F8DBA4247EEBC100286F16 /* Bridge.swift in Sources */ = {isa = PBXBuildFile; fileRef = 65F8DBA3247EEBC100286F16 /* Bridge.swift */; };
/* End PBXBuildFile section */

/* Begin PBXFileReference section */
		008F07F21AC5B25A0029DE68 /* main.jsbundle */ = {isa = PBXFileReference; fileEncoding = 4; lastKnownFileType = text; path = main.jsbundle; sourceTree = "<group>"; };
		05473A831C53C7FA3DC2E1A2 /* Pods-ArkhamCardsTests.release.xcconfig */ = {isa = PBXFileReference; includeInIndex = 1; lastKnownFileType = text.xcconfig; name = "Pods-ArkhamCardsTests.release.xcconfig"; path = "Pods/Target Support Files/Pods-ArkhamCardsTests/Pods-ArkhamCardsTests.release.xcconfig"; sourceTree = "<group>"; };
		09B12BAED462D323E8F4C844 /* libPods-ArkhamCards-ArkhamCardsUITests.a */ = {isa = PBXFileReference; explicitFileType = archive.ar; includeInIndex = 0; path = "libPods-ArkhamCards-ArkhamCardsUITests.a"; sourceTree = BUILT_PRODUCTS_DIR; };
		13B07F961A680F5B00A75B9A /* ArkhamCards.app */ = {isa = PBXFileReference; explicitFileType = wrapper.application; includeInIndex = 0; path = ArkhamCards.app; sourceTree = BUILT_PRODUCTS_DIR; };
		13B07FAF1A68108700A75B9A /* AppDelegate.h */ = {isa = PBXFileReference; fileEncoding = 4; lastKnownFileType = sourcecode.c.h; name = AppDelegate.h; path = ArkhamCards/AppDelegate.h; sourceTree = "<group>"; };
		13B07FB21A68108700A75B9A /* Base */ = {isa = PBXFileReference; lastKnownFileType = file.xib; name = Base; path = Base.lproj/LaunchScreen.xib; sourceTree = "<group>"; };
		13B07FB51A68108700A75B9A /* Images.xcassets */ = {isa = PBXFileReference; lastKnownFileType = folder.assetcatalog; name = Images.xcassets; path = ArkhamCards/Images.xcassets; sourceTree = "<group>"; };
		13B07FB61A68108700A75B9A /* Info.plist */ = {isa = PBXFileReference; fileEncoding = 4; lastKnownFileType = text.plist.xml; name = Info.plist; path = ArkhamCards/Info.plist; sourceTree = "<group>"; };
		13B07FB71A68108700A75B9A /* main.m */ = {isa = PBXFileReference; fileEncoding = 4; lastKnownFileType = sourcecode.c.objc; name = main.m; path = ArkhamCards/main.m; sourceTree = "<group>"; };
		184A961D85085A21CA4AAC7A /* libPods-ArkhamCards-ArkhamCardsTests.a */ = {isa = PBXFileReference; explicitFileType = archive.ar; includeInIndex = 0; path = "libPods-ArkhamCards-ArkhamCardsTests.a"; sourceTree = BUILT_PRODUCTS_DIR; };
		231B73C11372A5E199409AAE /* Pods-ArkhamCards-ArkhamCardsUITests.release.xcconfig */ = {isa = PBXFileReference; includeInIndex = 1; lastKnownFileType = text.xcconfig; name = "Pods-ArkhamCards-ArkhamCardsUITests.release.xcconfig"; path = "Pods/Target Support Files/Pods-ArkhamCards-ArkhamCardsUITests/Pods-ArkhamCards-ArkhamCardsUITests.release.xcconfig"; sourceTree = "<group>"; };
		3B0BDDE31E78DE8A3A314744 /* Pods-ArkhamCards.release.xcconfig */ = {isa = PBXFileReference; includeInIndex = 1; lastKnownFileType = text.xcconfig; name = "Pods-ArkhamCards.release.xcconfig"; path = "Pods/Target Support Files/Pods-ArkhamCards/Pods-ArkhamCards.release.xcconfig"; sourceTree = "<group>"; };
		6505E51F24DA59A4001DF983 /* libReact-jsi.a */ = {isa = PBXFileReference; explicitFileType = archive.ar; path = "libReact-jsi.a"; sourceTree = BUILT_PRODUCTS_DIR; };
		6505E52124DA64AC001DF983 /* libswiftCore.tbd */ = {isa = PBXFileReference; lastKnownFileType = "sourcecode.text-based-dylib-definition"; name = libswiftCore.tbd; path = Platforms/MacOSX.platform/Developer/SDKs/MacOSX10.15.sdk/usr/lib/swift/libswiftCore.tbd; sourceTree = DEVELOPER_DIR; };
		6505E52324DDD6F0001DF983 /* ArkhamCards.entitlements */ = {isa = PBXFileReference; lastKnownFileType = text.plist.entitlements; name = ArkhamCards.entitlements; path = ArkhamCards/ArkhamCards.entitlements; sourceTree = "<group>"; };
		6506962325D05D5300B134B0 /* tokens.ttf */ = {isa = PBXFileReference; lastKnownFileType = file; name = tokens.ttf; path = ../assets/tokens.ttf; sourceTree = "<group>"; };
		650DBD8326EFA507006170CC /* edge.ttf */ = {isa = PBXFileReference; lastKnownFileType = file; name = edge.ttf; path = ../assets/edge.ttf; sourceTree = "<group>"; };
		651B383A251ACF8900D9D054 /* AboutDead.ttf */ = {isa = PBXFileReference; lastKnownFileType = file; name = AboutDead.ttf; path = ../assets/AboutDead.ttf; sourceTree = "<group>"; };
		651E8AC82911A8B600A48E56 /* AlegreyaSC-Medium.ttf */ = {isa = PBXFileReference; lastKnownFileType = file; name = "AlegreyaSC-Medium.ttf"; path = "../assets/AlegreyaSC-Medium.ttf"; sourceTree = "<group>"; };
		651E8ACA2912FE6600A48E56 /* DMSerifDisplay-Italic.ttf */ = {isa = PBXFileReference; lastKnownFileType = file; name = "DMSerifDisplay-Italic.ttf"; path = "../assets/DMSerifDisplay-Italic.ttf"; sourceTree = "<group>"; };
		651E8ACB2912FE6600A48E56 /* DMSerifDisplay-Regular.ttf */ = {isa = PBXFileReference; lastKnownFileType = file; name = "DMSerifDisplay-Regular.ttf"; path = "../assets/DMSerifDisplay-Regular.ttf"; sourceTree = "<group>"; };
		652420F42054950D00FF6DB9 /* carcosa.ttf */ = {isa = PBXFileReference; lastKnownFileType = file; name = carcosa.ttf; path = ../assets/carcosa.ttf; sourceTree = "<group>"; };
		652421222054951A00FF6DB9 /* coreset.ttf */ = {isa = PBXFileReference; lastKnownFileType = file; name = coreset.ttf; path = ../assets/coreset.ttf; sourceTree = "<group>"; };
		652421242054954F00FF6DB9 /* dunwich.ttf */ = {isa = PBXFileReference; lastKnownFileType = file; name = dunwich.ttf; path = ../assets/dunwich.ttf; sourceTree = "<group>"; };
		652EB6FA226BAF7800F6D790 /* de.po.json */ = {isa = PBXFileReference; fileEncoding = 4; lastKnownFileType = text.json; name = de.po.json; path = ../assets/i18n/de.po.json; sourceTree = "<group>"; };
		652EB73B226BAF8400F6D790 /* en.po.json */ = {isa = PBXFileReference; fileEncoding = 4; lastKnownFileType = text.json; name = en.po.json; path = ../assets/i18n/en.po.json; sourceTree = "<group>"; };
		652EB73D226BAF9200F6D790 /* es.po.json */ = {isa = PBXFileReference; fileEncoding = 4; lastKnownFileType = text.json; name = es.po.json; path = ../assets/i18n/es.po.json; sourceTree = "<group>"; };
		652EB73F226BAF9C00F6D790 /* fr.po.json */ = {isa = PBXFileReference; fileEncoding = 4; lastKnownFileType = text.json; name = fr.po.json; path = ../assets/i18n/fr.po.json; sourceTree = "<group>"; };
		652EB741226BAFA800F6D790 /* it.po.json */ = {isa = PBXFileReference; fileEncoding = 4; lastKnownFileType = text.json; name = it.po.json; path = ../assets/i18n/it.po.json; sourceTree = "<group>"; };
		6530148B259FD4EA009A53AB /* ArkhamCardsDebug.entitlements */ = {isa = PBXFileReference; lastKnownFileType = text.plist.entitlements; name = ArkhamCardsDebug.entitlements; path = ArkhamCards/ArkhamCardsDebug.entitlements; sourceTree = "<group>"; };
		6543ABA721C19C570098803A /* ArkhamCards-Bridging-Header.h */ = {isa = PBXFileReference; lastKnownFileType = sourcecode.c.h; path = "ArkhamCards-Bridging-Header.h"; sourceTree = "<group>"; };
		65522688205D68D70065A1F7 /* standalone.ttf */ = {isa = PBXFileReference; lastKnownFileType = file; name = standalone.ttf; path = ../assets/standalone.ttf; sourceTree = "<group>"; };
		655226C7205EEAF00065A1F7 /* app.ttf */ = {isa = PBXFileReference; lastKnownFileType = file; name = app.ttf; path = ../assets/app.ttf; sourceTree = "<group>"; };
		6556782820BA144600C18EC4 /* forgotten.ttf */ = {isa = PBXFileReference; lastKnownFileType = file; name = forgotten.ttf; path = ../assets/forgotten.ttf; sourceTree = "<group>"; };
		655E70E628A0144500DBB0DF /* TT2020StyleE-Regular.ttf */ = {isa = PBXFileReference; lastKnownFileType = file; name = "TT2020StyleE-Regular.ttf"; path = "../assets/TT2020StyleE-Regular.ttf"; sourceTree = "<group>"; };
		655E70E828A55C7400DBB0DF /* cyclopean.ttf */ = {isa = PBXFileReference; lastKnownFileType = file; name = cyclopean.ttf; path = ../assets/cyclopean.ttf; sourceTree = "<group>"; };
		6560EBDC25A012700076B227 /* GoogleService-Info.plist */ = {isa = PBXFileReference; fileEncoding = 4; lastKnownFileType = text.plist.xml; path = "GoogleService-Info.plist"; sourceTree = "<group>"; };
		656D83DA25AA4AB80010E4CA /* cost.ttf */ = {isa = PBXFileReference; lastKnownFileType = file; name = cost.ttf; path = ../assets/cost.ttf; sourceTree = "<group>"; };
		656FD53028B2A79A006FBD85 /* AppDelegate.mm */ = {isa = PBXFileReference; fileEncoding = 4; lastKnownFileType = sourcecode.cpp.objcpp; name = AppDelegate.mm; path = ArkhamCards/AppDelegate.mm; sourceTree = "<group>"; };
		657276682644DE1B00157DE3 /* dark_matter.ttf */ = {isa = PBXFileReference; lastKnownFileType = file; name = dark_matter.ttf; path = ../assets/dark_matter.ttf; sourceTree = "<group>"; };
		657276CF265984A200157DE3 /* alice.ttf */ = {isa = PBXFileReference; lastKnownFileType = file; name = alice.ttf; path = ../assets/alice.ttf; sourceTree = "<group>"; };
		657276D22659850A00157DE3 /* Caveat.ttf */ = {isa = PBXFileReference; lastKnownFileType = file; name = Caveat.ttf; path = ../assets/Caveat.ttf; sourceTree = "<group>"; };
		6585116D250D6C0500DCB842 /* Alegreya-Regular.ttf */ = {isa = PBXFileReference; lastKnownFileType = file; name = "Alegreya-Regular.ttf"; path = "../assets/Alegreya-Regular.ttf"; sourceTree = "<group>"; };
		6585116E250D6C0500DCB842 /* Alegreya-Italic.ttf */ = {isa = PBXFileReference; lastKnownFileType = file; name = "Alegreya-Italic.ttf"; path = "../assets/Alegreya-Italic.ttf"; sourceTree = "<group>"; };
		65851171250D6DB200DCB842 /* Alegreya-Medium.ttf */ = {isa = PBXFileReference; lastKnownFileType = file; name = "Alegreya-Medium.ttf"; path = "../assets/Alegreya-Medium.ttf"; sourceTree = "<group>"; };
		65851173250F047800DCB842 /* Alegreya-Bold.ttf */ = {isa = PBXFileReference; lastKnownFileType = file; name = "Alegreya-Bold.ttf"; path = "../assets/Alegreya-Bold.ttf"; sourceTree = "<group>"; };
		65862DA025F17A3D00BDD228 /* Teutonic RU.ttf */ = {isa = PBXFileReference; lastKnownFileType = file; name = "Teutonic RU.ttf"; path = "../assets/Teutonic RU.ttf"; sourceTree = "<group>"; };
		658AF45324FAAD4D00874CA7 /* Conkordia.ttf */ = {isa = PBXFileReference; lastKnownFileType = file; name = Conkordia.ttf; path = ../assets/Conkordia.ttf; sourceTree = "<group>"; };
		6592B6D028876A3F00F61AB6 /* scarlet.ttf */ = {isa = PBXFileReference; lastKnownFileType = file; name = scarlet.ttf; path = ../assets/scarlet.ttf; sourceTree = "<group>"; };
		659EB1BC25118C55007E69E0 /* Alegreya-MediumItalic.ttf */ = {isa = PBXFileReference; lastKnownFileType = file; name = "Alegreya-MediumItalic.ttf"; path = "../assets/Alegreya-MediumItalic.ttf"; sourceTree = "<group>"; };
		659EB1BE25118D77007E69E0 /* Alegreya-BoldItalic.ttf */ = {isa = PBXFileReference; lastKnownFileType = file; name = "Alegreya-BoldItalic.ttf"; path = "../assets/Alegreya-BoldItalic.ttf"; sourceTree = "<group>"; };
		659EB1C025118E2F007E69E0 /* Alegreya-ExtraBold.ttf */ = {isa = PBXFileReference; lastKnownFileType = file; name = "Alegreya-ExtraBold.ttf"; path = "../assets/Alegreya-ExtraBold.ttf"; sourceTree = "<group>"; };
		659EB1C125118E2F007E69E0 /* Alegreya-ExtraBoldItalic.ttf */ = {isa = PBXFileReference; lastKnownFileType = file; name = "Alegreya-ExtraBoldItalic.ttf"; path = "../assets/Alegreya-ExtraBoldItalic.ttf"; sourceTree = "<group>"; };
		659EB1C425146635007E69E0 /* innsmouth.ttf */ = {isa = PBXFileReference; lastKnownFileType = file; name = innsmouth.ttf; path = ../assets/innsmouth.ttf; sourceTree = "<group>"; };
		65A43C65233EE33F00A79EA3 /* dreameaters.ttf */ = {isa = PBXFileReference; lastKnownFileType = file; name = dreameaters.ttf; path = ../assets/dreameaters.ttf; sourceTree = "<group>"; };
		65B74400272B19A700602ACD /* cardicons.ttf */ = {isa = PBXFileReference; lastKnownFileType = file; name = cardicons.ttf; path = ../assets/cardicons.ttf; sourceTree = "<group>"; };
		65C3FAC6242037840014ED97 /* AnkeCalligraphicFG.ttf */ = {isa = PBXFileReference; lastKnownFileType = file; name = AnkeCalligraphicFG.ttf; path = ../assets/AnkeCalligraphicFG.ttf; sourceTree = "<group>"; };
		65CA4CEA212893160084A1CE /* es */ = {isa = PBXFileReference; lastKnownFileType = text.plist.strings; name = es; path = es.lproj/LaunchScreen.strings; sourceTree = "<group>"; };
		65CA4CEB2128932A0084A1CE /* de */ = {isa = PBXFileReference; lastKnownFileType = text.plist.strings; name = de; path = de.lproj/LaunchScreen.strings; sourceTree = "<group>"; };
		65CA4CEC2128932F0084A1CE /* it */ = {isa = PBXFileReference; lastKnownFileType = text.plist.strings; name = it; path = it.lproj/LaunchScreen.strings; sourceTree = "<group>"; };
		65CA4CED212893370084A1CE /* fr */ = {isa = PBXFileReference; lastKnownFileType = text.plist.strings; name = fr; path = fr.lproj/LaunchScreen.strings; sourceTree = "<group>"; };
		65CF51DF220386F400A1D2FA /* circle.ttf */ = {isa = PBXFileReference; lastKnownFileType = file; name = circle.ttf; path = ../assets/circle.ttf; sourceTree = "<group>"; };
		65D3FA05210FF315000F8B9D /* Teutonic.ttf */ = {isa = PBXFileReference; lastKnownFileType = file; name = Teutonic.ttf; path = ../assets/Teutonic.ttf; sourceTree = "<group>"; };
		65EB59142047B67600CC5820 /* arkhamicons.ttf */ = {isa = PBXFileReference; lastKnownFileType = file; name = arkhamicons.ttf; path = ../assets/arkhamicons.ttf; sourceTree = "<group>"; };
		65F8DB9B247EE0B500286F16 /* ko.po.json */ = {isa = PBXFileReference; fileEncoding = 4; lastKnownFileType = text.json; name = ko.po.json; path = ../assets/i18n/ko.po.json; sourceTree = "<group>"; };
		65F8DB9C247EE0B500286F16 /* pl.po.json */ = {isa = PBXFileReference; fileEncoding = 4; lastKnownFileType = text.json; name = pl.po.json; path = ../assets/i18n/pl.po.json; sourceTree = "<group>"; };
		65F8DB9D247EE0B500286F16 /* uk.po.json */ = {isa = PBXFileReference; fileEncoding = 4; lastKnownFileType = text.json; name = uk.po.json; path = ../assets/i18n/uk.po.json; sourceTree = "<group>"; };
		65F8DBA3247EEBC100286F16 /* Bridge.swift */ = {isa = PBXFileReference; lastKnownFileType = sourcecode.swift; path = Bridge.swift; sourceTree = "<group>"; };
		715668562027058C00376EED /* Pods-ArkhamCards-ArkhamCardsTests.debug.xcconfig */ = {isa = PBXFileReference; includeInIndex = 1; lastKnownFileType = text.xcconfig; name = "Pods-ArkhamCards-ArkhamCardsTests.debug.xcconfig"; path = "Pods/Target Support Files/Pods-ArkhamCards-ArkhamCardsTests/Pods-ArkhamCards-ArkhamCardsTests.debug.xcconfig"; sourceTree = "<group>"; };
		77826D98D567F5BAA673BAA1 /* Pods-ArkhamCards.debug.xcconfig */ = {isa = PBXFileReference; includeInIndex = 1; lastKnownFileType = text.xcconfig; name = "Pods-ArkhamCards.debug.xcconfig"; path = "Pods/Target Support Files/Pods-ArkhamCards/Pods-ArkhamCards.debug.xcconfig"; sourceTree = "<group>"; };
		AF212649A356FC508AC5DF85 /* Pods-ArkhamCardsTests.debug.xcconfig */ = {isa = PBXFileReference; includeInIndex = 1; lastKnownFileType = text.xcconfig; name = "Pods-ArkhamCardsTests.debug.xcconfig"; path = "Pods/Target Support Files/Pods-ArkhamCardsTests/Pods-ArkhamCardsTests.debug.xcconfig"; sourceTree = "<group>"; };
		B45475752BA6DA496FC3752F /* Pods-ArkhamCards-ArkhamCardsUITests.debug.xcconfig */ = {isa = PBXFileReference; includeInIndex = 1; lastKnownFileType = text.xcconfig; name = "Pods-ArkhamCards-ArkhamCardsUITests.debug.xcconfig"; path = "Pods/Target Support Files/Pods-ArkhamCards-ArkhamCardsUITests/Pods-ArkhamCards-ArkhamCardsUITests.debug.xcconfig"; sourceTree = "<group>"; };
		CAB040D549E643C0A271ADCC /* MaterialIcons.ttf */ = {isa = PBXFileReference; explicitFileType = undefined; fileEncoding = 9; includeInIndex = 0; lastKnownFileType = unknown; name = MaterialIcons.ttf; path = "../node_modules/react-native-vector-icons/Fonts/MaterialIcons.ttf"; sourceTree = "<group>"; };
		D015900F71F34A5187CC75F4 /* MaterialCommunityIcons.ttf */ = {isa = PBXFileReference; explicitFileType = undefined; fileEncoding = 9; includeInIndex = 0; lastKnownFileType = unknown; name = MaterialCommunityIcons.ttf; path = "../node_modules/react-native-vector-icons/Fonts/MaterialCommunityIcons.ttf"; sourceTree = "<group>"; };
		DCFA4586462A01391995CA1B /* Pods-ArkhamCards-ArkhamCardsTests.release.xcconfig */ = {isa = PBXFileReference; includeInIndex = 1; lastKnownFileType = text.xcconfig; name = "Pods-ArkhamCards-ArkhamCardsTests.release.xcconfig"; path = "Pods/Target Support Files/Pods-ArkhamCards-ArkhamCardsTests/Pods-ArkhamCards-ArkhamCardsTests.release.xcconfig"; sourceTree = "<group>"; };
		DFF31ECF76E9509BC1230822 /* Pods_ArkhamCards.framework */ = {isa = PBXFileReference; explicitFileType = wrapper.framework; includeInIndex = 0; path = Pods_ArkhamCards.framework; sourceTree = BUILT_PRODUCTS_DIR; };
		EA9558AF96C7453B9D642AC9 /* AppCenter-Config.plist */ = {isa = PBXFileReference; explicitFileType = undefined; fileEncoding = 4; includeInIndex = 0; lastKnownFileType = text.plist.xml; name = "AppCenter-Config.plist"; path = "ArkhamCards/AppCenter-Config.plist"; sourceTree = "<group>"; };
/* End PBXFileReference section */

/* Begin PBXFrameworksBuildPhase section */
		13B07F8C1A680F5B00A75B9A /* Frameworks */ = {
			isa = PBXFrameworksBuildPhase;
			buildActionMask = 2147483647;
			files = (
				01015A0A270197D2D241B585 /* Pods_ArkhamCards.framework in Frameworks */,
			);
			runOnlyForDeploymentPostprocessing = 0;
		};
/* End PBXFrameworksBuildPhase section */

/* Begin PBXGroup section */
		13B07FAE1A68108700A75B9A /* ArkhamCards */ = {
			isa = PBXGroup;
			children = (
				651E8ACA2912FE6600A48E56 /* DMSerifDisplay-Italic.ttf */,
				651E8ACB2912FE6600A48E56 /* DMSerifDisplay-Regular.ttf */,
				651E8AC82911A8B600A48E56 /* AlegreyaSC-Medium.ttf */,
				656FD53028B2A79A006FBD85 /* AppDelegate.mm */,
				655E70E828A55C7400DBB0DF /* cyclopean.ttf */,
				655E70E628A0144500DBB0DF /* TT2020StyleE-Regular.ttf */,
				6592B6D028876A3F00F61AB6 /* scarlet.ttf */,
				65B74400272B19A700602ACD /* cardicons.ttf */,
				650DBD8326EFA507006170CC /* edge.ttf */,
				657276D22659850A00157DE3 /* Caveat.ttf */,
				657276CF265984A200157DE3 /* alice.ttf */,
				657276682644DE1B00157DE3 /* dark_matter.ttf */,
				65862DA025F17A3D00BDD228 /* Teutonic RU.ttf */,
				6506962325D05D5300B134B0 /* tokens.ttf */,
				656D83DA25AA4AB80010E4CA /* cost.ttf */,
				6560EBDC25A012700076B227 /* GoogleService-Info.plist */,
				6530148B259FD4EA009A53AB /* ArkhamCardsDebug.entitlements */,
				651B383A251ACF8900D9D054 /* AboutDead.ttf */,
				659EB1C425146635007E69E0 /* innsmouth.ttf */,
				659EB1C025118E2F007E69E0 /* Alegreya-ExtraBold.ttf */,
				659EB1C125118E2F007E69E0 /* Alegreya-ExtraBoldItalic.ttf */,
				659EB1BE25118D77007E69E0 /* Alegreya-BoldItalic.ttf */,
				659EB1BC25118C55007E69E0 /* Alegreya-MediumItalic.ttf */,
				65851173250F047800DCB842 /* Alegreya-Bold.ttf */,
				65851171250D6DB200DCB842 /* Alegreya-Medium.ttf */,
				6585116E250D6C0500DCB842 /* Alegreya-Italic.ttf */,
				6585116D250D6C0500DCB842 /* Alegreya-Regular.ttf */,
				658AF45324FAAD4D00874CA7 /* Conkordia.ttf */,
				6505E52324DDD6F0001DF983 /* ArkhamCards.entitlements */,
				65F8DB9B247EE0B500286F16 /* ko.po.json */,
				65F8DB9C247EE0B500286F16 /* pl.po.json */,
				65F8DB9D247EE0B500286F16 /* uk.po.json */,
				65C3FAC6242037840014ED97 /* AnkeCalligraphicFG.ttf */,
				652EB741226BAFA800F6D790 /* it.po.json */,
				652EB73F226BAF9C00F6D790 /* fr.po.json */,
				652EB73D226BAF9200F6D790 /* es.po.json */,
				652EB73B226BAF8400F6D790 /* en.po.json */,
				652EB6FA226BAF7800F6D790 /* de.po.json */,
				65CF51DF220386F400A1D2FA /* circle.ttf */,
				65D3FA05210FF315000F8B9D /* Teutonic.ttf */,
				6556782820BA144600C18EC4 /* forgotten.ttf */,
				655226C7205EEAF00065A1F7 /* app.ttf */,
				65522688205D68D70065A1F7 /* standalone.ttf */,
				652421242054954F00FF6DB9 /* dunwich.ttf */,
				65A43C65233EE33F00A79EA3 /* dreameaters.ttf */,
				652421222054951A00FF6DB9 /* coreset.ttf */,
				652420F42054950D00FF6DB9 /* carcosa.ttf */,
				65EB59142047B67600CC5820 /* arkhamicons.ttf */,
				008F07F21AC5B25A0029DE68 /* main.jsbundle */,
				13B07FAF1A68108700A75B9A /* AppDelegate.h */,
				13B07FB51A68108700A75B9A /* Images.xcassets */,
				13B07FB61A68108700A75B9A /* Info.plist */,
				13B07FB11A68108700A75B9A /* LaunchScreen.xib */,
				13B07FB71A68108700A75B9A /* main.m */,
				6543ABA721C19C570098803A /* ArkhamCards-Bridging-Header.h */,
				65F8DBA3247EEBC100286F16 /* Bridge.swift */,
			);
			name = ArkhamCards;
			sourceTree = "<group>";
		};
		2D16E6871FA4F8E400B85C8A /* Frameworks */ = {
			isa = PBXGroup;
			children = (
				6505E52124DA64AC001DF983 /* libswiftCore.tbd */,
				6505E51F24DA59A4001DF983 /* libReact-jsi.a */,
				184A961D85085A21CA4AAC7A /* libPods-ArkhamCards-ArkhamCardsTests.a */,
				09B12BAED462D323E8F4C844 /* libPods-ArkhamCards-ArkhamCardsUITests.a */,
				DFF31ECF76E9509BC1230822 /* Pods_ArkhamCards.framework */,
			);
			name = Frameworks;
			sourceTree = "<group>";
		};
		83CBB9F61A601CBA00E9B192 = {
			isa = PBXGroup;
			children = (
				13B07FAE1A68108700A75B9A /* ArkhamCards */,
				83CBBA001A601CBA00E9B192 /* Products */,
				2D16E6871FA4F8E400B85C8A /* Frameworks */,
				E81D6506D540436FABC9AC12 /* Resources */,
				B695F53172B5785163154255 /* Pods */,
				EA9558AF96C7453B9D642AC9 /* AppCenter-Config.plist */,
			);
			indentWidth = 2;
			sourceTree = "<group>";
			tabWidth = 2;
			usesTabs = 0;
		};
		83CBBA001A601CBA00E9B192 /* Products */ = {
			isa = PBXGroup;
			children = (
				13B07F961A680F5B00A75B9A /* ArkhamCards.app */,
			);
			name = Products;
			sourceTree = "<group>";
		};
		B695F53172B5785163154255 /* Pods */ = {
			isa = PBXGroup;
			children = (
				77826D98D567F5BAA673BAA1 /* Pods-ArkhamCards.debug.xcconfig */,
				3B0BDDE31E78DE8A3A314744 /* Pods-ArkhamCards.release.xcconfig */,
				AF212649A356FC508AC5DF85 /* Pods-ArkhamCardsTests.debug.xcconfig */,
				05473A831C53C7FA3DC2E1A2 /* Pods-ArkhamCardsTests.release.xcconfig */,
				715668562027058C00376EED /* Pods-ArkhamCards-ArkhamCardsTests.debug.xcconfig */,
				DCFA4586462A01391995CA1B /* Pods-ArkhamCards-ArkhamCardsTests.release.xcconfig */,
				B45475752BA6DA496FC3752F /* Pods-ArkhamCards-ArkhamCardsUITests.debug.xcconfig */,
				231B73C11372A5E199409AAE /* Pods-ArkhamCards-ArkhamCardsUITests.release.xcconfig */,
			);
			name = Pods;
			sourceTree = "<group>";
		};
		E81D6506D540436FABC9AC12 /* Resources */ = {
			isa = PBXGroup;
			children = (
				D015900F71F34A5187CC75F4 /* MaterialCommunityIcons.ttf */,
				CAB040D549E643C0A271ADCC /* MaterialIcons.ttf */,
			);
			name = Resources;
			sourceTree = "<group>";
		};
/* End PBXGroup section */

/* Begin PBXNativeTarget section */
		13B07F861A680F5B00A75B9A /* ArkhamCards */ = {
			isa = PBXNativeTarget;
			buildConfigurationList = 13B07F931A680F5B00A75B9A /* Build configuration list for PBXNativeTarget "ArkhamCards" */;
			buildPhases = (
				D2CF3EC98B2CE98156C3E70B /* [CP] Check Pods Manifest.lock */,
				13B07F871A680F5B00A75B9A /* Sources */,
				13B07F8C1A680F5B00A75B9A /* Frameworks */,
				13B07F8E1A680F5B00A75B9A /* Resources */,
				00DD1BFF1BD5951E006B06BC /* Bundle React Native code and images */,
				43A8315ED44922BFDD2193A2 /* [CP-User] [RNFB] Core Configuration */,
				377198CBE2710782ACA2EEAF /* [CP] Embed Pods Frameworks */,
				FF82DA58DD9C3829872B012D /* [CP] Copy Pods Resources */,
			);
			buildRules = (
			);
			dependencies = (
			);
			name = ArkhamCards;
			productName = "Hello World";
			productReference = 13B07F961A680F5B00A75B9A /* ArkhamCards.app */;
			productType = "com.apple.product-type.application";
		};
/* End PBXNativeTarget section */

/* Begin PBXProject section */
		83CBB9F71A601CBA00E9B192 /* Project object */ = {
			isa = PBXProject;
			attributes = {
				DefaultBuildSystemTypeForWorkspace = Latest;
				LastSwiftUpdateCheck = 1110;
				LastUpgradeCheck = 1110;
				ORGANIZATIONNAME = "Daniel Salinas";
				TargetAttributes = {
					13B07F861A680F5B00A75B9A = {
						DevelopmentTeam = 54773FU58P;
						LastSwiftMigration = 1010;
						ProvisioningStyle = Automatic;
					};
				};
			};
			buildConfigurationList = 83CBB9FA1A601CBA00E9B192 /* Build configuration list for PBXProject "ArkhamCards" */;
			compatibilityVersion = "Xcode 3.2";
			developmentRegion = English;
			hasScannedForEncodings = 0;
			knownRegions = (
				English,
				en,
				Base,
				es,
				de,
				it,
				fr,
			);
			mainGroup = 83CBB9F61A601CBA00E9B192;
			productRefGroup = 83CBBA001A601CBA00E9B192 /* Products */;
			projectDirPath = "";
			projectRoot = "";
			targets = (
				13B07F861A680F5B00A75B9A /* ArkhamCards */,
			);
		};
/* End PBXProject section */

/* Begin PBXResourcesBuildPhase section */
		13B07F8E1A680F5B00A75B9A /* Resources */ = {
			isa = PBXResourcesBuildPhase;
			buildActionMask = 2147483647;
			files = (
				65862DA125F17A3D00BDD228 /* Teutonic RU.ttf in Resources */,
				65BC36EE20BA1F1100CBA56B /* forgotten.ttf in Resources */,
				658AF45424FAAD4E00874CA7 /* Conkordia.ttf in Resources */,
				651B383B251ACF8900D9D054 /* AboutDead.ttf in Resources */,
				13B07FBF1A68108700A75B9A /* Images.xcassets in Resources */,
				651E8ACD2912FE6600A48E56 /* DMSerifDisplay-Regular.ttf in Resources */,
				652EB73C226BAF8400F6D790 /* en.po.json in Resources */,
				652EB742226BAFA800F6D790 /* it.po.json in Resources */,
				65851174250F047800DCB842 /* Alegreya-Bold.ttf in Resources */,
				655226B5205D68D70065A1F7 /* standalone.ttf in Resources */,
				656D83DB25AA4AB90010E4CA /* cost.ttf in Resources */,
				652421252054954F00FF6DB9 /* dunwich.ttf in Resources */,
				6506962425D05D5300B134B0 /* tokens.ttf in Resources */,
				659EB1BF25118D77007E69E0 /* Alegreya-BoldItalic.ttf in Resources */,
				65EB59152047B67600CC5820 /* arkhamicons.ttf in Resources */,
				6560EBDD25A012700076B227 /* GoogleService-Info.plist in Resources */,
				659EB1C525146636007E69E0 /* innsmouth.ttf in Resources */,
				655226F4205EEAF10065A1F7 /* app.ttf in Resources */,
				65A43C66233EE33F00A79EA3 /* dreameaters.ttf in Resources */,
				65F8DB9E247EE0B500286F16 /* ko.po.json in Resources */,
				659EB1BD25118C55007E69E0 /* Alegreya-MediumItalic.ttf in Resources */,
				65CF51E0220386F400A1D2FA /* circle.ttf in Resources */,
				655E70E728A0144500DBB0DF /* TT2020StyleE-Regular.ttf in Resources */,
				65C3FAC7242037850014ED97 /* AnkeCalligraphicFG.ttf in Resources */,
				657276D32659850A00157DE3 /* Caveat.ttf in Resources */,
				657276692644DE1B00157DE3 /* dark_matter.ttf in Resources */,
				65F8DBA0247EE0B500286F16 /* uk.po.json in Resources */,
				13B07FBD1A68108700A75B9A /* LaunchScreen.xib in Resources */,
				65851170250D6C0500DCB842 /* Alegreya-Italic.ttf in Resources */,
				659EB1C325118E2F007E69E0 /* Alegreya-ExtraBoldItalic.ttf in Resources */,
				652421212054950E00FF6DB9 /* carcosa.ttf in Resources */,
				652421232054951A00FF6DB9 /* coreset.ttf in Resources */,
				652EB740226BAF9C00F6D790 /* fr.po.json in Resources */,
				65D3FA06210FF315000F8B9D /* Teutonic.ttf in Resources */,
				650DBD8426EFA507006170CC /* edge.ttf in Resources */,
				657276D0265984A200157DE3 /* alice.ttf in Resources */,
				651E8ACC2912FE6600A48E56 /* DMSerifDisplay-Italic.ttf in Resources */,
				651E8AC92911A8B600A48E56 /* AlegreyaSC-Medium.ttf in Resources */,
				659EB1C225118E2F007E69E0 /* Alegreya-ExtraBold.ttf in Resources */,
				655E70E928A55C7500DBB0DF /* cyclopean.ttf in Resources */,
				65F8DB9F247EE0B500286F16 /* pl.po.json in Resources */,
				652EB73A226BAF7800F6D790 /* de.po.json in Resources */,
				652EB73E226BAF9300F6D790 /* es.po.json in Resources */,
				6592B6D128876A3F00F61AB6 /* scarlet.ttf in Resources */,
				65851172250D6DB200DCB842 /* Alegreya-Medium.ttf in Resources */,
				65B74401272B19A800602ACD /* cardicons.ttf in Resources */,
				02D002FD495C486485296EE5 /* AppCenter-Config.plist in Resources */,
				6585116F250D6C0500DCB842 /* Alegreya-Regular.ttf in Resources */,
			);
			runOnlyForDeploymentPostprocessing = 0;
		};
/* End PBXResourcesBuildPhase section */

/* Begin PBXShellScriptBuildPhase section */
		00DD1BFF1BD5951E006B06BC /* Bundle React Native code and images */ = {
			isa = PBXShellScriptBuildPhase;
			buildActionMask = 2147483647;
			files = (
			);
			inputPaths = (
				"$(SRCROOT)/.xcode.env.local",
				"$(SRCROOT)/.xcode.env",
			);
			name = "Bundle React Native code and images";
			outputPaths = (
			);
			runOnlyForDeploymentPostprocessing = 0;
			shellPath = /bin/sh;
			shellScript = "set -e\n\nWITH_ENVIRONMENT=\"../node_modules/react-native/scripts/xcode/with-environment.sh\"\nREACT_NATIVE_XCODE=\"../node_modules/react-native/scripts/react-native-xcode.sh\"\n\n/bin/sh -c \"$WITH_ENVIRONMENT $REACT_NATIVE_XCODE\"\n";
		};
		377198CBE2710782ACA2EEAF /* [CP] Embed Pods Frameworks */ = {
			isa = PBXShellScriptBuildPhase;
			buildActionMask = 2147483647;
			files = (
			);
			inputPaths = (
				"${PODS_ROOT}/Target Support Files/Pods-ArkhamCards/Pods-ArkhamCards-frameworks.sh",
				"${PODS_XCFRAMEWORKS_BUILD_DIR}/hermes-engine/hermes.framework/hermes",
			);
			name = "[CP] Embed Pods Frameworks";
			outputPaths = (
				"${TARGET_BUILD_DIR}/${FRAMEWORKS_FOLDER_PATH}/hermes.framework",
			);
			runOnlyForDeploymentPostprocessing = 0;
			shellPath = /bin/sh;
			shellScript = "\"${PODS_ROOT}/Target Support Files/Pods-ArkhamCards/Pods-ArkhamCards-frameworks.sh\"\n";
			showEnvVarsInLog = 0;
		};
		43A8315ED44922BFDD2193A2 /* [CP-User] [RNFB] Core Configuration */ = {
			isa = PBXShellScriptBuildPhase;
			buildActionMask = 2147483647;
			files = (
			);
			inputPaths = (
				"$(BUILT_PRODUCTS_DIR)/$(INFOPLIST_PATH)",
			);
			name = "[CP-User] [RNFB] Core Configuration";
			runOnlyForDeploymentPostprocessing = 0;
			shellPath = /bin/sh;
			shellScript = "#!/usr/bin/env bash\n#\n# Copyright (c) 2016-present Invertase Limited & Contributors\n#\n# Licensed under the Apache License, Version 2.0 (the \"License\");\n# you may not use this library except in compliance with the License.\n# You may obtain a copy of the License at\n#\n#   http://www.apache.org/licenses/LICENSE-2.0\n#\n# Unless required by applicable law or agreed to in writing, software\n# distributed under the License is distributed on an \"AS IS\" BASIS,\n# WITHOUT WARRANTIES OR CONDITIONS OF ANY KIND, either express or implied.\n# See the License for the specific language governing permissions and\n# limitations under the License.\n#\nset -e\n\n_MAX_LOOKUPS=2;\n_SEARCH_RESULT=''\n_RN_ROOT_EXISTS=''\n_CURRENT_LOOKUPS=1\n_JSON_ROOT=\"'react-native'\"\n_JSON_FILE_NAME='firebase.json'\n_JSON_OUTPUT_BASE64='e30=' # { }\n_CURRENT_SEARCH_DIR=${PROJECT_DIR}\n_PLIST_BUDDY=/usr/libexec/PlistBuddy\n_TARGET_PLIST=\"${BUILT_PRODUCTS_DIR}/${INFOPLIST_PATH}\"\n_DSYM_PLIST=\"${DWARF_DSYM_FOLDER_PATH}/${DWARF_DSYM_FILE_NAME}/Contents/Info.plist\"\n\n# plist arrays\n_PLIST_ENTRY_KEYS=()\n_PLIST_ENTRY_TYPES=()\n_PLIST_ENTRY_VALUES=()\n\nfunction setPlistValue {\n  echo \"info:      setting plist entry '$1' of type '$2' in file '$4'\"\n  ${_PLIST_BUDDY} -c \"Add :$1 $2 '$3'\" $4 || echo \"info:      '$1' already exists\"\n}\n\nfunction getFirebaseJsonKeyValue () {\n  if [[ ${_RN_ROOT_EXISTS} ]]; then\n    ruby -Ku -e \"require 'rubygems';require 'json'; output=JSON.parse('$1'); puts output[$_JSON_ROOT]['$2']\"\n  else\n    echo \"\"\n  fi;\n}\n\nfunction jsonBoolToYesNo () {\n  if [[ $1 == \"false\" ]]; then\n    echo \"NO\"\n  elif [[ $1 == \"true\" ]]; then\n    echo \"YES\"\n  else echo \"NO\"\n  fi\n}\n\necho \"info: -> RNFB build script started\"\necho \"info: 1) Locating ${_JSON_FILE_NAME} file:\"\n\nif [[ -z ${_CURRENT_SEARCH_DIR} ]]; then\n  _CURRENT_SEARCH_DIR=$(pwd)\nfi;\n\nwhile true; do\n  _CURRENT_SEARCH_DIR=$(dirname \"$_CURRENT_SEARCH_DIR\")\n  if [[ \"$_CURRENT_SEARCH_DIR\" == \"/\" ]] || [[ ${_CURRENT_LOOKUPS} -gt ${_MAX_LOOKUPS} ]]; then break; fi;\n  echo \"info:      ($_CURRENT_LOOKUPS of $_MAX_LOOKUPS) Searching in '$_CURRENT_SEARCH_DIR' for a ${_JSON_FILE_NAME} file.\"\n  _SEARCH_RESULT=$(find \"$_CURRENT_SEARCH_DIR\" -maxdepth 2 -name ${_JSON_FILE_NAME} -print | /usr/bin/head -n 1)\n  if [[ ${_SEARCH_RESULT} ]]; then\n    echo \"info:      ${_JSON_FILE_NAME} found at $_SEARCH_RESULT\"\n    break;\n  fi;\n  _CURRENT_LOOKUPS=$((_CURRENT_LOOKUPS+1))\ndone\n\nif [[ ${_SEARCH_RESULT} ]]; then\n  _JSON_OUTPUT_RAW=$(cat \"${_SEARCH_RESULT}\")\n  _RN_ROOT_EXISTS=$(ruby -Ku -e \"require 'rubygems';require 'json'; output=JSON.parse('$_JSON_OUTPUT_RAW'); puts output[$_JSON_ROOT]\" || echo '')\n\n  if [[ ${_RN_ROOT_EXISTS} ]]; then\n    if ! python3 --version >/dev/null 2>&1; then echo \"python3 not found, firebase.json file processing error.\" && exit 1; fi\n    _JSON_OUTPUT_BASE64=$(python3 -c 'import json,sys,base64;print(base64.b64encode(bytes(json.dumps(json.loads(open('\"'${_SEARCH_RESULT}'\"', '\"'rb'\"').read())['${_JSON_ROOT}']), '\"'utf-8'\"')).decode())' || echo \"e30=\")\n  fi\n\n  _PLIST_ENTRY_KEYS+=(\"firebase_json_raw\")\n  _PLIST_ENTRY_TYPES+=(\"string\")\n  _PLIST_ENTRY_VALUES+=(\"$_JSON_OUTPUT_BASE64\")\n\n  # config.app_data_collection_default_enabled\n  _APP_DATA_COLLECTION_ENABLED=$(getFirebaseJsonKeyValue \"$_JSON_OUTPUT_RAW\" \"app_data_collection_default_enabled\")\n  if [[ $_APP_DATA_COLLECTION_ENABLED ]]; then\n    _PLIST_ENTRY_KEYS+=(\"FirebaseDataCollectionDefaultEnabled\")\n    _PLIST_ENTRY_TYPES+=(\"bool\")\n    _PLIST_ENTRY_VALUES+=(\"$(jsonBoolToYesNo \"$_APP_DATA_COLLECTION_ENABLED\")\")\n  fi\n\n  # config.analytics_auto_collection_enabled\n  _ANALYTICS_AUTO_COLLECTION=$(getFirebaseJsonKeyValue \"$_JSON_OUTPUT_RAW\" \"analytics_auto_collection_enabled\")\n  if [[ $_ANALYTICS_AUTO_COLLECTION ]]; then\n    _PLIST_ENTRY_KEYS+=(\"FIREBASE_ANALYTICS_COLLECTION_ENABLED\")\n    _PLIST_ENTRY_TYPES+=(\"bool\")\n    _PLIST_ENTRY_VALUES+=(\"$(jsonBoolToYesNo \"$_ANALYTICS_AUTO_COLLECTION\")\")\n  fi\n\n  # config.analytics_collection_deactivated\n  _ANALYTICS_DEACTIVATED=$(getFirebaseJsonKeyValue \"$_JSON_OUTPUT_RAW\" \"analytics_collection_deactivated\")\n  if [[ $_ANALYTICS_DEACTIVATED ]]; then\n    _PLIST_ENTRY_KEYS+=(\"FIREBASE_ANALYTICS_COLLECTION_DEACTIVATED\")\n    _PLIST_ENTRY_TYPES+=(\"bool\")\n    _PLIST_ENTRY_VALUES+=(\"$(jsonBoolToYesNo \"$_ANALYTICS_DEACTIVATED\")\")\n  fi\n\n  # config.analytics_idfv_collection_enabled\n  _ANALYTICS_IDFV_COLLECTION=$(getFirebaseJsonKeyValue \"$_JSON_OUTPUT_RAW\" \"analytics_idfv_collection_enabled\")\n  if [[ $_ANALYTICS_IDFV_COLLECTION ]]; then\n    _PLIST_ENTRY_KEYS+=(\"GOOGLE_ANALYTICS_IDFV_COLLECTION_ENABLED\")\n    _PLIST_ENTRY_TYPES+=(\"bool\")\n    _PLIST_ENTRY_VALUES+=(\"$(jsonBoolToYesNo \"$_ANALYTICS_IDFV_COLLECTION\")\")\n  fi\n\n  # config.analytics_default_allow_ad_personalization_signals\n  _ANALYTICS_PERSONALIZATION=$(getFirebaseJsonKeyValue \"$_JSON_OUTPUT_RAW\" \"analytics_default_allow_ad_personalization_signals\")\n  if [[ $_ANALYTICS_PERSONALIZATION ]]; then\n    _PLIST_ENTRY_KEYS+=(\"GOOGLE_ANALYTICS_DEFAULT_ALLOW_AD_PERSONALIZATION_SIGNALS\")\n    _PLIST_ENTRY_TYPES+=(\"bool\")\n    _PLIST_ENTRY_VALUES+=(\"$(jsonBoolToYesNo \"$_ANALYTICS_PERSONALIZATION\")\")\n  fi\n\n  # config.analytics_registration_with_ad_network_enabled\n  _ANALYTICS_REGISTRATION_WITH_AD_NETWORK=$(getFirebaseJsonKeyValue \"$_JSON_OUTPUT_RAW\" \"google_analytics_registration_with_ad_network_enabled\")\n  if [[ $_ANALYTICS_REGISTRATION_WITH_AD_NETWORK ]]; then\n    _PLIST_ENTRY_KEYS+=(\"GOOGLE_ANALYTICS_REGISTRATION_WITH_AD_NETWORK_ENABLED\")\n    _PLIST_ENTRY_TYPES+=(\"bool\")\n    _PLIST_ENTRY_VALUES+=(\"$(jsonBoolToYesNo \"$_ANALYTICS_REGISTRATION_WITH_AD_NETWORK\")\")\n  fi\n\n  # config.google_analytics_automatic_screen_reporting_enabled\n  _ANALYTICS_AUTO_SCREEN_REPORTING=$(getFirebaseJsonKeyValue \"$_JSON_OUTPUT_RAW\" \"google_analytics_automatic_screen_reporting_enabled\")\n  if [[ $_ANALYTICS_AUTO_SCREEN_REPORTING ]]; then\n    _PLIST_ENTRY_KEYS+=(\"FirebaseAutomaticScreenReportingEnabled\")\n    _PLIST_ENTRY_TYPES+=(\"bool\")\n    _PLIST_ENTRY_VALUES+=(\"$(jsonBoolToYesNo \"$_ANALYTICS_AUTO_SCREEN_REPORTING\")\")\n  fi\n\n  # config.perf_auto_collection_enabled\n  _PERF_AUTO_COLLECTION=$(getFirebaseJsonKeyValue \"$_JSON_OUTPUT_RAW\" \"perf_auto_collection_enabled\")\n  if [[ $_PERF_AUTO_COLLECTION ]]; then\n    _PLIST_ENTRY_KEYS+=(\"firebase_performance_collection_enabled\")\n    _PLIST_ENTRY_TYPES+=(\"bool\")\n    _PLIST_ENTRY_VALUES+=(\"$(jsonBoolToYesNo \"$_PERF_AUTO_COLLECTION\")\")\n  fi\n\n  # config.perf_collection_deactivated\n  _PERF_DEACTIVATED=$(getFirebaseJsonKeyValue \"$_JSON_OUTPUT_RAW\" \"perf_collection_deactivated\")\n  if [[ $_PERF_DEACTIVATED ]]; then\n    _PLIST_ENTRY_KEYS+=(\"firebase_performance_collection_deactivated\")\n    _PLIST_ENTRY_TYPES+=(\"bool\")\n    _PLIST_ENTRY_VALUES+=(\"$(jsonBoolToYesNo \"$_PERF_DEACTIVATED\")\")\n  fi\n\n  # config.messaging_auto_init_enabled\n  _MESSAGING_AUTO_INIT=$(getFirebaseJsonKeyValue \"$_JSON_OUTPUT_RAW\" \"messaging_auto_init_enabled\")\n  if [[ $_MESSAGING_AUTO_INIT ]]; then\n    _PLIST_ENTRY_KEYS+=(\"FirebaseMessagingAutoInitEnabled\")\n    _PLIST_ENTRY_TYPES+=(\"bool\")\n    _PLIST_ENTRY_VALUES+=(\"$(jsonBoolToYesNo \"$_MESSAGING_AUTO_INIT\")\")\n  fi\n\n  # config.in_app_messaging_auto_colllection_enabled\n  _FIAM_AUTO_INIT=$(getFirebaseJsonKeyValue \"$_JSON_OUTPUT_RAW\" \"in_app_messaging_auto_collection_enabled\")\n  if [[ $_FIAM_AUTO_INIT ]]; then\n    _PLIST_ENTRY_KEYS+=(\"FirebaseInAppMessagingAutomaticDataCollectionEnabled\")\n    _PLIST_ENTRY_TYPES+=(\"bool\")\n    _PLIST_ENTRY_VALUES+=(\"$(jsonBoolToYesNo \"$_FIAM_AUTO_INIT\")\")\n  fi\n\n  # config.app_check_token_auto_refresh\n  _APP_CHECK_TOKEN_AUTO_REFRESH=$(getFirebaseJsonKeyValue \"$_JSON_OUTPUT_RAW\" \"app_check_token_auto_refresh\")\n  if [[ $_APP_CHECK_TOKEN_AUTO_REFRESH ]]; then\n    _PLIST_ENTRY_KEYS+=(\"FirebaseAppCheckTokenAutoRefreshEnabled\")\n    _PLIST_ENTRY_TYPES+=(\"bool\")\n    _PLIST_ENTRY_VALUES+=(\"$(jsonBoolToYesNo \"$_APP_CHECK_TOKEN_AUTO_REFRESH\")\")\n  fi\n\n  # config.crashlytics_disable_auto_disabler - undocumented for now - mainly for debugging, document if becomes useful\n  _CRASHLYTICS_AUTO_DISABLE_ENABLED=$(getFirebaseJsonKeyValue \"$_JSON_OUTPUT_RAW\" \"crashlytics_disable_auto_disabler\")\n  if [[ $_CRASHLYTICS_AUTO_DISABLE_ENABLED == \"true\" ]]; then\n    echo \"Disabled Crashlytics auto disabler.\" # do nothing\n  else\n    _PLIST_ENTRY_KEYS+=(\"FirebaseCrashlyticsCollectionEnabled\")\n    _PLIST_ENTRY_TYPES+=(\"bool\")\n    _PLIST_ENTRY_VALUES+=(\"NO\")\n  fi\nelse\n  _PLIST_ENTRY_KEYS+=(\"firebase_json_raw\")\n  _PLIST_ENTRY_TYPES+=(\"string\")\n  _PLIST_ENTRY_VALUES+=(\"$_JSON_OUTPUT_BASE64\")\n  echo \"warning:   A firebase.json file was not found, whilst this file is optional it is recommended to include it to configure firebase services in React Native Firebase.\"\nfi;\n\necho \"info: 2) Injecting Info.plist entries: \"\n\n# Log out the keys we're adding\nfor i in \"${!_PLIST_ENTRY_KEYS[@]}\"; do\n  echo \"    ->  $i) ${_PLIST_ENTRY_KEYS[$i]}\" \"${_PLIST_ENTRY_TYPES[$i]}\" \"${_PLIST_ENTRY_VALUES[$i]}\"\ndone\n\nfor plist in \"${_TARGET_PLIST}\" \"${_DSYM_PLIST}\" ; do\n  if [[ -f \"${plist}\" ]]; then\n\n    # paths with spaces break the call to setPlistValue. temporarily modify\n    # the shell internal field separator variable (IFS), which normally\n    # includes spaces, to consist only of line breaks\n    oldifs=$IFS\n    IFS=\"\n\"\n\n    for i in \"${!_PLIST_ENTRY_KEYS[@]}\"; do\n      setPlistValue \"${_PLIST_ENTRY_KEYS[$i]}\" \"${_PLIST_ENTRY_TYPES[$i]}\" \"${_PLIST_ENTRY_VALUES[$i]}\" \"${plist}\"\n    done\n\n    # restore the original internal field separator value\n    IFS=$oldifs\n  else\n    echo \"warning:   A Info.plist build output file was not found (${plist})\"\n  fi\ndone\n\necho \"info: <- RNFB build script finished\"\n";
		};
		D2CF3EC98B2CE98156C3E70B /* [CP] Check Pods Manifest.lock */ = {
			isa = PBXShellScriptBuildPhase;
			buildActionMask = 2147483647;
			files = (
			);
			inputPaths = (
				"${PODS_PODFILE_DIR_PATH}/Podfile.lock",
				"${PODS_ROOT}/Manifest.lock",
			);
			name = "[CP] Check Pods Manifest.lock";
			outputPaths = (
				"$(DERIVED_FILE_DIR)/Pods-ArkhamCards-checkManifestLockResult.txt",
			);
			runOnlyForDeploymentPostprocessing = 0;
			shellPath = /bin/sh;
			shellScript = "diff \"${PODS_PODFILE_DIR_PATH}/Podfile.lock\" \"${PODS_ROOT}/Manifest.lock\" > /dev/null\nif [ $? != 0 ] ; then\n    # print error to STDERR\n    echo \"error: The sandbox is not in sync with the Podfile.lock. Run 'pod install' or update your CocoaPods installation.\" >&2\n    exit 1\nfi\n# This output is used by Xcode 'outputs' to avoid re-running this script phase.\necho \"SUCCESS\" > \"${SCRIPT_OUTPUT_FILE_0}\"\n";
			showEnvVarsInLog = 0;
		};
		FF82DA58DD9C3829872B012D /* [CP] Copy Pods Resources */ = {
			isa = PBXShellScriptBuildPhase;
			buildActionMask = 2147483647;
			files = (
			);
			inputPaths = (
				"${PODS_ROOT}/Target Support Files/Pods-ArkhamCards/Pods-ArkhamCards-resources.sh",
				"${PODS_CONFIGURATION_BUILD_DIR}/GoogleSignIn/GoogleSignIn.bundle",
				"${PODS_ROOT}/../../node_modules/react-native-vector-icons/Fonts/AntDesign.ttf",
				"${PODS_ROOT}/../../node_modules/react-native-vector-icons/Fonts/Entypo.ttf",
				"${PODS_ROOT}/../../node_modules/react-native-vector-icons/Fonts/EvilIcons.ttf",
				"${PODS_ROOT}/../../node_modules/react-native-vector-icons/Fonts/Feather.ttf",
				"${PODS_ROOT}/../../node_modules/react-native-vector-icons/Fonts/FontAwesome.ttf",
				"${PODS_ROOT}/../../node_modules/react-native-vector-icons/Fonts/FontAwesome5_Brands.ttf",
				"${PODS_ROOT}/../../node_modules/react-native-vector-icons/Fonts/FontAwesome5_Regular.ttf",
				"${PODS_ROOT}/../../node_modules/react-native-vector-icons/Fonts/FontAwesome5_Solid.ttf",
				"${PODS_ROOT}/../../node_modules/react-native-vector-icons/Fonts/Fontisto.ttf",
				"${PODS_ROOT}/../../node_modules/react-native-vector-icons/Fonts/Foundation.ttf",
				"${PODS_ROOT}/../../node_modules/react-native-vector-icons/Fonts/Ionicons.ttf",
				"${PODS_ROOT}/../../node_modules/react-native-vector-icons/Fonts/MaterialCommunityIcons.ttf",
				"${PODS_ROOT}/../../node_modules/react-native-vector-icons/Fonts/MaterialIcons.ttf",
				"${PODS_ROOT}/../../node_modules/react-native-vector-icons/Fonts/Octicons.ttf",
				"${PODS_ROOT}/../../node_modules/react-native-vector-icons/Fonts/SimpleLineIcons.ttf",
				"${PODS_ROOT}/../../node_modules/react-native-vector-icons/Fonts/Zocial.ttf",
				"${PODS_CONFIGURATION_BUILD_DIR}/React-Core/AccessibilityResources.bundle",
			);
			name = "[CP] Copy Pods Resources";
			outputPaths = (
				"${TARGET_BUILD_DIR}/${UNLOCALIZED_RESOURCES_FOLDER_PATH}/GoogleSignIn.bundle",
				"${TARGET_BUILD_DIR}/${UNLOCALIZED_RESOURCES_FOLDER_PATH}/AntDesign.ttf",
				"${TARGET_BUILD_DIR}/${UNLOCALIZED_RESOURCES_FOLDER_PATH}/Entypo.ttf",
				"${TARGET_BUILD_DIR}/${UNLOCALIZED_RESOURCES_FOLDER_PATH}/EvilIcons.ttf",
				"${TARGET_BUILD_DIR}/${UNLOCALIZED_RESOURCES_FOLDER_PATH}/Feather.ttf",
				"${TARGET_BUILD_DIR}/${UNLOCALIZED_RESOURCES_FOLDER_PATH}/FontAwesome.ttf",
				"${TARGET_BUILD_DIR}/${UNLOCALIZED_RESOURCES_FOLDER_PATH}/FontAwesome5_Brands.ttf",
				"${TARGET_BUILD_DIR}/${UNLOCALIZED_RESOURCES_FOLDER_PATH}/FontAwesome5_Regular.ttf",
				"${TARGET_BUILD_DIR}/${UNLOCALIZED_RESOURCES_FOLDER_PATH}/FontAwesome5_Solid.ttf",
				"${TARGET_BUILD_DIR}/${UNLOCALIZED_RESOURCES_FOLDER_PATH}/Fontisto.ttf",
				"${TARGET_BUILD_DIR}/${UNLOCALIZED_RESOURCES_FOLDER_PATH}/Foundation.ttf",
				"${TARGET_BUILD_DIR}/${UNLOCALIZED_RESOURCES_FOLDER_PATH}/Ionicons.ttf",
				"${TARGET_BUILD_DIR}/${UNLOCALIZED_RESOURCES_FOLDER_PATH}/MaterialCommunityIcons.ttf",
				"${TARGET_BUILD_DIR}/${UNLOCALIZED_RESOURCES_FOLDER_PATH}/MaterialIcons.ttf",
				"${TARGET_BUILD_DIR}/${UNLOCALIZED_RESOURCES_FOLDER_PATH}/Octicons.ttf",
				"${TARGET_BUILD_DIR}/${UNLOCALIZED_RESOURCES_FOLDER_PATH}/SimpleLineIcons.ttf",
				"${TARGET_BUILD_DIR}/${UNLOCALIZED_RESOURCES_FOLDER_PATH}/Zocial.ttf",
				"${TARGET_BUILD_DIR}/${UNLOCALIZED_RESOURCES_FOLDER_PATH}/AccessibilityResources.bundle",
			);
			runOnlyForDeploymentPostprocessing = 0;
			shellPath = /bin/sh;
			shellScript = "\"${PODS_ROOT}/Target Support Files/Pods-ArkhamCards/Pods-ArkhamCards-resources.sh\"\n";
			showEnvVarsInLog = 0;
		};
/* End PBXShellScriptBuildPhase section */

/* Begin PBXSourcesBuildPhase section */
		13B07F871A680F5B00A75B9A /* Sources */ = {
			isa = PBXSourcesBuildPhase;
			buildActionMask = 2147483647;
			files = (
				13B07FC11A68108700A75B9A /* main.m in Sources */,
				656FD53128B2A79A006FBD85 /* AppDelegate.mm in Sources */,
				65F8DBA4247EEBC100286F16 /* Bridge.swift in Sources */,
			);
			runOnlyForDeploymentPostprocessing = 0;
		};
/* End PBXSourcesBuildPhase section */

/* Begin PBXVariantGroup section */
		13B07FB11A68108700A75B9A /* LaunchScreen.xib */ = {
			isa = PBXVariantGroup;
			children = (
				13B07FB21A68108700A75B9A /* Base */,
				65CA4CEA212893160084A1CE /* es */,
				65CA4CEB2128932A0084A1CE /* de */,
				65CA4CEC2128932F0084A1CE /* it */,
				65CA4CED212893370084A1CE /* fr */,
			);
			name = LaunchScreen.xib;
			path = ArkhamCards;
			sourceTree = "<group>";
		};
/* End PBXVariantGroup section */

/* Begin XCBuildConfiguration section */
		13B07F941A680F5B00A75B9A /* Debug */ = {
			isa = XCBuildConfiguration;
			baseConfigurationReference = 77826D98D567F5BAA673BAA1 /* Pods-ArkhamCards.debug.xcconfig */;
			buildSettings = {
				ASSETCATALOG_COMPILER_APPICON_NAME = AppIcon;
				CLANG_ENABLE_MODULES = YES;
				CODE_SIGN_ENTITLEMENTS = ArkhamCards/ArkhamCardsDebug.entitlements;
				CODE_SIGN_IDENTITY = "iPhone Developer";
				CODE_SIGN_STYLE = Automatic;
				CURRENT_PROJECT_VERSION = 2;
				DEAD_CODE_STRIPPING = YES;
				DEVELOPMENT_TEAM = 54773FU58P;
				HEADER_SEARCH_PATHS = (
					"$(inherited)",
					"$(SRCROOT)/../node_modules/react-native-navigation/ios/**",
					"$(SRCROOT)/../node_modules/rn-fetch-blob/ios/**",
					"$(SRCROOT)/../node_modules/react-native-svg/ios/**",
					"$(SRCROOT)/../node_modules/realm/src/**",
					"$(SRCROOT)/../node_modules/appcenter/ios/AppCenterReactNative",
					"$(SRCROOT)/../node_modules/appcenter-analytics/ios/AppCenterReactNativeAnalytics",
					"$(SRCROOT)/../node_modules/appcenter-crashes/ios/AppCenterReactNativeCrashes",
					"$(SRCROOT)/../node_modules/react-native-app-auth/ios",
				);
				INFOPLIST_FILE = ArkhamCards/Info.plist;
				IPHONEOS_DEPLOYMENT_TARGET = 12.4;
				LD_RUNPATH_SEARCH_PATHS = "$(inherited) @executable_path/Frameworks";
				LIBRARY_SEARCH_PATHS = (
					"$(SDKROOT)/usr/lib/swift",
					"$(inherited)",
				);
				MARKETING_VERSION = 3.6.8;
				OTHER_LDFLAGS = (
					"$(inherited)",
					"-ObjC",
					"-lc++",
				);
				PRODUCT_BUNDLE_IDENTIFIER = com.arkhamcards.ArkhamCards;
				PRODUCT_NAME = ArkhamCards;
				PROVISIONING_PROFILE_SPECIFIER = "";
				SWIFT_OBJC_BRIDGING_HEADER = "ArkhamCards-Bridging-Header.h";
				SWIFT_OPTIMIZATION_LEVEL = "-Onone";
				SWIFT_VERSION = 4.2;
				TARGETED_DEVICE_FAMILY = "1,2";
				VERSIONING_SYSTEM = "apple-generic";
			};
			name = Debug;
		};
		13B07F951A680F5B00A75B9A /* Release */ = {
			isa = XCBuildConfiguration;
			baseConfigurationReference = 3B0BDDE31E78DE8A3A314744 /* Pods-ArkhamCards.release.xcconfig */;
			buildSettings = {
				ASSETCATALOG_COMPILER_APPICON_NAME = AppIcon;
				CLANG_ENABLE_MODULES = YES;
				CODE_SIGN_ENTITLEMENTS = ArkhamCards/ArkhamCards.entitlements;
				CODE_SIGN_IDENTITY = "iPhone Developer";
				CODE_SIGN_STYLE = Automatic;
				CURRENT_PROJECT_VERSION = 2;
				DEVELOPMENT_TEAM = 54773FU58P;
				HEADER_SEARCH_PATHS = (
					"$(inherited)",
					"$(SRCROOT)/../node_modules/react-native-navigation/ios/**",
					"$(SRCROOT)/../node_modules/rn-fetch-blob/ios/**",
					"$(SRCROOT)/../node_modules/react-native-svg/ios/**",
					"$(SRCROOT)/../node_modules/realm/src/**",
					"$(SRCROOT)/../node_modules/appcenter/ios/AppCenterReactNative",
					"$(SRCROOT)/../node_modules/appcenter-analytics/ios/AppCenterReactNativeAnalytics",
					"$(SRCROOT)/../node_modules/appcenter-crashes/ios/AppCenterReactNativeCrashes",
					"$(SRCROOT)/../node_modules/react-native-app-auth/ios",
				);
				INFOPLIST_FILE = ArkhamCards/Info.plist;
				IPHONEOS_DEPLOYMENT_TARGET = 12.4;
				LD_RUNPATH_SEARCH_PATHS = "$(inherited) @executable_path/Frameworks";
				LIBRARY_SEARCH_PATHS = (
					"$(SDKROOT)/usr/lib/swift",
					"$(inherited)",
				);
				MARKETING_VERSION = 3.6.8;
				OTHER_LDFLAGS = (
					"$(inherited)",
					"-ObjC",
					"-lc++",
				);
				PRODUCT_BUNDLE_IDENTIFIER = com.arkhamcards.ArkhamCards;
				PRODUCT_NAME = ArkhamCards;
				PROVISIONING_PROFILE_SPECIFIER = "";
				SWIFT_OBJC_BRIDGING_HEADER = "ArkhamCards-Bridging-Header.h";
				SWIFT_VERSION = 4.2;
				TARGETED_DEVICE_FAMILY = "1,2";
				VERSIONING_SYSTEM = "apple-generic";
			};
			name = Release;
		};
		83CBBA201A601CBA00E9B192 /* Debug */ = {
			isa = XCBuildConfiguration;
			buildSettings = {
				ALWAYS_SEARCH_USER_PATHS = NO;
				CLANG_ANALYZER_LOCALIZABILITY_NONLOCALIZED = YES;
				CLANG_CXX_LANGUAGE_STANDARD = "c++17";
				CLANG_CXX_LIBRARY = "libc++";
				CLANG_ENABLE_MODULES = YES;
				CLANG_ENABLE_OBJC_ARC = YES;
				CLANG_WARN_BLOCK_CAPTURE_AUTORELEASING = YES;
				CLANG_WARN_BOOL_CONVERSION = YES;
				CLANG_WARN_COMMA = YES;
				CLANG_WARN_CONSTANT_CONVERSION = YES;
				CLANG_WARN_DEPRECATED_OBJC_IMPLEMENTATIONS = YES;
				CLANG_WARN_DIRECT_OBJC_ISA_USAGE = YES_ERROR;
				CLANG_WARN_EMPTY_BODY = YES;
				CLANG_WARN_ENUM_CONVERSION = YES;
				CLANG_WARN_INFINITE_RECURSION = YES;
				CLANG_WARN_INT_CONVERSION = YES;
				CLANG_WARN_NON_LITERAL_NULL_CONVERSION = YES;
				CLANG_WARN_OBJC_IMPLICIT_RETAIN_SELF = YES;
				CLANG_WARN_OBJC_LITERAL_CONVERSION = YES;
				CLANG_WARN_OBJC_ROOT_CLASS = YES_ERROR;
				CLANG_WARN_RANGE_LOOP_ANALYSIS = YES;
				CLANG_WARN_STRICT_PROTOTYPES = YES;
				CLANG_WARN_SUSPICIOUS_MOVE = YES;
				CLANG_WARN_UNREACHABLE_CODE = YES;
				CLANG_WARN__DUPLICATE_METHOD_MATCH = YES;
				CODE_SIGN_IDENTITY = "iPhone Developer: daniel.salinas@gmail.com (P6WXUAKY7E)";
				"CODE_SIGN_IDENTITY[sdk=iphoneos*]" = "iPhone Developer";
				COPY_PHASE_STRIP = NO;
				ENABLE_STRICT_OBJC_MSGSEND = YES;
				ENABLE_TESTABILITY = YES;
				"EXCLUDED_ARCHS[sdk=iphonesimulator*]" = i386;
				GCC_C_LANGUAGE_STANDARD = gnu99;
				GCC_DYNAMIC_NO_PIC = NO;
				GCC_NO_COMMON_BLOCKS = YES;
				GCC_OPTIMIZATION_LEVEL = 0;
				GCC_PREPROCESSOR_DEFINITIONS = (
					"DEBUG=1",
					"$(inherited)",
				);
				GCC_SYMBOLS_PRIVATE_EXTERN = NO;
				GCC_WARN_64_TO_32_BIT_CONVERSION = YES;
				GCC_WARN_ABOUT_RETURN_TYPE = YES_ERROR;
				GCC_WARN_UNDECLARED_SELECTOR = YES;
				GCC_WARN_UNINITIALIZED_AUTOS = YES_AGGRESSIVE;
				GCC_WARN_UNUSED_FUNCTION = YES;
				GCC_WARN_UNUSED_VARIABLE = YES;
				IPHONEOS_DEPLOYMENT_TARGET = 12.4;
				LIBRARY_SEARCH_PATHS = (
					"$(SDKROOT)/usr/lib/swift",
					"\"$(TOOLCHAIN_DIR)/usr/lib/swift/$(PLATFORM_NAME)\"",
					"\"$(inherited)\"",
				);
				MTL_ENABLE_DEBUG_INFO = YES;
				ONLY_ACTIVE_ARCH = YES;
				OTHER_CPLUSPLUSFLAGS = (
					"$(OTHER_CFLAGS)",
					"-DFOLLY_NO_CONFIG",
					"-DFOLLY_MOBILE=1",
					"-DFOLLY_USE_LIBCPP=1",
				);
				REACT_NATIVE_PATH = "${PODS_ROOT}/../../node_modules/react-native";
				SDKROOT = iphoneos;
			};
			name = Debug;
		};
		83CBBA211A601CBA00E9B192 /* Release */ = {
			isa = XCBuildConfiguration;
			buildSettings = {
				ALWAYS_SEARCH_USER_PATHS = NO;
				CLANG_ANALYZER_LOCALIZABILITY_NONLOCALIZED = YES;
				CLANG_CXX_LANGUAGE_STANDARD = "c++17";
				CLANG_CXX_LIBRARY = "libc++";
				CLANG_ENABLE_MODULES = YES;
				CLANG_ENABLE_OBJC_ARC = YES;
				CLANG_WARN_BLOCK_CAPTURE_AUTORELEASING = YES;
				CLANG_WARN_BOOL_CONVERSION = YES;
				CLANG_WARN_COMMA = YES;
				CLANG_WARN_CONSTANT_CONVERSION = YES;
				CLANG_WARN_DEPRECATED_OBJC_IMPLEMENTATIONS = YES;
				CLANG_WARN_DIRECT_OBJC_ISA_USAGE = YES_ERROR;
				CLANG_WARN_EMPTY_BODY = YES;
				CLANG_WARN_ENUM_CONVERSION = YES;
				CLANG_WARN_INFINITE_RECURSION = YES;
				CLANG_WARN_INT_CONVERSION = YES;
				CLANG_WARN_NON_LITERAL_NULL_CONVERSION = YES;
				CLANG_WARN_OBJC_IMPLICIT_RETAIN_SELF = YES;
				CLANG_WARN_OBJC_LITERAL_CONVERSION = YES;
				CLANG_WARN_OBJC_ROOT_CLASS = YES_ERROR;
				CLANG_WARN_RANGE_LOOP_ANALYSIS = YES;
				CLANG_WARN_STRICT_PROTOTYPES = YES;
				CLANG_WARN_SUSPICIOUS_MOVE = YES;
				CLANG_WARN_UNREACHABLE_CODE = YES;
				CLANG_WARN__DUPLICATE_METHOD_MATCH = YES;
				CODE_SIGN_IDENTITY = "iPhone Developer: daniel.salinas@gmail.com (P6WXUAKY7E)";
				"CODE_SIGN_IDENTITY[sdk=iphoneos*]" = "iPhone Developer";
				COPY_PHASE_STRIP = YES;
				ENABLE_NS_ASSERTIONS = NO;
				ENABLE_STRICT_OBJC_MSGSEND = YES;
				"EXCLUDED_ARCHS[sdk=iphonesimulator*]" = i386;
				GCC_C_LANGUAGE_STANDARD = gnu99;
				GCC_NO_COMMON_BLOCKS = YES;
				GCC_WARN_64_TO_32_BIT_CONVERSION = YES;
				GCC_WARN_ABOUT_RETURN_TYPE = YES_ERROR;
				GCC_WARN_UNDECLARED_SELECTOR = YES;
				GCC_WARN_UNINITIALIZED_AUTOS = YES_AGGRESSIVE;
				GCC_WARN_UNUSED_FUNCTION = YES;
				GCC_WARN_UNUSED_VARIABLE = YES;
				IPHONEOS_DEPLOYMENT_TARGET = 12.4;
				LIBRARY_SEARCH_PATHS = (
					"$(SDKROOT)/usr/lib/swift",
					"\"$(TOOLCHAIN_DIR)/usr/lib/swift/$(PLATFORM_NAME)\"",
					"\"$(inherited)\"",
				);
				MTL_ENABLE_DEBUG_INFO = NO;
				OTHER_CPLUSPLUSFLAGS = (
					"$(OTHER_CFLAGS)",
					"-DFOLLY_NO_CONFIG",
					"-DFOLLY_MOBILE=1",
					"-DFOLLY_USE_LIBCPP=1",
				);
				REACT_NATIVE_PATH = "${PODS_ROOT}/../../node_modules/react-native";
				SDKROOT = iphoneos;
				SWIFT_COMPILATION_MODE = wholemodule;
				VALIDATE_PRODUCT = YES;
			};
			name = Release;
		};
/* End XCBuildConfiguration section */

/* Begin XCConfigurationList section */
		13B07F931A680F5B00A75B9A /* Build configuration list for PBXNativeTarget "ArkhamCards" */ = {
			isa = XCConfigurationList;
			buildConfigurations = (
				13B07F941A680F5B00A75B9A /* Debug */,
				13B07F951A680F5B00A75B9A /* Release */,
			);
			defaultConfigurationIsVisible = 0;
			defaultConfigurationName = Release;
		};
		83CBB9FA1A601CBA00E9B192 /* Build configuration list for PBXProject "ArkhamCards" */ = {
			isa = XCConfigurationList;
			buildConfigurations = (
				83CBBA201A601CBA00E9B192 /* Debug */,
				83CBBA211A601CBA00E9B192 /* Release */,
			);
			defaultConfigurationIsVisible = 0;
			defaultConfigurationName = Release;
		};
/* End XCConfigurationList section */
	};
	rootObject = 83CBB9F71A601CBA00E9B192 /* Project object */;
}
