PODS:
  - AppAuth (0.94.0)
  - appcenter (2.5.0):
    - AppCenterReactNativeShared
    - React
  - appcenter-analytics (2.5.0):
    - AppCenter/Analytics
    - AppCenterReactNativeShared
    - React
  - appcenter-crashes (2.5.0):
    - AppCenter/Crashes
    - AppCenterReactNativeShared
    - React
  - AppCenter/Analytics (2.5.0):
    - AppCenter/Core
  - AppCenter/Core (2.5.0)
  - AppCenter/Crashes (2.5.0):
    - AppCenter/Core
  - AppCenterReactNativeShared (2.5.0):
    - AppCenter/Core (= 2.5.0)
  - boost-for-react-native (1.63.0)
  - BVLinearGradient (2.5.6):
    - React
  - DoubleConversion (1.1.6)
  - FBLazyVector (0.61.2)
  - FBReactNativeSpec (0.61.2):
    - Folly (= 2018.10.22.00)
    - RCTRequired (= 0.61.2)
    - RCTTypeSafety (= 0.61.2)
    - React-Core (= 0.61.2)
    - React-jsi (= 0.61.2)
    - ReactCommon/turbomodule/core (= 0.61.2)
  - Folly (2018.10.22.00):
    - boost-for-react-native
    - DoubleConversion
    - Folly/Default (= 2018.10.22.00)
    - glog
  - Folly/Default (2018.10.22.00):
    - boost-for-react-native
    - DoubleConversion
    - glog
  - glog (0.3.5)
  - RCTRequired (0.61.2)
  - RCTTypeSafety (0.61.2):
    - FBLazyVector (= 0.61.2)
    - Folly (= 2018.10.22.00)
    - RCTRequired (= 0.61.2)
    - React-Core (= 0.61.2)
  - React (0.61.2):
    - React-Core (= 0.61.2)
    - React-Core/DevSupport (= 0.61.2)
    - React-Core/RCTWebSocket (= 0.61.2)
    - React-RCTActionSheet (= 0.61.2)
    - React-RCTAnimation (= 0.61.2)
    - React-RCTBlob (= 0.61.2)
    - React-RCTImage (= 0.61.2)
    - React-RCTLinking (= 0.61.2)
    - React-RCTNetwork (= 0.61.2)
    - React-RCTSettings (= 0.61.2)
    - React-RCTText (= 0.61.2)
    - React-RCTVibration (= 0.61.2)
  - React-Core (0.61.2):
    - Folly (= 2018.10.22.00)
    - glog
    - React-Core/Default (= 0.61.2)
    - React-cxxreact (= 0.61.2)
    - React-jsi (= 0.61.2)
    - React-jsiexecutor (= 0.61.2)
    - Yoga
  - React-Core/CoreModulesHeaders (0.61.2):
    - Folly (= 2018.10.22.00)
    - glog
    - React-Core/Default
    - React-cxxreact (= 0.61.2)
    - React-jsi (= 0.61.2)
    - React-jsiexecutor (= 0.61.2)
    - Yoga
  - React-Core/Default (0.61.2):
    - Folly (= 2018.10.22.00)
    - glog
    - React-cxxreact (= 0.61.2)
    - React-jsi (= 0.61.2)
    - React-jsiexecutor (= 0.61.2)
    - Yoga
  - React-Core/DevSupport (0.61.2):
    - Folly (= 2018.10.22.00)
    - glog
    - React-Core/Default (= 0.61.2)
    - React-Core/RCTWebSocket (= 0.61.2)
    - React-cxxreact (= 0.61.2)
    - React-jsi (= 0.61.2)
    - React-jsiexecutor (= 0.61.2)
    - React-jsinspector (= 0.61.2)
    - Yoga
  - React-Core/RCTActionSheetHeaders (0.61.2):
    - Folly (= 2018.10.22.00)
    - glog
    - React-Core/Default
    - React-cxxreact (= 0.61.2)
    - React-jsi (= 0.61.2)
    - React-jsiexecutor (= 0.61.2)
    - Yoga
  - React-Core/RCTAnimationHeaders (0.61.2):
    - Folly (= 2018.10.22.00)
    - glog
    - React-Core/Default
    - React-cxxreact (= 0.61.2)
    - React-jsi (= 0.61.2)
    - React-jsiexecutor (= 0.61.2)
    - Yoga
  - React-Core/RCTBlobHeaders (0.61.2):
    - Folly (= 2018.10.22.00)
    - glog
    - React-Core/Default
    - React-cxxreact (= 0.61.2)
    - React-jsi (= 0.61.2)
    - React-jsiexecutor (= 0.61.2)
    - Yoga
  - React-Core/RCTImageHeaders (0.61.2):
    - Folly (= 2018.10.22.00)
    - glog
    - React-Core/Default
    - React-cxxreact (= 0.61.2)
    - React-jsi (= 0.61.2)
    - React-jsiexecutor (= 0.61.2)
    - Yoga
  - React-Core/RCTLinkingHeaders (0.61.2):
    - Folly (= 2018.10.22.00)
    - glog
    - React-Core/Default
    - React-cxxreact (= 0.61.2)
    - React-jsi (= 0.61.2)
    - React-jsiexecutor (= 0.61.2)
    - Yoga
  - React-Core/RCTNetworkHeaders (0.61.2):
    - Folly (= 2018.10.22.00)
    - glog
    - React-Core/Default
    - React-cxxreact (= 0.61.2)
    - React-jsi (= 0.61.2)
    - React-jsiexecutor (= 0.61.2)
    - Yoga
  - React-Core/RCTSettingsHeaders (0.61.2):
    - Folly (= 2018.10.22.00)
    - glog
    - React-Core/Default
    - React-cxxreact (= 0.61.2)
    - React-jsi (= 0.61.2)
    - React-jsiexecutor (= 0.61.2)
    - Yoga
  - React-Core/RCTTextHeaders (0.61.2):
    - Folly (= 2018.10.22.00)
    - glog
    - React-Core/Default
    - React-cxxreact (= 0.61.2)
    - React-jsi (= 0.61.2)
    - React-jsiexecutor (= 0.61.2)
    - Yoga
  - React-Core/RCTVibrationHeaders (0.61.2):
    - Folly (= 2018.10.22.00)
    - glog
    - React-Core/Default
    - React-cxxreact (= 0.61.2)
    - React-jsi (= 0.61.2)
    - React-jsiexecutor (= 0.61.2)
    - Yoga
  - React-Core/RCTWebSocket (0.61.2):
    - Folly (= 2018.10.22.00)
    - glog
    - React-Core/Default (= 0.61.2)
    - React-cxxreact (= 0.61.2)
    - React-jsi (= 0.61.2)
    - React-jsiexecutor (= 0.61.2)
    - Yoga
  - React-CoreModules (0.61.2):
    - FBReactNativeSpec (= 0.61.2)
    - Folly (= 2018.10.22.00)
    - RCTTypeSafety (= 0.61.2)
    - React-Core/CoreModulesHeaders (= 0.61.2)
    - React-RCTImage (= 0.61.2)
    - ReactCommon/turbomodule/core (= 0.61.2)
  - React-cxxreact (0.61.2):
    - boost-for-react-native (= 1.63.0)
    - DoubleConversion
    - Folly (= 2018.10.22.00)
    - glog
    - React-jsinspector (= 0.61.2)
  - React-jsi (0.61.2):
    - boost-for-react-native (= 1.63.0)
    - DoubleConversion
    - Folly (= 2018.10.22.00)
    - glog
    - React-jsi/Default (= 0.61.2)
  - React-jsi/Default (0.61.2):
    - boost-for-react-native (= 1.63.0)
    - DoubleConversion
    - Folly (= 2018.10.22.00)
    - glog
  - React-jsiexecutor (0.61.2):
    - DoubleConversion
    - Folly (= 2018.10.22.00)
    - glog
    - React-cxxreact (= 0.61.2)
    - React-jsi (= 0.61.2)
  - React-jsinspector (0.61.2)
  - react-native-blur (0.8.0):
    - React
  - react-native-config (0.11.7):
    - React
  - react-native-in-app-browser (3.1.2):
    - React
  - react-native-netinfo (4.4.0):
    - React
  - react-native-webview (7.4.3):
    - React
  - React-RCTActionSheet (0.61.2):
    - React-Core/RCTActionSheetHeaders (= 0.61.2)
  - React-RCTAnimation (0.61.2):
    - React-Core/RCTAnimationHeaders (= 0.61.2)
  - React-RCTBlob (0.61.2):
    - React-Core/RCTBlobHeaders (= 0.61.2)
    - React-Core/RCTWebSocket (= 0.61.2)
    - React-jsi (= 0.61.2)
    - React-RCTNetwork (= 0.61.2)
  - React-RCTImage (0.61.2):
    - React-Core/RCTImageHeaders (= 0.61.2)
    - React-RCTNetwork (= 0.61.2)
  - React-RCTLinking (0.61.2):
    - React-Core/RCTLinkingHeaders (= 0.61.2)
  - React-RCTNetwork (0.61.2):
    - React-Core/RCTNetworkHeaders (= 0.61.2)
  - React-RCTSettings (0.61.2):
    - React-Core/RCTSettingsHeaders (= 0.61.2)
  - React-RCTText (0.61.2):
    - React-Core/RCTTextHeaders (= 0.61.2)
  - React-RCTVibration (0.61.2):
    - React-Core/RCTVibrationHeaders (= 0.61.2)
  - ReactCommon/jscallinvoker (0.61.2):
    - DoubleConversion
    - Folly (= 2018.10.22.00)
    - glog
    - React-cxxreact (= 0.61.2)
  - ReactCommon/turbomodule/core (0.61.2):
    - DoubleConversion
    - Folly (= 2018.10.22.00)
    - glog
    - React-Core (= 0.61.2)
    - React-cxxreact (= 0.61.2)
    - React-jsi (= 0.61.2)
    - ReactCommon/jscallinvoker (= 0.61.2)
  - ReactNativeNavigation (3.3.0):
    - React
  - rn-fetch-blob (0.11.2):
    - React-Core
  - RNAppAuth (1.0.0):
    - AppAuth (= 0.94.0)
    - React
  - RNCAsyncStorage (1.6.2):
    - React
  - RNDeviceInfo (5.2.1):
    - React
  - RNKeychain (4.0.1):
    - React
  - RNSVG (9.13.3):
    - React
  - RNVectorIcons (6.6.0):
    - React
  - Yoga (1.14.0)

DEPENDENCIES:
  - appcenter (from `../node_modules/appcenter/ios`)
  - appcenter-analytics (from `../node_modules/appcenter-analytics/ios`)
  - appcenter-crashes (from `../node_modules/appcenter-crashes/ios`)
  - BVLinearGradient (from `../node_modules/react-native-linear-gradient`)
  - DoubleConversion (from `../node_modules/react-native/third-party-podspecs/DoubleConversion.podspec`)
  - FBLazyVector (from `../node_modules/react-native/Libraries/FBLazyVector`)
  - FBReactNativeSpec (from `../node_modules/react-native/Libraries/FBReactNativeSpec`)
  - Folly (from `../node_modules/react-native/third-party-podspecs/Folly.podspec`)
  - glog (from `../node_modules/react-native/third-party-podspecs/glog.podspec`)
  - RCTRequired (from `../node_modules/react-native/Libraries/RCTRequired`)
  - RCTTypeSafety (from `../node_modules/react-native/Libraries/TypeSafety`)
  - React (from `../node_modules/react-native/`)
  - React-Core (from `../node_modules/react-native/`)
  - React-Core/DevSupport (from `../node_modules/react-native/`)
  - React-Core/RCTWebSocket (from `../node_modules/react-native/`)
  - React-CoreModules (from `../node_modules/react-native/React/CoreModules`)
  - React-cxxreact (from `../node_modules/react-native/ReactCommon/cxxreact`)
  - React-jsi (from `../node_modules/react-native/ReactCommon/jsi`)
  - React-jsiexecutor (from `../node_modules/react-native/ReactCommon/jsiexecutor`)
  - React-jsinspector (from `../node_modules/react-native/ReactCommon/jsinspector`)
  - react-native-blur (from `../node_modules/react-native-blur`)
  - react-native-config (from `../node_modules/react-native-config`)
  - "react-native-in-app-browser (from `../node_modules/@matt-block/react-native-in-app-browser/ios`)"
  - "react-native-netinfo (from `../node_modules/@react-native-community/netinfo`)"
  - react-native-webview (from `../node_modules/react-native-webview`)
  - React-RCTActionSheet (from `../node_modules/react-native/Libraries/ActionSheetIOS`)
  - React-RCTAnimation (from `../node_modules/react-native/Libraries/NativeAnimation`)
  - React-RCTBlob (from `../node_modules/react-native/Libraries/Blob`)
  - React-RCTImage (from `../node_modules/react-native/Libraries/Image`)
  - React-RCTLinking (from `../node_modules/react-native/Libraries/LinkingIOS`)
  - React-RCTNetwork (from `../node_modules/react-native/Libraries/Network`)
  - React-RCTSettings (from `../node_modules/react-native/Libraries/Settings`)
  - React-RCTText (from `../node_modules/react-native/Libraries/Text`)
  - React-RCTVibration (from `../node_modules/react-native/Libraries/Vibration`)
  - ReactCommon/jscallinvoker (from `../node_modules/react-native/ReactCommon`)
  - ReactCommon/turbomodule/core (from `../node_modules/react-native/ReactCommon`)
  - ReactNativeNavigation (from `../node_modules/react-native-navigation`)
  - rn-fetch-blob (from `../node_modules/rn-fetch-blob`)
  - RNAppAuth (from `../node_modules/react-native-app-auth/ios`)
  - "RNCAsyncStorage (from `../node_modules/@react-native-community/async-storage`)"
  - RNDeviceInfo (from `../node_modules/react-native-device-info`)
  - RNKeychain (from `../node_modules/react-native-keychain`)
  - RNSVG (from `../node_modules/react-native-svg`)
  - RNVectorIcons (from `../node_modules/react-native-vector-icons`)
  - Yoga (from `../node_modules/react-native/ReactCommon/yoga`)

SPEC REPOS:
  trunk:
    - AppAuth
    - AppCenter
    - AppCenterReactNativeShared
    - boost-for-react-native

EXTERNAL SOURCES:
  appcenter:
    :path: "../node_modules/appcenter/ios"
  appcenter-analytics:
    :path: "../node_modules/appcenter-analytics/ios"
  appcenter-crashes:
    :path: "../node_modules/appcenter-crashes/ios"
  BVLinearGradient:
    :path: "../node_modules/react-native-linear-gradient"
  DoubleConversion:
    :podspec: "../node_modules/react-native/third-party-podspecs/DoubleConversion.podspec"
  FBLazyVector:
    :path: "../node_modules/react-native/Libraries/FBLazyVector"
  FBReactNativeSpec:
    :path: "../node_modules/react-native/Libraries/FBReactNativeSpec"
  Folly:
    :podspec: "../node_modules/react-native/third-party-podspecs/Folly.podspec"
  glog:
    :podspec: "../node_modules/react-native/third-party-podspecs/glog.podspec"
  RCTRequired:
    :path: "../node_modules/react-native/Libraries/RCTRequired"
  RCTTypeSafety:
    :path: "../node_modules/react-native/Libraries/TypeSafety"
  React:
    :path: "../node_modules/react-native/"
  React-Core:
    :path: "../node_modules/react-native/"
  React-CoreModules:
    :path: "../node_modules/react-native/React/CoreModules"
  React-cxxreact:
    :path: "../node_modules/react-native/ReactCommon/cxxreact"
  React-jsi:
    :path: "../node_modules/react-native/ReactCommon/jsi"
  React-jsiexecutor:
    :path: "../node_modules/react-native/ReactCommon/jsiexecutor"
  React-jsinspector:
    :path: "../node_modules/react-native/ReactCommon/jsinspector"
  react-native-blur:
    :path: "../node_modules/react-native-blur"
  react-native-config:
    :path: "../node_modules/react-native-config"
  react-native-in-app-browser:
    :path: "../node_modules/@matt-block/react-native-in-app-browser/ios"
  react-native-netinfo:
    :path: "../node_modules/@react-native-community/netinfo"
  react-native-webview:
    :path: "../node_modules/react-native-webview"
  React-RCTActionSheet:
    :path: "../node_modules/react-native/Libraries/ActionSheetIOS"
  React-RCTAnimation:
    :path: "../node_modules/react-native/Libraries/NativeAnimation"
  React-RCTBlob:
    :path: "../node_modules/react-native/Libraries/Blob"
  React-RCTImage:
    :path: "../node_modules/react-native/Libraries/Image"
  React-RCTLinking:
    :path: "../node_modules/react-native/Libraries/LinkingIOS"
  React-RCTNetwork:
    :path: "../node_modules/react-native/Libraries/Network"
  React-RCTSettings:
    :path: "../node_modules/react-native/Libraries/Settings"
  React-RCTText:
    :path: "../node_modules/react-native/Libraries/Text"
  React-RCTVibration:
    :path: "../node_modules/react-native/Libraries/Vibration"
  ReactCommon:
    :path: "../node_modules/react-native/ReactCommon"
  ReactNativeNavigation:
    :path: "../node_modules/react-native-navigation"
  rn-fetch-blob:
    :path: "../node_modules/rn-fetch-blob"
  RNAppAuth:
    :path: "../node_modules/react-native-app-auth/ios"
  RNCAsyncStorage:
    :path: "../node_modules/@react-native-community/async-storage"
  RNDeviceInfo:
    :path: "../node_modules/react-native-device-info"
  RNKeychain:
    :path: "../node_modules/react-native-keychain"
  RNSVG:
    :path: "../node_modules/react-native-svg"
  RNVectorIcons:
    :path: "../node_modules/react-native-vector-icons"
  Yoga:
    :path: "../node_modules/react-native/ReactCommon/yoga"

SPEC CHECKSUMS:
  AppAuth: 0f099c2286a1a9754e5bd27211c43d307dc4f778
  AppCenter: 637f180deefc61e8ab3f94223869ee50f61dabea
  appcenter: bde9923b687332a25607fc1aa9577c9361cfed85
  appcenter-analytics: 0ee7a35def715d4bce58ec435f54161770195166
  appcenter-crashes: 9f9c5647dba19026ff09509576fb7233f69697ff
  AppCenterReactNativeShared: 99e7f662ec66b1cb41306ecf357aabac35931c08
  boost-for-react-native: 39c7adb57c4e60d6c5479dd8623128eb5b3f0f2c
  BVLinearGradient: e3aad03778a456d77928f594a649e96995f1c872
  DoubleConversion: 5805e889d232975c086db112ece9ed034df7a0b2
  FBLazyVector: 68b6a76960fbd8ecd9fb7ce0aadd3329c3340a99
  FBReactNativeSpec: 5a764c60abdc3336a213e5310c40b74741f32839
  Folly: 30e7936e1c45c08d884aa59369ed951a8e68cf51
  glog: 1f3da668190260b06b429bb211bfbee5cd790c28
  RCTRequired: c639d59ed389cfb1f1203f65c2ea946d8ec586e2
  RCTTypeSafety: dc23fb655d6c77667c78e327bf661bc11e3b8aec
  React: 7e586e5d7bec12b91c1a096826b0fc9ab1da7865
  React-Core: 8ddb9770b4a30a6ab4a754e6ed5ec76454e3d699
  React-CoreModules: b3d9eece8ad7df36c917a41f05c1168c52fe0b34
  React-cxxreact: 1f972757c0bd08d962ef78068e06613c27489a3f
  React-jsi: 32285a21b1b24c36060493ed3057a34677d58d09
  React-jsiexecutor: 8909917ff7d8f21a57e443a866fd8d4560e50c65
  React-jsinspector: 111d7d342b07a904c400592e02a2b958f1098b60
  react-native-blur: cad4d93b364f91e7b7931b3fa935455487e5c33c
  react-native-config: 8f6b2b9e017f6a5e92a97353c768e19e67294bb1
  react-native-in-app-browser: 7c73fc7e8389c9d5a7db2c23a8ffca93f79a883a
  react-native-netinfo: 6bb847e64f45a2d69c6173741111cfd95c669301
  react-native-webview: 82d6456dfae1b3ef70c3939135536342afc96373
  React-RCTActionSheet: 89b037c0fb7d2671607cb645760164e7e0c013f6
  React-RCTAnimation: e3cefa93c38c004c318f7ec04b883eb14b8b8235
  React-RCTBlob: d26ac0e313fbf14e7203473fd593ccaaeee8329e
  React-RCTImage: 4bdd9588783fa9e48ef669ccd4f747224e208edf
  React-RCTLinking: 65f0088ff463babd3d5d567964a65b74141eff3b
  React-RCTNetwork: 0c1a73576c1cfeafe68396556de1b17d93c0c595
  React-RCTSettings: 4194f1f0edbddf3fd44d1714dc6578bb20379b60
  React-RCTText: e3ef6191cdb627855ff7fe8fa0c1e14094967fb8
  React-RCTVibration: fb54c732fd20405a76598e431aa2f8c2bf527de9
  ReactCommon: 5848032ed2f274fcb40f6b9ec24067787c42d479
  ReactNativeNavigation: 05727adb34871fdc9293858dd26b4caa8995aa35
  rn-fetch-blob: f525a73a78df9ed5d35e67ea65e79d53c15255bc
  RNAppAuth: eac16a338ed1117d8b7729b36de3b1a58b5e96f2
  RNCAsyncStorage: 60a80e72d95bf02a01cace55d3697d9724f0d77f
  RNDeviceInfo: 086e9644cc00dbe9bcf26de2fbcb1d9f475c84d0
  RNKeychain: 45dbd50d1ac4bd42c3740f76ffb135abf05746d0
  RNSVG: f6177f8d7c095fada7cfee2e4bb7388ba426064c
  RNVectorIcons: 0bb4def82230be1333ddaeee9fcba45f0b288ed4
  Yoga: 14927e37bd25376d216b150ab2a561773d57911f

PODFILE CHECKSUM: e0459aa00446185587cb487ddfd3c83a0f698641

COCOAPODS: 1.8.4
